
Microsoft Visual Studio Solution File, Format Version 12.00
# Visual Studio Version 17
VisualStudioVersion = 17.2.32516.85
MinimumVisualStudioVersion = 10.0.40219.1
Project("{9A19103F-16F7-4668-BE54-9A1E7A4F7556}") = "Calc", "Calc\Calc.csproj", "{64DA8D00-A399-4BB5-91EA-A91BFB736EA8}"
EndProject
Project("{9A19103F-16F7-4668-BE54-9A1E7A4F7556}") = "Calc_2", "Calc_2\Calc_2.csproj", "{13C0CAF8-3FDD-4A28-930C-3546CD3ECB56}"
EndProject
Project("{2150E333-8FDC-42A3-9474-1A3956D46DE8}") = "솔루션 항목", "솔루션 항목", "{BB5E33B1-0CD3-4402-873B-B700E21DF57B}"
EndProject
Project("{9A19103F-16F7-4668-BE54-9A1E7A4F7556}") = "NumBaseballGame", "..\NumBaseballGame\NumBaseballGame\NumBaseballGame.csproj", "{01E027C1-C128-457A-B53C-14E1F9E2B340}"
EndProject
Global
	GlobalSection(SolutionConfigurationPlatforms) = preSolution
		Debug|Any CPU = Debug|Any CPU
		Release|Any CPU = Release|Any CPU
	EndGlobalSection
	GlobalSection(ProjectConfigurationPlatforms) = postSolution
		{64DA8D00-A399-4BB5-91EA-A91BFB736EA8}.Debug|Any CPU.ActiveCfg = Debug|Any CPU
		{64DA8D00-A399-4BB5-91EA-A91BFB736EA8}.Debug|Any CPU.Build.0 = Debug|Any CPU
		{64DA8D00-A399-4BB5-91EA-A91BFB736EA8}.Release|Any CPU.ActiveCfg = Release|Any CPU
		{64DA8D00-A399-4BB5-91EA-A91BFB736EA8}.Release|Any CPU.Build.0 = Release|Any CPU
		{13C0CAF8-3FDD-4A28-930C-3546CD3ECB56}.Debug|Any CPU.ActiveCfg = Debug|Any CPU
		{13C0CAF8-3FDD-4A28-930C-3546CD3ECB56}.Debug|Any CPU.Build.0 = Debug|Any CPU
		{13C0CAF8-3FDD-4A28-930C-3546CD3ECB56}.Release|Any CPU.ActiveCfg = Release|Any CPU
		{13C0CAF8-3FDD-4A28-930C-3546CD3ECB56}.Release|Any CPU.Build.0 = Release|Any CPU
		{01E027C1-C128-457A-B53C-14E1F9E2B340}.Debug|Any CPU.ActiveCfg = Debug|Any CPU
		{01E027C1-C128-457A-B53C-14E1F9E2B340}.Debug|Any CPU.Build.0 = Debug|Any CPU
		{01E027C1-C128-457A-B53C-14E1F9E2B340}.Release|Any CPU.ActiveCfg = Release|Any CPU
		{01E027C1-C128-457A-B53C-14E1F9E2B340}.Release|Any CPU.Build.0 = Release|Any CPU
	EndGlobalSection
	GlobalSection(SolutionProperties) = preSolution
		HideSolutionNode = FALSE
	EndGlobalSection
	GlobalSection(ExtensibilityGlobals) = postSolution
		SolutionGuid = {5AAA1E14-2D19-448A-816C-FF72E5709AB6}
	EndGlobalSection
EndGlobal
