
Microsoft Visual Studio Solution File, Format Version 12.00
# Visual Studio Version 17
VisualStudioVersion = 17.2.32516.85
MinimumVisualStudioVersion = 10.0.40219.1
Project("{9A19103F-16F7-4668-BE54-9A1E7A4F7556}") = "Calc", "Calc\Calc.csproj", "{64DA8D00-A399-4BB5-91EA-A91BFB736EA8}"
EndProject
Project("{9A19103F-16F7-4668-BE54-9A1E7A4F7556}") = "Calc_2", "Calc_2\Calc_2.csproj", "{13C0CAF8-3FDD-4A28-930C-3546CD3ECB56}"
EndProject
Project("{2150E333-8FDC-42A3-9474-1A3956D46DE8}") = "솔루션 항목", "솔루션 항목", "{BB5E33B1-0CD3-4402-873B-B700E21DF57B}"
EndProject
Project("{9A19103F-16F7-4668-BE54-9A1E7A4F7556}") = "NumBaseballGame", "NumBaseGame\NumBaseballGame.csproj", "{2889754A-A9EF-4DD6-BAD2-949C3AE4C726}"
EndProject
Project("{2150E333-8FDC-42A3-9474-1A3956D46DE8}") = "Test", "Test", "{7E1536EA-0743-4300-8D48-6FBFFFE59B45}"
EndProject
Project("{2150E333-8FDC-42A3-9474-1A3956D46DE8}") = "Example", "Example", "{E59F328A-4D71-45B4-B5FA-35C79E117C8B}"
EndProject
Project("{2150E333-8FDC-42A3-9474-1A3956D46DE8}") = "07_Class", "07_Class", "{76990E79-D87A-40A1-BFE9-2D9CB4C30D75}"
EndProject
Project("{9A19103F-16F7-4668-BE54-9A1E7A4F7556}") = "07.10.Overriding", "07.10.Overriding\07.10.Overriding.csproj", "{86B15DD7-0CC1-414D-AF9D-BF029E1A424D}"
EndProject
Project("{9A19103F-16F7-4668-BE54-9A1E7A4F7556}") = "07.11.MethodHiding", "07.11.MethodHiding\07.11.MethodHiding.csproj", "{F9C9B4CA-233D-41F5-8362-F89E84F84283}"
EndProject
Project("{9A19103F-16F7-4668-BE54-9A1E7A4F7556}") = "07.12.SealedMethod", "07.12.SealedMethod\07.12.SealedMethod.csproj", "{9CF03205-DEB6-46BE-A598-666051AB2590}"
EndProject
Project("{9A19103F-16F7-4668-BE54-9A1E7A4F7556}") = "07.13.ReadonlyFields", "07.13.ReadonlyFields\07.13.ReadonlyFields.csproj", "{E72E1089-98EC-48A5-B7A9-CC7987C87F6E}"
EndProject
Project("{9A19103F-16F7-4668-BE54-9A1E7A4F7556}") = "07.14.NestedClass", "07.14.NestedClass\07.14.NestedClass.csproj", "{44F2A1CC-AF6C-4755-8967-993B92416419}"
EndProject
Project("{9A19103F-16F7-4668-BE54-9A1E7A4F7556}") = "07.15.PartialClass", "07.15.PartialClass\07.15.PartialClass.csproj", "{1CF5301D-1A87-492A-A033-F675B4A2B951}"
EndProject
Project("{9A19103F-16F7-4668-BE54-9A1E7A4F7556}") = "07.16.ExtensionMethod", "07.16.ExtensionMethod\07.16.ExtensionMethod.csproj", "{9AE08EEE-6CD8-4941-9002-A0D8A033546F}"
EndProject
Project("{9A19103F-16F7-4668-BE54-9A1E7A4F7556}") = "07.18.ReadonlyStruct", "07.18.ReadonlyStruct\07.18.ReadonlyStruct.csproj", "{1988D8C0-EF93-46DC-B035-11FE875C8E88}"
EndProject
Project("{9A19103F-16F7-4668-BE54-9A1E7A4F7556}") = "07.19.ReadonlyMethod", "07.19.ReadonlyMethod\07.19.ReadonlyMethod.csproj", "{E7443B1A-349F-4B33-A338-6B5C4F38A1F4}"
EndProject
Project("{9A19103F-16F7-4668-BE54-9A1E7A4F7556}") = "07.20.Tuple", "07.20.Tuple\07.20.Tuple.csproj", "{EA4E5F1D-E4C5-4651-A700-97F315D40801}"
EndProject
Project("{9A19103F-16F7-4668-BE54-9A1E7A4F7556}") = "07.21.PoitionalPattern", "07.21.PoitionalPattern\07.21.PoitionalPattern.csproj", "{2A3CA5A9-56A6-4DF0-8C79-22EF166978CD}"
EndProject
Project("{2150E333-8FDC-42A3-9474-1A3956D46DE8}") = "08_Interface", "08_Interface", "{EAE863C9-63B7-4179-B45A-324E7698916B}"
EndProject
Project("{9A19103F-16F7-4668-BE54-9A1E7A4F7556}") = "08.01.Interface", "08.01.Interface\08.01.Interface.csproj", "{ECB03157-9CBD-4CCB-A138-AF1360BB6874}"
EndProject
Project("{9A19103F-16F7-4668-BE54-9A1E7A4F7556}") = "08.02.DerivedInterface", "08.02.DerivedInterface\08.02.DerivedInterface.csproj", "{63420497-DB0B-40BE-8AFC-0156C0D892F6}"
EndProject
Project("{9A19103F-16F7-4668-BE54-9A1E7A4F7556}") = "08.03.MultiInterfaceInheritance", "08.03.MultiInterfaceInheritance\08.03.MultiInterfaceInheritance.csproj", "{0AC33A06-E6DC-46A4-BE87-80C152A83608}"
EndProject
Project("{9A19103F-16F7-4668-BE54-9A1E7A4F7556}") = "08.04.DefaultImplementation", "08.04.DefaultImplementation\08.04.DefaultImplementation.csproj", "{26576F23-2A30-422F-9426-3BDF46511374}"
EndProject
Project("{9A19103F-16F7-4668-BE54-9A1E7A4F7556}") = "08.05.AbstractClass", "08.05.AbstractClass\08.05.AbstractClass.csproj", "{72298EA9-C2BA-433B-B043-F8C7DAD73498}"
EndProject
Project("{2150E333-8FDC-42A3-9474-1A3956D46DE8}") = "09_Property", "09_Property", "{9136D982-389A-476B-A0C1-0E456DB980CE}"
EndProject
Project("{9A19103F-16F7-4668-BE54-9A1E7A4F7556}") = "09.01.Property", "09.01.Property\09.01.Property.csproj", "{C0B1C148-2B54-4F40-A6DF-12BD24DA2886}"
EndProject
Project("{9A19103F-16F7-4668-BE54-9A1E7A4F7556}") = "09.02.AutoImplementedProperty", "09.02.AutoImplementedProperty\09.02.AutoImplementedProperty.csproj", "{580A549E-F09B-432B-853D-8FD75F1DCF43}"
EndProject
Project("{9A19103F-16F7-4668-BE54-9A1E7A4F7556}") = "09.03.ConstructorWithProperty", "09.03.ConstructorWithProperty\09.03.ConstructorWithProperty.csproj", "{F333FC8D-0867-4F96-9841-FDA63A95427E}"
EndProject
Project("{9A19103F-16F7-4668-BE54-9A1E7A4F7556}") = "09.04.InitOnly", "09.04.InitOnly\09.04.InitOnly.csproj", "{94C66BAC-B283-46D2-9F66-1553BED5A4D0}"
EndProject
Project("{9A19103F-16F7-4668-BE54-9A1E7A4F7556}") = "09.05.Record", "09.05.Record\09.05.Record.csproj", "{60A11E3C-7588-44B2-998C-44CC9B93CB4B}"
EndProject
Project("{9A19103F-16F7-4668-BE54-9A1E7A4F7556}") = "09.06.WithExp", "09.06.WithExp\09.06.WithExp.csproj", "{6C8FAD75-8B6F-459C-8039-D8064BF6375B}"
EndProject
Project("{9A19103F-16F7-4668-BE54-9A1E7A4F7556}") = "09.07.RecordComp", "09.07.RecordComp\09.07.RecordComp.csproj", "{BD5031B8-17A3-46FF-B0AD-91E23D039419}"
EndProject
Project("{9A19103F-16F7-4668-BE54-9A1E7A4F7556}") = "09.08.AnonymousType", "09.08.AnonymousType\09.08.AnonymousType.csproj", "{EBB08AB0-A622-4392-84C4-787DA0BF7AFD}"
EndProject
Project("{9A19103F-16F7-4668-BE54-9A1E7A4F7556}") = "09.09.PropertiesInInterface", "09.09.PropertiesInInterface\09.09.PropertiesInInterface.csproj", "{A9A70545-3714-4303-B743-0C7139F8DA87}"
EndProject
Project("{9A19103F-16F7-4668-BE54-9A1E7A4F7556}") = "09.10.PropertiesInAbstractClass", "09.10.PropertiesInAbstractClass\09.10.PropertiesInAbstractClass.csproj", "{EDA29D83-7B9D-4DAE-8508-E2E269F10A39}"
EndProject
Project("{2150E333-8FDC-42A3-9474-1A3956D46DE8}") = "10_Array_Collection_Indexer", "10_Array_Collection_Indexer", "{7B1D076C-45D4-4099-986E-FFA41AF57838}"
EndProject
Project("{9A19103F-16F7-4668-BE54-9A1E7A4F7556}") = "10.01.ArraySample", "10.01.ArraySample\10.01.ArraySample.csproj", "{B36467CF-24D1-457C-8EED-0A463D128FF2}"
EndProject
Project("{9A19103F-16F7-4668-BE54-9A1E7A4F7556}") = "10.02.ArraySample2", "10.02.ArraySample2\10.02.ArraySample2.csproj", "{8276458F-BFA6-41B2-BDBA-37E01AC83BB6}"
EndProject
Project("{9A19103F-16F7-4668-BE54-9A1E7A4F7556}") = "10.03.InitializingArray", "10.03.InitializingArray\10.03.InitializingArray.csproj", "{90F99B55-6C7D-466F-9B9F-DD1FE2EBA345}"
EndProject
Project("{9A19103F-16F7-4668-BE54-9A1E7A4F7556}") = "10.04.Array_DerivedFromArray", "10.04.Array_DerivedFromArray\10.04.Array_DerivedFromArray.csproj", "{F953BABA-A0B8-4DF4-8FF3-A91159FBF259}"
EndProject
Project("{9A19103F-16F7-4668-BE54-9A1E7A4F7556}") = "10.05.MoreOnArray", "10.05.MoreOnArray\10.05.MoreOnArray.csproj", "{E956EC87-92A3-4AB5-9ABB-FCE9C77FF3B4}"
EndProject
Project("{9A19103F-16F7-4668-BE54-9A1E7A4F7556}") = "10.06.Slice", "10.06.Slice\10.06.Slice.csproj", "{6D6BDC89-349E-40F0-B838-6CB60928B119}"
EndProject
Project("{9A19103F-16F7-4668-BE54-9A1E7A4F7556}") = "10.07.2DArray", "10.07.2DArray\10.07.2DArray.csproj", "{CD3575A1-D0AC-43FB-8101-4A7578D257F7}"
EndProject
Project("{9A19103F-16F7-4668-BE54-9A1E7A4F7556}") = "10.08.3DArray", "10.08.3DArray\10.08.3DArray.csproj", "{953CCA43-BF31-4493-A3CF-65C1FCE6D181}"
EndProject
Project("{9A19103F-16F7-4668-BE54-9A1E7A4F7556}") = "10.09.JaggedArray", "10.09.JaggedArray\10.09.JaggedArray.csproj", "{14F8BF17-068F-4D6E-A5A0-62B24B48EDED}"
EndProject
Project("{9A19103F-16F7-4668-BE54-9A1E7A4F7556}") = "10.10.UsingList", "10.10.UsingList\10.10.UsingList.csproj", "{E9BA1AF2-B747-495E-99C2-94D37E901FA3}"
EndProject
Project("{9A19103F-16F7-4668-BE54-9A1E7A4F7556}") = "10.11.UsingQueue", "10.11.UsingQueue\10.11.UsingQueue.csproj", "{FBFBC5DE-393D-4E09-9323-FABE47D8D3F8}"
EndProject
Project("{9A19103F-16F7-4668-BE54-9A1E7A4F7556}") = "10.12.UsingStack", "10.12.UsingStack\10.12.UsingStack.csproj", "{8830095B-6C7D-4EA7-9BD4-9ACDC1CDBB17}"
EndProject
Project("{9A19103F-16F7-4668-BE54-9A1E7A4F7556}") = "10.13.UsingHashtable", "10.13.UsingHashtable\10.13.UsingHashtable.csproj", "{605CB00D-6B3A-4B42-A486-11B732DE2B8D}"
EndProject
Project("{9A19103F-16F7-4668-BE54-9A1E7A4F7556}") = "10.14.InitializingCollections", "10.14.InitializingCollections\10.14.InitializingCollections.csproj", "{07628465-12B8-421A-80C2-20A267DAD495}"
EndProject
Project("{9A19103F-16F7-4668-BE54-9A1E7A4F7556}") = "10.15.Indexer", "10.15.Indexer\10.15.Indexer.csproj", "{B33B9F93-FB9B-42D4-9654-66AC449389D4}"
EndProject
Project("{9A19103F-16F7-4668-BE54-9A1E7A4F7556}") = "10.16.Yield", "10.16.Yield\10.16.Yield.csproj", "{0C161D4A-80F8-466B-A1BC-8E897652ECB2}"
EndProject
Project("{9A19103F-16F7-4668-BE54-9A1E7A4F7556}") = "10.17.Enumerable", "10.17.Enumerable\10.17.Enumerable.csproj", "{B5DD2C0D-FA18-4A6A-BCD5-72907B6DDA56}"
EndProject
Project("{2150E333-8FDC-42A3-9474-1A3956D46DE8}") = "11_Generalization", "11_Generalization", "{627E1C32-FE7F-4E5B-B106-B1DA0F9746DE}"
EndProject
Project("{9A19103F-16F7-4668-BE54-9A1E7A4F7556}") = "11.01.CopyingArray", "11.01.CopyingArray\11.01.CopyingArray.csproj", "{039CDB9C-095A-4146-9E80-9C61AA418743}"
EndProject
Project("{9A19103F-16F7-4668-BE54-9A1E7A4F7556}") = "11.03.ConstraintOnTypeParameters", "11.03.ConstraintOnTypeParameters\11.03.ConstraintOnTypeParameters.csproj", "{7AECA4A9-C51D-4C62-8501-C60094CCD724}"
EndProject
Project("{9A19103F-16F7-4668-BE54-9A1E7A4F7556}") = "11.04.UsingGenericList", "11.04.UsingGenericList\11.04.UsingGenericList.csproj", "{B86CA8E8-F49F-4E70-A2EA-23073C5ED0BB}"
EndProject
Project("{9A19103F-16F7-4668-BE54-9A1E7A4F7556}") = "11.05.UsingGenericQueue", "11.05.UsingGenericQueue\11.05.UsingGenericQueue.csproj", "{7D78FACA-2AA1-4B51-8C5D-BF646C0B4663}"
EndProject
Project("{9A19103F-16F7-4668-BE54-9A1E7A4F7556}") = "11.06.UsingGenericStack", "11.06.UsingStack\11.06.UsingGenericStack.csproj", "{23772B40-BC60-4ABA-B42A-45D42796F4F0}"
EndProject
Project("{9A19103F-16F7-4668-BE54-9A1E7A4F7556}") = "11.07.UsingDictionary", "11.07.UsingDictionary\11.07.UsingDictionary.csproj", "{91E50B40-0D01-4FBC-B460-B8437D715512}"
EndProject
Project("{9A19103F-16F7-4668-BE54-9A1E7A4F7556}") = "11.08.EnumerableGeneric", "11.08.EnumerableGeneric\11.08.EnumerableGeneric.csproj", "{F5B92A58-5AFE-48B6-8837-1A6268409BF2}"
EndProject
Project("{2150E333-8FDC-42A3-9474-1A3956D46DE8}") = "12_Exception", "12_Exception", "{2B741D0C-601A-4FF9-9F10-2603A5120FBA}"
EndProject
Project("{2150E333-8FDC-42A3-9474-1A3956D46DE8}") = "13_Delegate_Event", "13_Delegate_Event", "{261B05AB-3036-4282-BD8A-62C6125A520C}"
EndProject
Project("{9A19103F-16F7-4668-BE54-9A1E7A4F7556}") = "12.01_KillingProgram", "12.01_KillingProgram\12.01_KillingProgram.csproj", "{EFBC9001-C3D6-4D8E-9F47-7A8CC660E46F}"
EndProject
Project("{9A19103F-16F7-4668-BE54-9A1E7A4F7556}") = "12.02.TryCatch", "12.02.TryCatch\12.02.TryCatch.csproj", "{C8BB03C8-BFF0-41F1-8F44-E3782CECD357}"
EndProject
Project("{9A19103F-16F7-4668-BE54-9A1E7A4F7556}") = "12.03.Throw", "12.03.Throw\12.03.Throw.csproj", "{14D7DE4E-5028-4996-9C3B-3BAFE8DFF297}"
EndProject
Project("{9A19103F-16F7-4668-BE54-9A1E7A4F7556}") = "12.04.ThrowExpression", "12.04.ThrowExpression\12.04.ThrowExpression.csproj", "{8AB626F3-C113-4DCF-92FF-E37803556A84}"
EndProject
Project("{9A19103F-16F7-4668-BE54-9A1E7A4F7556}") = "12.05.Finally", "12.05.Finally\12.05.Finally.csproj", "{AA7E0FFB-9909-4E25-ACE1-54049DAC352E}"
EndProject
Project("{9A19103F-16F7-4668-BE54-9A1E7A4F7556}") = "12.06.MyException", "12.06.MyException\12.06.MyException.csproj", "{A3CF0745-3A9C-4C0C-B3E8-5426A08E81FD}"
EndProject
Project("{9A19103F-16F7-4668-BE54-9A1E7A4F7556}") = "12.07.ExceptionFiltering", "12.07.ExceptionFiltering\12.07.ExceptionFiltering.csproj", "{21148F6F-F168-4272-9683-D66BCE1A75FD}"
EndProject
Project("{9A19103F-16F7-4668-BE54-9A1E7A4F7556}") = "12.08.StackTrace", "12.08.StackTrace\12.08.StackTrace.csproj", "{8BBC3329-9177-4404-9BDE-3A74F3945C9F}"
EndProject
Project("{9A19103F-16F7-4668-BE54-9A1E7A4F7556}") = "13.01.Delegate", "13.01.Delegate\13.01.Delegate.csproj", "{FF80DFEF-2EC7-4E2B-B408-BC40874E5B76}"
EndProject
Project("{9A19103F-16F7-4668-BE54-9A1E7A4F7556}") = "13.02.UsingCallback", "13.02.UsingCallback\13.02.UsingCallback.csproj", "{7D4CA551-0042-4613-91BD-9768ABA820DB}"
EndProject
Project("{9A19103F-16F7-4668-BE54-9A1E7A4F7556}") = "13.03.GenericDelegate", "13.03.GenericDelegate\13.03.GenericDelegate.csproj", "{722046AD-7778-4049-A122-0B1A21604203}"
EndProject
Project("{9A19103F-16F7-4668-BE54-9A1E7A4F7556}") = "13.04.DelegateChains", "13.04.DelegateChains\13.04.DelegateChains.csproj", "{66F4BEBB-F10D-4974-B034-9850CB118ECB}"
EndProject
Project("{9A19103F-16F7-4668-BE54-9A1E7A4F7556}") = "13.05.AnonymousMethod", "13.05.AnonymousMethod\13.05.AnonymousMethod.csproj", "{00783C66-CCB6-4B54-84CF-E4D6D24757DC}"
EndProject
Project("{9A19103F-16F7-4668-BE54-9A1E7A4F7556}") = "13.06.EventTest", "13.06.EventTest\13.06.EventTest.csproj", "{F6CF0D3A-5D2F-4A0C-819C-2E196516A68C}"
EndProject
Project("{2150E333-8FDC-42A3-9474-1A3956D46DE8}") = "14_Lambda", "14_Lambda", "{7612485F-B1C3-4CA7-9743-739EE166D474}"
EndProject
Project("{9A19103F-16F7-4668-BE54-9A1E7A4F7556}") = "14.01.SimpleLambda", "14.01.SimpleLambda\14.01.SimpleLambda.csproj", "{6E102FD6-090B-4F86-8391-3E5007956DD5}"
EndProject
Project("{9A19103F-16F7-4668-BE54-9A1E7A4F7556}") = "14.02.StatementLambda", "14.02.StatementLambda\14.02.StatementLambda.csproj", "{0C35CFA1-0BFA-46E2-A909-1AF2ED255DB1}"
EndProject
Project("{9A19103F-16F7-4668-BE54-9A1E7A4F7556}") = "14.03.FuncTest", "14.03.FuncTest\14.03.FuncTest.csproj", "{3D203BF6-8244-4A38-A249-C76620F17A45}"
EndProject
Project("{9A19103F-16F7-4668-BE54-9A1E7A4F7556}") = "14.04.ActionTest", "14.04.ActionTest\14.04.ActionTest.csproj", "{5124CE8A-D279-470C-8CC5-92498C36C44C}"
EndProject
Project("{9A19103F-16F7-4668-BE54-9A1E7A4F7556}") = "14.06.ExpressionTreeViaLambda", "14.06.ExpressionTreeViaLambda\14.06.ExpressionTreeViaLambda.csproj", "{F9253162-439E-454C-B681-CF8C7C51D317}"
EndProject
Project("{9A19103F-16F7-4668-BE54-9A1E7A4F7556}") = "14.07.ExpressionBodiedMember", "14.07.ExpressionBodiedMember\14.07.ExpressionBodiedMember.csproj", "{6C82323F-D0E6-4217-A1CD-A7E24ECF709C}"
EndProject
Project("{9A19103F-16F7-4668-BE54-9A1E7A4F7556}") = "14.05.UsingExpressionTree", "14.05.UsingExpressionTree\14.05.UsingExpressionTree.csproj", "{F2407C42-6BDA-4EFE-9A2E-05D4AC542000}"
EndProject
Project("{2150E333-8FDC-42A3-9474-1A3956D46DE8}") = "15_LINQ", "15_LINQ", "{84B94070-0DF3-4B3D-B9EE-6D19ED49FF35}"
EndProject
Project("{9A19103F-16F7-4668-BE54-9A1E7A4F7556}") = "07.01.BasicClass", "07.01.BasicClass\07.01.BasicClass.csproj", "{13354381-6A19-40B0-BD28-453218FBF4DD}"
EndProject
Project("{9A19103F-16F7-4668-BE54-9A1E7A4F7556}") = "07.03.StaticField", "07.03.StaticField\07.03.StaticField.csproj", "{2F620112-058E-41BF-A935-95C37F32E2E2}"
EndProject
Project("{9A19103F-16F7-4668-BE54-9A1E7A4F7556}") = "07.04.DeepCopy", "07.04.DeepCopy\07.04.DeepCopy.csproj", "{64FFA5FE-265E-427D-8AC4-4E99EA8CBE71}"
EndProject
Project("{9A19103F-16F7-4668-BE54-9A1E7A4F7556}") = "07.02.Constructor", "07.02.Constructor\07.02.Constructor.csproj", "{9A0F3023-05E0-4CF1-9CF3-1068277AD913}"
EndProject
Project("{9A19103F-16F7-4668-BE54-9A1E7A4F7556}") = "07.05.This", "07.05.This\07.05.This.csproj", "{D7276D5C-141C-4FE7-A216-8984EE4B1D6A}"
EndProject
Project("{9A19103F-16F7-4668-BE54-9A1E7A4F7556}") = "07.06.ThisConstructor", "07.06.ThisConstructor\07.06.ThisConstructor.csproj", "{868BDE15-4631-4A28-95FB-433E72ABD0A7}"
EndProject
Project("{9A19103F-16F7-4668-BE54-9A1E7A4F7556}") = "07.07.AccessModifier", "07.07.AccessModifier\07.07.AccessModifier.csproj", "{FB84BFFF-4AB6-430B-8764-2DAD3F870596}"
EndProject
Project("{9A19103F-16F7-4668-BE54-9A1E7A4F7556}") = "07.08.Inheritance", "07.08.Inheritance\07.08.Inheritance.csproj", "{3F988A3C-65AB-44D6-BA9A-0EAAA5ED5D09}"
EndProject
Project("{9A19103F-16F7-4668-BE54-9A1E7A4F7556}") = "07.09.TypeCasting", "07.09.TypeCasting\07.09.TypeCasting.csproj", "{C7F3FBB3-18A3-4500-A242-F4B3820CE6C8}"
EndProject
Project("{9A19103F-16F7-4668-BE54-9A1E7A4F7556}") = "07.17.Structure", "07.17.Structure\07.17.Structure.csproj", "{6134B1AB-EBCD-4FB4-8731-49724A8C9B0B}"
EndProject
Project("{9A19103F-16F7-4668-BE54-9A1E7A4F7556}") = "15.01.From", "15.01.From\15.01.From.csproj", "{9DA5BC92-1FDD-45A1-8576-53EF36B144BF}"
EndProject
Project("{9A19103F-16F7-4668-BE54-9A1E7A4F7556}") = "15.02.SimpleLinq", "15.02.SimpleLinq\15.02.SimpleLinq.csproj", "{E020B631-8F62-4E60-A063-A1FF38CD4E44}"
EndProject
Project("{9A19103F-16F7-4668-BE54-9A1E7A4F7556}") = "15.03.FromFrom", "15.03.FromFrom\15.03.FromFrom.csproj", "{5AF69684-A3D5-4148-82A5-A7B8FC016129}"
EndProject
Project("{9A19103F-16F7-4668-BE54-9A1E7A4F7556}") = "15.04.GroupBy", "15.04.GroupBy\15.04.GroupBy.csproj", "{B33F3978-B2F1-45A7-965B-04B1A552AEBD}"
EndProject
Project("{9A19103F-16F7-4668-BE54-9A1E7A4F7556}") = "15.05.Join", "15.05.Join\15.05.Join.csproj", "{1309EB9D-EA78-4D48-8461-F46F3A1FDBA9}"
EndProject
Project("{9A19103F-16F7-4668-BE54-9A1E7A4F7556}") = "15.06.SimpleLinq2", "15.06.SimpleLinq2\15.06.SimpleLinq2.csproj", "{F3AA4822-82D7-4AD4-A8F6-94C9251D413D}"
EndProject
Project("{9A19103F-16F7-4668-BE54-9A1E7A4F7556}") = "15.07.MinMaxAvg", "15.07.MinMaxAvg\15.07.MinMaxAvg.csproj", "{8E20B21F-4148-40B4-9409-9298FD573A4F}"
EndProject
Project("{9A19103F-16F7-4668-BE54-9A1E7A4F7556}") = "11.02.Generic", "11.02.Generic\11.02.Generic.csproj", "{DDCF0275-33AD-452E-87A6-1E4A01360CDF}"
EndProject
Project("{2150E333-8FDC-42A3-9474-1A3956D46DE8}") = "16_Reflection_Attribute", "16_Reflection_Attribute", "{7389F0BB-AA87-408B-9198-1A6F58FAAA96}"
EndProject
Project("{2150E333-8FDC-42A3-9474-1A3956D46DE8}") = "17_Dynamic", "17_Dynamic", "{D2AC8AFC-EA44-4FA5-891F-27E8CC4299AA}"
EndProject
Project("{2150E333-8FDC-42A3-9474-1A3956D46DE8}") = "18_FileIO", "18_FileIO", "{D105A3D9-F604-4661-A5C0-2C6B4C14A873}"
EndProject
Project("{2150E333-8FDC-42A3-9474-1A3956D46DE8}") = "Ect", "Ect", "{B9D66C43-F772-490F-BE00-4E7C4B3DE63F}"
EndProject
Project("{2150E333-8FDC-42A3-9474-1A3956D46DE8}") = "19_Thread_Task", "19_Thread_Task", "{18CF1AB0-6049-4D0A-AE4D-650FC00C645F}"
EndProject
Project("{2150E333-8FDC-42A3-9474-1A3956D46DE8}") = "20_Winform_UI", "20_Winform_UI", "{7345EA39-7B0F-4EBC-B138-8786A0CF5C89}"
EndProject
Project("{2150E333-8FDC-42A3-9474-1A3956D46DE8}") = "21_Network", "21_Network", "{27F2FC2B-9F7A-46DF-8A46-C3414EFA7E7C}"
EndProject
Project("{2150E333-8FDC-42A3-9474-1A3956D46DE8}") = "22_GarbageCollection", "22_GarbageCollection", "{5002087A-F3A8-44E4-9CBD-FDEF99F38300}"
EndProject
Project("{9A19103F-16F7-4668-BE54-9A1E7A4F7556}") = "16.01.GetType", "16.01.GetType\16.01.GetType.csproj", "{F68FDB53-0183-48E9-B16E-F1B94BD13240}"
EndProject
Project("{9A19103F-16F7-4668-BE54-9A1E7A4F7556}") = "16.02.DynamicInstance", "16.02.DynamicInstance\16.02.DynamicInstance.csproj", "{3EB939E7-BF48-4002-B2DA-803083E275F0}"
EndProject
Project("{9A19103F-16F7-4668-BE54-9A1E7A4F7556}") = "16.03.EmitTest", "16.03.EmitTest\16.03.EmitTest.csproj", "{A90C0532-E29C-4979-8F6C-A4FF4308BF53}"
EndProject
Project("{9A19103F-16F7-4668-BE54-9A1E7A4F7556}") = "16.04.BasicAttribute", "16.04.BasicAttribute\16.04.BasicAttribute.csproj", "{E79B406F-3FDF-4EF6-9DC4-73E66898EF68}"
EndProject
Project("{9A19103F-16F7-4668-BE54-9A1E7A4F7556}") = "16.05.CallerInfo", "16.05.CallerInfo\16.05.CallerInfo.csproj", "{01919C59-3FA1-4B69-AC5E-B37BE1D9BA97}"
EndProject
Project("{9A19103F-16F7-4668-BE54-9A1E7A4F7556}") = "16.06.HistoryAttribute", "16.06.HistoryAttribute\16.06.HistoryAttribute.csproj", "{F29F5697-3FAB-4EB7-8745-F99E0F6C6C30}"
EndProject
Project("{9A19103F-16F7-4668-BE54-9A1E7A4F7556}") = "17.01.DuckTyping", "17.01.DuckTyping\17.01.DuckTyping.csproj", "{29B5870E-BA20-4F9E-92D9-41EC57DAFBFF}"
EndProject
Project("{9A19103F-16F7-4668-BE54-9A1E7A4F7556}") = "17.02.ComInterop", "17.02.ComInterop\17.02.ComInterop.csproj", "{F28E3341-ACDD-4747-BB87-81C4E31E83D9}"
EndProject
Project("{9A19103F-16F7-4668-BE54-9A1E7A4F7556}") = "17.03.WithPython", "17.03.WithPython\17.03.WithPython.csproj", "{C463D1AC-9944-446E-857F-66DFBB63E009}"
EndProject
Project("{9A19103F-16F7-4668-BE54-9A1E7A4F7556}") = "18.01.Dir", "18.01.Dir\18.01.Dir.csproj", "{2DF1B8A8-4CC5-4340-9AEE-A4721A77CDDF}"
EndProject
Project("{9A19103F-16F7-4668-BE54-9A1E7A4F7556}") = "18.02.Touch", "18.02.Touch\18.02.Touch.csproj", "{635C1B1C-E9B8-4C65-BB79-464A4F1FFBF7}"
EndProject
Project("{9A19103F-16F7-4668-BE54-9A1E7A4F7556}") = "18.03.BasicIO", "18.03.BasicIO\18.03.BasicIO.csproj", "{D67F651D-5C11-47C0-A53B-7CF674FD8342}"
EndProject
Project("{9A19103F-16F7-4668-BE54-9A1E7A4F7556}") = "18.04.SeqNRand", "18.04.SeqNRand\18.04.SeqNRand.csproj", "{A4349659-E14A-4412-A5CA-351A331304B2}"
EndProject
Project("{9A19103F-16F7-4668-BE54-9A1E7A4F7556}") = "18.05.UsingDeclaration", "18.05.UsingDeclaration\18.05.UsingDeclaration.csproj", "{A25125E3-5D10-4401-A468-5D8F772832C3}"
EndProject
Project("{9A19103F-16F7-4668-BE54-9A1E7A4F7556}") = "18.06.BinaryFile", "18.06.BinaryFile\18.06.BinaryFile.csproj", "{6F55CDCE-3008-4B92-96FF-F4F4DE47EB2F}"
EndProject
Project("{9A19103F-16F7-4668-BE54-9A1E7A4F7556}") = "18.07.TextFile", "18.07.TextFile\18.07.TextFile.csproj", "{211D7D06-370C-4AEA-B983-71FC7E0E82F6}"
EndProject
Project("{9A19103F-16F7-4668-BE54-9A1E7A4F7556}") = "18.08.Serialization", "18.08.Serialization\18.08.Serialization.csproj", "{BB127AB2-5EA0-4012-86AA-B09FCC9B679C}"
EndProject
Project("{9A19103F-16F7-4668-BE54-9A1E7A4F7556}") = "18.09.SerializingCollection", "18.09.SerializingCollection\18.09.SerializingCollection.csproj", "{79B666F7-A48F-4298-AEF1-D549F6946BEB}"
EndProject
Project("{9A19103F-16F7-4668-BE54-9A1E7A4F7556}") = "19.01.BasicThread", "19.01.BasicThread\19.01.BasicThread.csproj", "{5D58B85D-910D-47A5-B753-93B2BD78D506}"
EndProject
Project("{9A19103F-16F7-4668-BE54-9A1E7A4F7556}") = "19.02.Synchronize", "19.02.Synchronize\19.02.Synchronize.csproj", "{5A02D9E8-AFC5-4F09-99EC-D473E9BF5252}"
EndProject
Project("{FAE04EC0-301F-11D3-BF4B-00C04F79EFBC}") = "19.03.TaskResult", "19.03.TaskResult\19.03.TaskResult.csproj", "{B1301F84-FF82-4D78-9875-829DFD792E16}"
EndProject
Project("{FAE04EC0-301F-11D3-BF4B-00C04F79EFBC}") = "19.04.Async", "19.04.Async\19.04.Async.csproj", "{BA84AB59-0795-4A5B-8440-9711FB8ACD20}"
EndProject
Global
	GlobalSection(SolutionConfigurationPlatforms) = preSolution
		Debug|Any CPU = Debug|Any CPU
		Release|Any CPU = Release|Any CPU
	EndGlobalSection
	GlobalSection(ProjectConfigurationPlatforms) = postSolution
		{64DA8D00-A399-4BB5-91EA-A91BFB736EA8}.Debug|Any CPU.ActiveCfg = Debug|Any CPU
		{64DA8D00-A399-4BB5-91EA-A91BFB736EA8}.Debug|Any CPU.Build.0 = Debug|Any CPU
		{64DA8D00-A399-4BB5-91EA-A91BFB736EA8}.Release|Any CPU.ActiveCfg = Release|Any CPU
		{64DA8D00-A399-4BB5-91EA-A91BFB736EA8}.Release|Any CPU.Build.0 = Release|Any CPU
		{13C0CAF8-3FDD-4A28-930C-3546CD3ECB56}.Debug|Any CPU.ActiveCfg = Debug|Any CPU
		{13C0CAF8-3FDD-4A28-930C-3546CD3ECB56}.Debug|Any CPU.Build.0 = Debug|Any CPU
		{13C0CAF8-3FDD-4A28-930C-3546CD3ECB56}.Release|Any CPU.ActiveCfg = Release|Any CPU
		{13C0CAF8-3FDD-4A28-930C-3546CD3ECB56}.Release|Any CPU.Build.0 = Release|Any CPU
		{2889754A-A9EF-4DD6-BAD2-949C3AE4C726}.Debug|Any CPU.ActiveCfg = Debug|Any CPU
		{2889754A-A9EF-4DD6-BAD2-949C3AE4C726}.Debug|Any CPU.Build.0 = Debug|Any CPU
		{2889754A-A9EF-4DD6-BAD2-949C3AE4C726}.Release|Any CPU.ActiveCfg = Release|Any CPU
		{2889754A-A9EF-4DD6-BAD2-949C3AE4C726}.Release|Any CPU.Build.0 = Release|Any CPU
		{86B15DD7-0CC1-414D-AF9D-BF029E1A424D}.Debug|Any CPU.ActiveCfg = Debug|Any CPU
		{86B15DD7-0CC1-414D-AF9D-BF029E1A424D}.Debug|Any CPU.Build.0 = Debug|Any CPU
		{86B15DD7-0CC1-414D-AF9D-BF029E1A424D}.Release|Any CPU.ActiveCfg = Release|Any CPU
		{86B15DD7-0CC1-414D-AF9D-BF029E1A424D}.Release|Any CPU.Build.0 = Release|Any CPU
		{F9C9B4CA-233D-41F5-8362-F89E84F84283}.Debug|Any CPU.ActiveCfg = Debug|Any CPU
		{F9C9B4CA-233D-41F5-8362-F89E84F84283}.Debug|Any CPU.Build.0 = Debug|Any CPU
		{F9C9B4CA-233D-41F5-8362-F89E84F84283}.Release|Any CPU.ActiveCfg = Release|Any CPU
		{F9C9B4CA-233D-41F5-8362-F89E84F84283}.Release|Any CPU.Build.0 = Release|Any CPU
		{9CF03205-DEB6-46BE-A598-666051AB2590}.Debug|Any CPU.ActiveCfg = Debug|Any CPU
		{9CF03205-DEB6-46BE-A598-666051AB2590}.Debug|Any CPU.Build.0 = Debug|Any CPU
		{9CF03205-DEB6-46BE-A598-666051AB2590}.Release|Any CPU.ActiveCfg = Release|Any CPU
		{9CF03205-DEB6-46BE-A598-666051AB2590}.Release|Any CPU.Build.0 = Release|Any CPU
		{E72E1089-98EC-48A5-B7A9-CC7987C87F6E}.Debug|Any CPU.ActiveCfg = Debug|Any CPU
		{E72E1089-98EC-48A5-B7A9-CC7987C87F6E}.Debug|Any CPU.Build.0 = Debug|Any CPU
		{E72E1089-98EC-48A5-B7A9-CC7987C87F6E}.Release|Any CPU.ActiveCfg = Release|Any CPU
		{E72E1089-98EC-48A5-B7A9-CC7987C87F6E}.Release|Any CPU.Build.0 = Release|Any CPU
		{44F2A1CC-AF6C-4755-8967-993B92416419}.Debug|Any CPU.ActiveCfg = Debug|Any CPU
		{44F2A1CC-AF6C-4755-8967-993B92416419}.Debug|Any CPU.Build.0 = Debug|Any CPU
		{44F2A1CC-AF6C-4755-8967-993B92416419}.Release|Any CPU.ActiveCfg = Release|Any CPU
		{44F2A1CC-AF6C-4755-8967-993B92416419}.Release|Any CPU.Build.0 = Release|Any CPU
		{1CF5301D-1A87-492A-A033-F675B4A2B951}.Debug|Any CPU.ActiveCfg = Debug|Any CPU
		{1CF5301D-1A87-492A-A033-F675B4A2B951}.Debug|Any CPU.Build.0 = Debug|Any CPU
		{1CF5301D-1A87-492A-A033-F675B4A2B951}.Release|Any CPU.ActiveCfg = Release|Any CPU
		{1CF5301D-1A87-492A-A033-F675B4A2B951}.Release|Any CPU.Build.0 = Release|Any CPU
		{9AE08EEE-6CD8-4941-9002-A0D8A033546F}.Debug|Any CPU.ActiveCfg = Debug|Any CPU
		{9AE08EEE-6CD8-4941-9002-A0D8A033546F}.Debug|Any CPU.Build.0 = Debug|Any CPU
		{9AE08EEE-6CD8-4941-9002-A0D8A033546F}.Release|Any CPU.ActiveCfg = Release|Any CPU
		{9AE08EEE-6CD8-4941-9002-A0D8A033546F}.Release|Any CPU.Build.0 = Release|Any CPU
		{1988D8C0-EF93-46DC-B035-11FE875C8E88}.Debug|Any CPU.ActiveCfg = Debug|Any CPU
		{1988D8C0-EF93-46DC-B035-11FE875C8E88}.Debug|Any CPU.Build.0 = Debug|Any CPU
		{1988D8C0-EF93-46DC-B035-11FE875C8E88}.Release|Any CPU.ActiveCfg = Release|Any CPU
		{1988D8C0-EF93-46DC-B035-11FE875C8E88}.Release|Any CPU.Build.0 = Release|Any CPU
		{E7443B1A-349F-4B33-A338-6B5C4F38A1F4}.Debug|Any CPU.ActiveCfg = Debug|Any CPU
		{E7443B1A-349F-4B33-A338-6B5C4F38A1F4}.Debug|Any CPU.Build.0 = Debug|Any CPU
		{E7443B1A-349F-4B33-A338-6B5C4F38A1F4}.Release|Any CPU.ActiveCfg = Release|Any CPU
		{E7443B1A-349F-4B33-A338-6B5C4F38A1F4}.Release|Any CPU.Build.0 = Release|Any CPU
		{EA4E5F1D-E4C5-4651-A700-97F315D40801}.Debug|Any CPU.ActiveCfg = Debug|Any CPU
		{EA4E5F1D-E4C5-4651-A700-97F315D40801}.Debug|Any CPU.Build.0 = Debug|Any CPU
		{EA4E5F1D-E4C5-4651-A700-97F315D40801}.Release|Any CPU.ActiveCfg = Release|Any CPU
		{EA4E5F1D-E4C5-4651-A700-97F315D40801}.Release|Any CPU.Build.0 = Release|Any CPU
		{2A3CA5A9-56A6-4DF0-8C79-22EF166978CD}.Debug|Any CPU.ActiveCfg = Debug|Any CPU
		{2A3CA5A9-56A6-4DF0-8C79-22EF166978CD}.Debug|Any CPU.Build.0 = Debug|Any CPU
		{2A3CA5A9-56A6-4DF0-8C79-22EF166978CD}.Release|Any CPU.ActiveCfg = Release|Any CPU
		{2A3CA5A9-56A6-4DF0-8C79-22EF166978CD}.Release|Any CPU.Build.0 = Release|Any CPU
		{ECB03157-9CBD-4CCB-A138-AF1360BB6874}.Debug|Any CPU.ActiveCfg = Debug|Any CPU
		{ECB03157-9CBD-4CCB-A138-AF1360BB6874}.Debug|Any CPU.Build.0 = Debug|Any CPU
		{ECB03157-9CBD-4CCB-A138-AF1360BB6874}.Release|Any CPU.ActiveCfg = Release|Any CPU
		{ECB03157-9CBD-4CCB-A138-AF1360BB6874}.Release|Any CPU.Build.0 = Release|Any CPU
		{63420497-DB0B-40BE-8AFC-0156C0D892F6}.Debug|Any CPU.ActiveCfg = Debug|Any CPU
		{63420497-DB0B-40BE-8AFC-0156C0D892F6}.Debug|Any CPU.Build.0 = Debug|Any CPU
		{63420497-DB0B-40BE-8AFC-0156C0D892F6}.Release|Any CPU.ActiveCfg = Release|Any CPU
		{63420497-DB0B-40BE-8AFC-0156C0D892F6}.Release|Any CPU.Build.0 = Release|Any CPU
		{0AC33A06-E6DC-46A4-BE87-80C152A83608}.Debug|Any CPU.ActiveCfg = Debug|Any CPU
		{0AC33A06-E6DC-46A4-BE87-80C152A83608}.Debug|Any CPU.Build.0 = Debug|Any CPU
		{0AC33A06-E6DC-46A4-BE87-80C152A83608}.Release|Any CPU.ActiveCfg = Release|Any CPU
		{0AC33A06-E6DC-46A4-BE87-80C152A83608}.Release|Any CPU.Build.0 = Release|Any CPU
		{26576F23-2A30-422F-9426-3BDF46511374}.Debug|Any CPU.ActiveCfg = Debug|Any CPU
		{26576F23-2A30-422F-9426-3BDF46511374}.Debug|Any CPU.Build.0 = Debug|Any CPU
		{26576F23-2A30-422F-9426-3BDF46511374}.Release|Any CPU.ActiveCfg = Release|Any CPU
		{26576F23-2A30-422F-9426-3BDF46511374}.Release|Any CPU.Build.0 = Release|Any CPU
		{72298EA9-C2BA-433B-B043-F8C7DAD73498}.Debug|Any CPU.ActiveCfg = Debug|Any CPU
		{72298EA9-C2BA-433B-B043-F8C7DAD73498}.Debug|Any CPU.Build.0 = Debug|Any CPU
		{72298EA9-C2BA-433B-B043-F8C7DAD73498}.Release|Any CPU.ActiveCfg = Release|Any CPU
		{72298EA9-C2BA-433B-B043-F8C7DAD73498}.Release|Any CPU.Build.0 = Release|Any CPU
		{C0B1C148-2B54-4F40-A6DF-12BD24DA2886}.Debug|Any CPU.ActiveCfg = Debug|Any CPU
		{C0B1C148-2B54-4F40-A6DF-12BD24DA2886}.Debug|Any CPU.Build.0 = Debug|Any CPU
		{C0B1C148-2B54-4F40-A6DF-12BD24DA2886}.Release|Any CPU.ActiveCfg = Release|Any CPU
		{C0B1C148-2B54-4F40-A6DF-12BD24DA2886}.Release|Any CPU.Build.0 = Release|Any CPU
		{580A549E-F09B-432B-853D-8FD75F1DCF43}.Debug|Any CPU.ActiveCfg = Debug|Any CPU
		{580A549E-F09B-432B-853D-8FD75F1DCF43}.Debug|Any CPU.Build.0 = Debug|Any CPU
		{580A549E-F09B-432B-853D-8FD75F1DCF43}.Release|Any CPU.ActiveCfg = Release|Any CPU
		{580A549E-F09B-432B-853D-8FD75F1DCF43}.Release|Any CPU.Build.0 = Release|Any CPU
		{F333FC8D-0867-4F96-9841-FDA63A95427E}.Debug|Any CPU.ActiveCfg = Debug|Any CPU
		{F333FC8D-0867-4F96-9841-FDA63A95427E}.Debug|Any CPU.Build.0 = Debug|Any CPU
		{F333FC8D-0867-4F96-9841-FDA63A95427E}.Release|Any CPU.ActiveCfg = Release|Any CPU
		{F333FC8D-0867-4F96-9841-FDA63A95427E}.Release|Any CPU.Build.0 = Release|Any CPU
		{94C66BAC-B283-46D2-9F66-1553BED5A4D0}.Debug|Any CPU.ActiveCfg = Debug|Any CPU
		{94C66BAC-B283-46D2-9F66-1553BED5A4D0}.Debug|Any CPU.Build.0 = Debug|Any CPU
		{94C66BAC-B283-46D2-9F66-1553BED5A4D0}.Release|Any CPU.ActiveCfg = Release|Any CPU
		{94C66BAC-B283-46D2-9F66-1553BED5A4D0}.Release|Any CPU.Build.0 = Release|Any CPU
		{60A11E3C-7588-44B2-998C-44CC9B93CB4B}.Debug|Any CPU.ActiveCfg = Debug|Any CPU
		{60A11E3C-7588-44B2-998C-44CC9B93CB4B}.Debug|Any CPU.Build.0 = Debug|Any CPU
		{60A11E3C-7588-44B2-998C-44CC9B93CB4B}.Release|Any CPU.ActiveCfg = Release|Any CPU
		{60A11E3C-7588-44B2-998C-44CC9B93CB4B}.Release|Any CPU.Build.0 = Release|Any CPU
		{6C8FAD75-8B6F-459C-8039-D8064BF6375B}.Debug|Any CPU.ActiveCfg = Debug|Any CPU
		{6C8FAD75-8B6F-459C-8039-D8064BF6375B}.Debug|Any CPU.Build.0 = Debug|Any CPU
		{6C8FAD75-8B6F-459C-8039-D8064BF6375B}.Release|Any CPU.ActiveCfg = Release|Any CPU
		{6C8FAD75-8B6F-459C-8039-D8064BF6375B}.Release|Any CPU.Build.0 = Release|Any CPU
		{BD5031B8-17A3-46FF-B0AD-91E23D039419}.Debug|Any CPU.ActiveCfg = Debug|Any CPU
		{BD5031B8-17A3-46FF-B0AD-91E23D039419}.Debug|Any CPU.Build.0 = Debug|Any CPU
		{BD5031B8-17A3-46FF-B0AD-91E23D039419}.Release|Any CPU.ActiveCfg = Release|Any CPU
		{BD5031B8-17A3-46FF-B0AD-91E23D039419}.Release|Any CPU.Build.0 = Release|Any CPU
		{EBB08AB0-A622-4392-84C4-787DA0BF7AFD}.Debug|Any CPU.ActiveCfg = Debug|Any CPU
		{EBB08AB0-A622-4392-84C4-787DA0BF7AFD}.Debug|Any CPU.Build.0 = Debug|Any CPU
		{EBB08AB0-A622-4392-84C4-787DA0BF7AFD}.Release|Any CPU.ActiveCfg = Release|Any CPU
		{EBB08AB0-A622-4392-84C4-787DA0BF7AFD}.Release|Any CPU.Build.0 = Release|Any CPU
		{A9A70545-3714-4303-B743-0C7139F8DA87}.Debug|Any CPU.ActiveCfg = Debug|Any CPU
		{A9A70545-3714-4303-B743-0C7139F8DA87}.Debug|Any CPU.Build.0 = Debug|Any CPU
		{A9A70545-3714-4303-B743-0C7139F8DA87}.Release|Any CPU.ActiveCfg = Release|Any CPU
		{A9A70545-3714-4303-B743-0C7139F8DA87}.Release|Any CPU.Build.0 = Release|Any CPU
		{EDA29D83-7B9D-4DAE-8508-E2E269F10A39}.Debug|Any CPU.ActiveCfg = Debug|Any CPU
		{EDA29D83-7B9D-4DAE-8508-E2E269F10A39}.Debug|Any CPU.Build.0 = Debug|Any CPU
		{EDA29D83-7B9D-4DAE-8508-E2E269F10A39}.Release|Any CPU.ActiveCfg = Release|Any CPU
		{EDA29D83-7B9D-4DAE-8508-E2E269F10A39}.Release|Any CPU.Build.0 = Release|Any CPU
		{B36467CF-24D1-457C-8EED-0A463D128FF2}.Debug|Any CPU.ActiveCfg = Debug|Any CPU
		{B36467CF-24D1-457C-8EED-0A463D128FF2}.Debug|Any CPU.Build.0 = Debug|Any CPU
		{B36467CF-24D1-457C-8EED-0A463D128FF2}.Release|Any CPU.ActiveCfg = Release|Any CPU
		{B36467CF-24D1-457C-8EED-0A463D128FF2}.Release|Any CPU.Build.0 = Release|Any CPU
		{8276458F-BFA6-41B2-BDBA-37E01AC83BB6}.Debug|Any CPU.ActiveCfg = Debug|Any CPU
		{8276458F-BFA6-41B2-BDBA-37E01AC83BB6}.Debug|Any CPU.Build.0 = Debug|Any CPU
		{8276458F-BFA6-41B2-BDBA-37E01AC83BB6}.Release|Any CPU.ActiveCfg = Release|Any CPU
		{8276458F-BFA6-41B2-BDBA-37E01AC83BB6}.Release|Any CPU.Build.0 = Release|Any CPU
		{90F99B55-6C7D-466F-9B9F-DD1FE2EBA345}.Debug|Any CPU.ActiveCfg = Debug|Any CPU
		{90F99B55-6C7D-466F-9B9F-DD1FE2EBA345}.Debug|Any CPU.Build.0 = Debug|Any CPU
		{90F99B55-6C7D-466F-9B9F-DD1FE2EBA345}.Release|Any CPU.ActiveCfg = Release|Any CPU
		{90F99B55-6C7D-466F-9B9F-DD1FE2EBA345}.Release|Any CPU.Build.0 = Release|Any CPU
		{F953BABA-A0B8-4DF4-8FF3-A91159FBF259}.Debug|Any CPU.ActiveCfg = Debug|Any CPU
		{F953BABA-A0B8-4DF4-8FF3-A91159FBF259}.Debug|Any CPU.Build.0 = Debug|Any CPU
		{F953BABA-A0B8-4DF4-8FF3-A91159FBF259}.Release|Any CPU.ActiveCfg = Release|Any CPU
		{F953BABA-A0B8-4DF4-8FF3-A91159FBF259}.Release|Any CPU.Build.0 = Release|Any CPU
		{E956EC87-92A3-4AB5-9ABB-FCE9C77FF3B4}.Debug|Any CPU.ActiveCfg = Debug|Any CPU
		{E956EC87-92A3-4AB5-9ABB-FCE9C77FF3B4}.Debug|Any CPU.Build.0 = Debug|Any CPU
		{E956EC87-92A3-4AB5-9ABB-FCE9C77FF3B4}.Release|Any CPU.ActiveCfg = Release|Any CPU
		{E956EC87-92A3-4AB5-9ABB-FCE9C77FF3B4}.Release|Any CPU.Build.0 = Release|Any CPU
		{6D6BDC89-349E-40F0-B838-6CB60928B119}.Debug|Any CPU.ActiveCfg = Debug|Any CPU
		{6D6BDC89-349E-40F0-B838-6CB60928B119}.Debug|Any CPU.Build.0 = Debug|Any CPU
		{6D6BDC89-349E-40F0-B838-6CB60928B119}.Release|Any CPU.ActiveCfg = Release|Any CPU
		{6D6BDC89-349E-40F0-B838-6CB60928B119}.Release|Any CPU.Build.0 = Release|Any CPU
		{CD3575A1-D0AC-43FB-8101-4A7578D257F7}.Debug|Any CPU.ActiveCfg = Debug|Any CPU
		{CD3575A1-D0AC-43FB-8101-4A7578D257F7}.Debug|Any CPU.Build.0 = Debug|Any CPU
		{CD3575A1-D0AC-43FB-8101-4A7578D257F7}.Release|Any CPU.ActiveCfg = Release|Any CPU
		{CD3575A1-D0AC-43FB-8101-4A7578D257F7}.Release|Any CPU.Build.0 = Release|Any CPU
		{953CCA43-BF31-4493-A3CF-65C1FCE6D181}.Debug|Any CPU.ActiveCfg = Debug|Any CPU
		{953CCA43-BF31-4493-A3CF-65C1FCE6D181}.Debug|Any CPU.Build.0 = Debug|Any CPU
		{953CCA43-BF31-4493-A3CF-65C1FCE6D181}.Release|Any CPU.ActiveCfg = Release|Any CPU
		{953CCA43-BF31-4493-A3CF-65C1FCE6D181}.Release|Any CPU.Build.0 = Release|Any CPU
		{14F8BF17-068F-4D6E-A5A0-62B24B48EDED}.Debug|Any CPU.ActiveCfg = Debug|Any CPU
		{14F8BF17-068F-4D6E-A5A0-62B24B48EDED}.Debug|Any CPU.Build.0 = Debug|Any CPU
		{14F8BF17-068F-4D6E-A5A0-62B24B48EDED}.Release|Any CPU.ActiveCfg = Release|Any CPU
		{14F8BF17-068F-4D6E-A5A0-62B24B48EDED}.Release|Any CPU.Build.0 = Release|Any CPU
		{E9BA1AF2-B747-495E-99C2-94D37E901FA3}.Debug|Any CPU.ActiveCfg = Debug|Any CPU
		{E9BA1AF2-B747-495E-99C2-94D37E901FA3}.Debug|Any CPU.Build.0 = Debug|Any CPU
		{E9BA1AF2-B747-495E-99C2-94D37E901FA3}.Release|Any CPU.ActiveCfg = Release|Any CPU
		{E9BA1AF2-B747-495E-99C2-94D37E901FA3}.Release|Any CPU.Build.0 = Release|Any CPU
		{FBFBC5DE-393D-4E09-9323-FABE47D8D3F8}.Debug|Any CPU.ActiveCfg = Debug|Any CPU
		{FBFBC5DE-393D-4E09-9323-FABE47D8D3F8}.Debug|Any CPU.Build.0 = Debug|Any CPU
		{FBFBC5DE-393D-4E09-9323-FABE47D8D3F8}.Release|Any CPU.ActiveCfg = Release|Any CPU
		{FBFBC5DE-393D-4E09-9323-FABE47D8D3F8}.Release|Any CPU.Build.0 = Release|Any CPU
		{8830095B-6C7D-4EA7-9BD4-9ACDC1CDBB17}.Debug|Any CPU.ActiveCfg = Debug|Any CPU
		{8830095B-6C7D-4EA7-9BD4-9ACDC1CDBB17}.Debug|Any CPU.Build.0 = Debug|Any CPU
		{8830095B-6C7D-4EA7-9BD4-9ACDC1CDBB17}.Release|Any CPU.ActiveCfg = Release|Any CPU
		{8830095B-6C7D-4EA7-9BD4-9ACDC1CDBB17}.Release|Any CPU.Build.0 = Release|Any CPU
		{605CB00D-6B3A-4B42-A486-11B732DE2B8D}.Debug|Any CPU.ActiveCfg = Debug|Any CPU
		{605CB00D-6B3A-4B42-A486-11B732DE2B8D}.Debug|Any CPU.Build.0 = Debug|Any CPU
		{605CB00D-6B3A-4B42-A486-11B732DE2B8D}.Release|Any CPU.ActiveCfg = Release|Any CPU
		{605CB00D-6B3A-4B42-A486-11B732DE2B8D}.Release|Any CPU.Build.0 = Release|Any CPU
		{07628465-12B8-421A-80C2-20A267DAD495}.Debug|Any CPU.ActiveCfg = Debug|Any CPU
		{07628465-12B8-421A-80C2-20A267DAD495}.Debug|Any CPU.Build.0 = Debug|Any CPU
		{07628465-12B8-421A-80C2-20A267DAD495}.Release|Any CPU.ActiveCfg = Release|Any CPU
		{07628465-12B8-421A-80C2-20A267DAD495}.Release|Any CPU.Build.0 = Release|Any CPU
		{B33B9F93-FB9B-42D4-9654-66AC449389D4}.Debug|Any CPU.ActiveCfg = Debug|Any CPU
		{B33B9F93-FB9B-42D4-9654-66AC449389D4}.Debug|Any CPU.Build.0 = Debug|Any CPU
		{B33B9F93-FB9B-42D4-9654-66AC449389D4}.Release|Any CPU.ActiveCfg = Release|Any CPU
		{B33B9F93-FB9B-42D4-9654-66AC449389D4}.Release|Any CPU.Build.0 = Release|Any CPU
		{0C161D4A-80F8-466B-A1BC-8E897652ECB2}.Debug|Any CPU.ActiveCfg = Debug|Any CPU
		{0C161D4A-80F8-466B-A1BC-8E897652ECB2}.Debug|Any CPU.Build.0 = Debug|Any CPU
		{0C161D4A-80F8-466B-A1BC-8E897652ECB2}.Release|Any CPU.ActiveCfg = Release|Any CPU
		{0C161D4A-80F8-466B-A1BC-8E897652ECB2}.Release|Any CPU.Build.0 = Release|Any CPU
		{B5DD2C0D-FA18-4A6A-BCD5-72907B6DDA56}.Debug|Any CPU.ActiveCfg = Debug|Any CPU
		{B5DD2C0D-FA18-4A6A-BCD5-72907B6DDA56}.Debug|Any CPU.Build.0 = Debug|Any CPU
		{B5DD2C0D-FA18-4A6A-BCD5-72907B6DDA56}.Release|Any CPU.ActiveCfg = Release|Any CPU
		{B5DD2C0D-FA18-4A6A-BCD5-72907B6DDA56}.Release|Any CPU.Build.0 = Release|Any CPU
		{039CDB9C-095A-4146-9E80-9C61AA418743}.Debug|Any CPU.ActiveCfg = Debug|Any CPU
		{039CDB9C-095A-4146-9E80-9C61AA418743}.Debug|Any CPU.Build.0 = Debug|Any CPU
		{039CDB9C-095A-4146-9E80-9C61AA418743}.Release|Any CPU.ActiveCfg = Release|Any CPU
		{039CDB9C-095A-4146-9E80-9C61AA418743}.Release|Any CPU.Build.0 = Release|Any CPU
		{7AECA4A9-C51D-4C62-8501-C60094CCD724}.Debug|Any CPU.ActiveCfg = Debug|Any CPU
		{7AECA4A9-C51D-4C62-8501-C60094CCD724}.Debug|Any CPU.Build.0 = Debug|Any CPU
		{7AECA4A9-C51D-4C62-8501-C60094CCD724}.Release|Any CPU.ActiveCfg = Release|Any CPU
		{7AECA4A9-C51D-4C62-8501-C60094CCD724}.Release|Any CPU.Build.0 = Release|Any CPU
		{B86CA8E8-F49F-4E70-A2EA-23073C5ED0BB}.Debug|Any CPU.ActiveCfg = Debug|Any CPU
		{B86CA8E8-F49F-4E70-A2EA-23073C5ED0BB}.Debug|Any CPU.Build.0 = Debug|Any CPU
		{B86CA8E8-F49F-4E70-A2EA-23073C5ED0BB}.Release|Any CPU.ActiveCfg = Release|Any CPU
		{B86CA8E8-F49F-4E70-A2EA-23073C5ED0BB}.Release|Any CPU.Build.0 = Release|Any CPU
		{7D78FACA-2AA1-4B51-8C5D-BF646C0B4663}.Debug|Any CPU.ActiveCfg = Debug|Any CPU
		{7D78FACA-2AA1-4B51-8C5D-BF646C0B4663}.Debug|Any CPU.Build.0 = Debug|Any CPU
		{7D78FACA-2AA1-4B51-8C5D-BF646C0B4663}.Release|Any CPU.ActiveCfg = Release|Any CPU
		{7D78FACA-2AA1-4B51-8C5D-BF646C0B4663}.Release|Any CPU.Build.0 = Release|Any CPU
		{23772B40-BC60-4ABA-B42A-45D42796F4F0}.Debug|Any CPU.ActiveCfg = Debug|Any CPU
		{23772B40-BC60-4ABA-B42A-45D42796F4F0}.Debug|Any CPU.Build.0 = Debug|Any CPU
		{23772B40-BC60-4ABA-B42A-45D42796F4F0}.Release|Any CPU.ActiveCfg = Release|Any CPU
		{23772B40-BC60-4ABA-B42A-45D42796F4F0}.Release|Any CPU.Build.0 = Release|Any CPU
		{91E50B40-0D01-4FBC-B460-B8437D715512}.Debug|Any CPU.ActiveCfg = Debug|Any CPU
		{91E50B40-0D01-4FBC-B460-B8437D715512}.Debug|Any CPU.Build.0 = Debug|Any CPU
		{91E50B40-0D01-4FBC-B460-B8437D715512}.Release|Any CPU.ActiveCfg = Release|Any CPU
		{91E50B40-0D01-4FBC-B460-B8437D715512}.Release|Any CPU.Build.0 = Release|Any CPU
		{F5B92A58-5AFE-48B6-8837-1A6268409BF2}.Debug|Any CPU.ActiveCfg = Debug|Any CPU
		{F5B92A58-5AFE-48B6-8837-1A6268409BF2}.Debug|Any CPU.Build.0 = Debug|Any CPU
		{F5B92A58-5AFE-48B6-8837-1A6268409BF2}.Release|Any CPU.ActiveCfg = Release|Any CPU
		{F5B92A58-5AFE-48B6-8837-1A6268409BF2}.Release|Any CPU.Build.0 = Release|Any CPU
		{EFBC9001-C3D6-4D8E-9F47-7A8CC660E46F}.Debug|Any CPU.ActiveCfg = Debug|Any CPU
		{EFBC9001-C3D6-4D8E-9F47-7A8CC660E46F}.Debug|Any CPU.Build.0 = Debug|Any CPU
		{EFBC9001-C3D6-4D8E-9F47-7A8CC660E46F}.Release|Any CPU.ActiveCfg = Release|Any CPU
		{EFBC9001-C3D6-4D8E-9F47-7A8CC660E46F}.Release|Any CPU.Build.0 = Release|Any CPU
		{C8BB03C8-BFF0-41F1-8F44-E3782CECD357}.Debug|Any CPU.ActiveCfg = Debug|Any CPU
		{C8BB03C8-BFF0-41F1-8F44-E3782CECD357}.Debug|Any CPU.Build.0 = Debug|Any CPU
		{C8BB03C8-BFF0-41F1-8F44-E3782CECD357}.Release|Any CPU.ActiveCfg = Release|Any CPU
		{C8BB03C8-BFF0-41F1-8F44-E3782CECD357}.Release|Any CPU.Build.0 = Release|Any CPU
		{14D7DE4E-5028-4996-9C3B-3BAFE8DFF297}.Debug|Any CPU.ActiveCfg = Debug|Any CPU
		{14D7DE4E-5028-4996-9C3B-3BAFE8DFF297}.Debug|Any CPU.Build.0 = Debug|Any CPU
		{14D7DE4E-5028-4996-9C3B-3BAFE8DFF297}.Release|Any CPU.ActiveCfg = Release|Any CPU
		{14D7DE4E-5028-4996-9C3B-3BAFE8DFF297}.Release|Any CPU.Build.0 = Release|Any CPU
		{8AB626F3-C113-4DCF-92FF-E37803556A84}.Debug|Any CPU.ActiveCfg = Debug|Any CPU
		{8AB626F3-C113-4DCF-92FF-E37803556A84}.Debug|Any CPU.Build.0 = Debug|Any CPU
		{8AB626F3-C113-4DCF-92FF-E37803556A84}.Release|Any CPU.ActiveCfg = Release|Any CPU
		{8AB626F3-C113-4DCF-92FF-E37803556A84}.Release|Any CPU.Build.0 = Release|Any CPU
		{AA7E0FFB-9909-4E25-ACE1-54049DAC352E}.Debug|Any CPU.ActiveCfg = Debug|Any CPU
		{AA7E0FFB-9909-4E25-ACE1-54049DAC352E}.Debug|Any CPU.Build.0 = Debug|Any CPU
		{AA7E0FFB-9909-4E25-ACE1-54049DAC352E}.Release|Any CPU.ActiveCfg = Release|Any CPU
		{AA7E0FFB-9909-4E25-ACE1-54049DAC352E}.Release|Any CPU.Build.0 = Release|Any CPU
		{A3CF0745-3A9C-4C0C-B3E8-5426A08E81FD}.Debug|Any CPU.ActiveCfg = Debug|Any CPU
		{A3CF0745-3A9C-4C0C-B3E8-5426A08E81FD}.Debug|Any CPU.Build.0 = Debug|Any CPU
		{A3CF0745-3A9C-4C0C-B3E8-5426A08E81FD}.Release|Any CPU.ActiveCfg = Release|Any CPU
		{A3CF0745-3A9C-4C0C-B3E8-5426A08E81FD}.Release|Any CPU.Build.0 = Release|Any CPU
		{21148F6F-F168-4272-9683-D66BCE1A75FD}.Debug|Any CPU.ActiveCfg = Debug|Any CPU
		{21148F6F-F168-4272-9683-D66BCE1A75FD}.Debug|Any CPU.Build.0 = Debug|Any CPU
		{21148F6F-F168-4272-9683-D66BCE1A75FD}.Release|Any CPU.ActiveCfg = Release|Any CPU
		{21148F6F-F168-4272-9683-D66BCE1A75FD}.Release|Any CPU.Build.0 = Release|Any CPU
		{8BBC3329-9177-4404-9BDE-3A74F3945C9F}.Debug|Any CPU.ActiveCfg = Debug|Any CPU
		{8BBC3329-9177-4404-9BDE-3A74F3945C9F}.Debug|Any CPU.Build.0 = Debug|Any CPU
		{8BBC3329-9177-4404-9BDE-3A74F3945C9F}.Release|Any CPU.ActiveCfg = Release|Any CPU
		{8BBC3329-9177-4404-9BDE-3A74F3945C9F}.Release|Any CPU.Build.0 = Release|Any CPU
		{FF80DFEF-2EC7-4E2B-B408-BC40874E5B76}.Debug|Any CPU.ActiveCfg = Debug|Any CPU
		{FF80DFEF-2EC7-4E2B-B408-BC40874E5B76}.Debug|Any CPU.Build.0 = Debug|Any CPU
		{FF80DFEF-2EC7-4E2B-B408-BC40874E5B76}.Release|Any CPU.ActiveCfg = Release|Any CPU
		{FF80DFEF-2EC7-4E2B-B408-BC40874E5B76}.Release|Any CPU.Build.0 = Release|Any CPU
		{7D4CA551-0042-4613-91BD-9768ABA820DB}.Debug|Any CPU.ActiveCfg = Debug|Any CPU
		{7D4CA551-0042-4613-91BD-9768ABA820DB}.Debug|Any CPU.Build.0 = Debug|Any CPU
		{7D4CA551-0042-4613-91BD-9768ABA820DB}.Release|Any CPU.ActiveCfg = Release|Any CPU
		{7D4CA551-0042-4613-91BD-9768ABA820DB}.Release|Any CPU.Build.0 = Release|Any CPU
		{722046AD-7778-4049-A122-0B1A21604203}.Debug|Any CPU.ActiveCfg = Debug|Any CPU
		{722046AD-7778-4049-A122-0B1A21604203}.Debug|Any CPU.Build.0 = Debug|Any CPU
		{722046AD-7778-4049-A122-0B1A21604203}.Release|Any CPU.ActiveCfg = Release|Any CPU
		{722046AD-7778-4049-A122-0B1A21604203}.Release|Any CPU.Build.0 = Release|Any CPU
		{66F4BEBB-F10D-4974-B034-9850CB118ECB}.Debug|Any CPU.ActiveCfg = Debug|Any CPU
		{66F4BEBB-F10D-4974-B034-9850CB118ECB}.Debug|Any CPU.Build.0 = Debug|Any CPU
		{66F4BEBB-F10D-4974-B034-9850CB118ECB}.Release|Any CPU.ActiveCfg = Release|Any CPU
		{66F4BEBB-F10D-4974-B034-9850CB118ECB}.Release|Any CPU.Build.0 = Release|Any CPU
		{00783C66-CCB6-4B54-84CF-E4D6D24757DC}.Debug|Any CPU.ActiveCfg = Debug|Any CPU
		{00783C66-CCB6-4B54-84CF-E4D6D24757DC}.Debug|Any CPU.Build.0 = Debug|Any CPU
		{00783C66-CCB6-4B54-84CF-E4D6D24757DC}.Release|Any CPU.ActiveCfg = Release|Any CPU
		{00783C66-CCB6-4B54-84CF-E4D6D24757DC}.Release|Any CPU.Build.0 = Release|Any CPU
		{F6CF0D3A-5D2F-4A0C-819C-2E196516A68C}.Debug|Any CPU.ActiveCfg = Debug|Any CPU
		{F6CF0D3A-5D2F-4A0C-819C-2E196516A68C}.Debug|Any CPU.Build.0 = Debug|Any CPU
		{F6CF0D3A-5D2F-4A0C-819C-2E196516A68C}.Release|Any CPU.ActiveCfg = Release|Any CPU
		{F6CF0D3A-5D2F-4A0C-819C-2E196516A68C}.Release|Any CPU.Build.0 = Release|Any CPU
		{6E102FD6-090B-4F86-8391-3E5007956DD5}.Debug|Any CPU.ActiveCfg = Debug|Any CPU
		{6E102FD6-090B-4F86-8391-3E5007956DD5}.Debug|Any CPU.Build.0 = Debug|Any CPU
		{6E102FD6-090B-4F86-8391-3E5007956DD5}.Release|Any CPU.ActiveCfg = Release|Any CPU
		{6E102FD6-090B-4F86-8391-3E5007956DD5}.Release|Any CPU.Build.0 = Release|Any CPU
		{0C35CFA1-0BFA-46E2-A909-1AF2ED255DB1}.Debug|Any CPU.ActiveCfg = Debug|Any CPU
		{0C35CFA1-0BFA-46E2-A909-1AF2ED255DB1}.Debug|Any CPU.Build.0 = Debug|Any CPU
		{0C35CFA1-0BFA-46E2-A909-1AF2ED255DB1}.Release|Any CPU.ActiveCfg = Release|Any CPU
		{0C35CFA1-0BFA-46E2-A909-1AF2ED255DB1}.Release|Any CPU.Build.0 = Release|Any CPU
		{3D203BF6-8244-4A38-A249-C76620F17A45}.Debug|Any CPU.ActiveCfg = Debug|Any CPU
		{3D203BF6-8244-4A38-A249-C76620F17A45}.Debug|Any CPU.Build.0 = Debug|Any CPU
		{3D203BF6-8244-4A38-A249-C76620F17A45}.Release|Any CPU.ActiveCfg = Release|Any CPU
		{3D203BF6-8244-4A38-A249-C76620F17A45}.Release|Any CPU.Build.0 = Release|Any CPU
		{5124CE8A-D279-470C-8CC5-92498C36C44C}.Debug|Any CPU.ActiveCfg = Debug|Any CPU
		{5124CE8A-D279-470C-8CC5-92498C36C44C}.Debug|Any CPU.Build.0 = Debug|Any CPU
		{5124CE8A-D279-470C-8CC5-92498C36C44C}.Release|Any CPU.ActiveCfg = Release|Any CPU
		{5124CE8A-D279-470C-8CC5-92498C36C44C}.Release|Any CPU.Build.0 = Release|Any CPU
		{F9253162-439E-454C-B681-CF8C7C51D317}.Debug|Any CPU.ActiveCfg = Debug|Any CPU
		{F9253162-439E-454C-B681-CF8C7C51D317}.Debug|Any CPU.Build.0 = Debug|Any CPU
		{F9253162-439E-454C-B681-CF8C7C51D317}.Release|Any CPU.ActiveCfg = Release|Any CPU
		{F9253162-439E-454C-B681-CF8C7C51D317}.Release|Any CPU.Build.0 = Release|Any CPU
		{6C82323F-D0E6-4217-A1CD-A7E24ECF709C}.Debug|Any CPU.ActiveCfg = Debug|Any CPU
		{6C82323F-D0E6-4217-A1CD-A7E24ECF709C}.Debug|Any CPU.Build.0 = Debug|Any CPU
		{6C82323F-D0E6-4217-A1CD-A7E24ECF709C}.Release|Any CPU.ActiveCfg = Release|Any CPU
		{6C82323F-D0E6-4217-A1CD-A7E24ECF709C}.Release|Any CPU.Build.0 = Release|Any CPU
		{F2407C42-6BDA-4EFE-9A2E-05D4AC542000}.Debug|Any CPU.ActiveCfg = Debug|Any CPU
		{F2407C42-6BDA-4EFE-9A2E-05D4AC542000}.Debug|Any CPU.Build.0 = Debug|Any CPU
		{F2407C42-6BDA-4EFE-9A2E-05D4AC542000}.Release|Any CPU.ActiveCfg = Release|Any CPU
		{F2407C42-6BDA-4EFE-9A2E-05D4AC542000}.Release|Any CPU.Build.0 = Release|Any CPU
		{13354381-6A19-40B0-BD28-453218FBF4DD}.Debug|Any CPU.ActiveCfg = Debug|Any CPU
		{13354381-6A19-40B0-BD28-453218FBF4DD}.Debug|Any CPU.Build.0 = Debug|Any CPU
		{13354381-6A19-40B0-BD28-453218FBF4DD}.Release|Any CPU.ActiveCfg = Release|Any CPU
		{13354381-6A19-40B0-BD28-453218FBF4DD}.Release|Any CPU.Build.0 = Release|Any CPU
		{2F620112-058E-41BF-A935-95C37F32E2E2}.Debug|Any CPU.ActiveCfg = Debug|Any CPU
		{2F620112-058E-41BF-A935-95C37F32E2E2}.Debug|Any CPU.Build.0 = Debug|Any CPU
		{2F620112-058E-41BF-A935-95C37F32E2E2}.Release|Any CPU.ActiveCfg = Release|Any CPU
		{2F620112-058E-41BF-A935-95C37F32E2E2}.Release|Any CPU.Build.0 = Release|Any CPU
		{64FFA5FE-265E-427D-8AC4-4E99EA8CBE71}.Debug|Any CPU.ActiveCfg = Debug|Any CPU
		{64FFA5FE-265E-427D-8AC4-4E99EA8CBE71}.Debug|Any CPU.Build.0 = Debug|Any CPU
		{64FFA5FE-265E-427D-8AC4-4E99EA8CBE71}.Release|Any CPU.ActiveCfg = Release|Any CPU
		{64FFA5FE-265E-427D-8AC4-4E99EA8CBE71}.Release|Any CPU.Build.0 = Release|Any CPU
		{9A0F3023-05E0-4CF1-9CF3-1068277AD913}.Debug|Any CPU.ActiveCfg = Debug|Any CPU
		{9A0F3023-05E0-4CF1-9CF3-1068277AD913}.Debug|Any CPU.Build.0 = Debug|Any CPU
		{9A0F3023-05E0-4CF1-9CF3-1068277AD913}.Release|Any CPU.ActiveCfg = Release|Any CPU
		{9A0F3023-05E0-4CF1-9CF3-1068277AD913}.Release|Any CPU.Build.0 = Release|Any CPU
		{D7276D5C-141C-4FE7-A216-8984EE4B1D6A}.Debug|Any CPU.ActiveCfg = Debug|Any CPU
		{D7276D5C-141C-4FE7-A216-8984EE4B1D6A}.Debug|Any CPU.Build.0 = Debug|Any CPU
		{D7276D5C-141C-4FE7-A216-8984EE4B1D6A}.Release|Any CPU.ActiveCfg = Release|Any CPU
		{D7276D5C-141C-4FE7-A216-8984EE4B1D6A}.Release|Any CPU.Build.0 = Release|Any CPU
		{868BDE15-4631-4A28-95FB-433E72ABD0A7}.Debug|Any CPU.ActiveCfg = Debug|Any CPU
		{868BDE15-4631-4A28-95FB-433E72ABD0A7}.Debug|Any CPU.Build.0 = Debug|Any CPU
		{868BDE15-4631-4A28-95FB-433E72ABD0A7}.Release|Any CPU.ActiveCfg = Release|Any CPU
		{868BDE15-4631-4A28-95FB-433E72ABD0A7}.Release|Any CPU.Build.0 = Release|Any CPU
		{FB84BFFF-4AB6-430B-8764-2DAD3F870596}.Debug|Any CPU.ActiveCfg = Debug|Any CPU
		{FB84BFFF-4AB6-430B-8764-2DAD3F870596}.Debug|Any CPU.Build.0 = Debug|Any CPU
		{FB84BFFF-4AB6-430B-8764-2DAD3F870596}.Release|Any CPU.ActiveCfg = Release|Any CPU
		{FB84BFFF-4AB6-430B-8764-2DAD3F870596}.Release|Any CPU.Build.0 = Release|Any CPU
		{3F988A3C-65AB-44D6-BA9A-0EAAA5ED5D09}.Debug|Any CPU.ActiveCfg = Debug|Any CPU
		{3F988A3C-65AB-44D6-BA9A-0EAAA5ED5D09}.Debug|Any CPU.Build.0 = Debug|Any CPU
		{3F988A3C-65AB-44D6-BA9A-0EAAA5ED5D09}.Release|Any CPU.ActiveCfg = Release|Any CPU
		{3F988A3C-65AB-44D6-BA9A-0EAAA5ED5D09}.Release|Any CPU.Build.0 = Release|Any CPU
		{C7F3FBB3-18A3-4500-A242-F4B3820CE6C8}.Debug|Any CPU.ActiveCfg = Debug|Any CPU
		{C7F3FBB3-18A3-4500-A242-F4B3820CE6C8}.Debug|Any CPU.Build.0 = Debug|Any CPU
		{C7F3FBB3-18A3-4500-A242-F4B3820CE6C8}.Release|Any CPU.ActiveCfg = Release|Any CPU
		{C7F3FBB3-18A3-4500-A242-F4B3820CE6C8}.Release|Any CPU.Build.0 = Release|Any CPU
		{6134B1AB-EBCD-4FB4-8731-49724A8C9B0B}.Debug|Any CPU.ActiveCfg = Debug|Any CPU
		{6134B1AB-EBCD-4FB4-8731-49724A8C9B0B}.Debug|Any CPU.Build.0 = Debug|Any CPU
		{6134B1AB-EBCD-4FB4-8731-49724A8C9B0B}.Release|Any CPU.ActiveCfg = Release|Any CPU
		{6134B1AB-EBCD-4FB4-8731-49724A8C9B0B}.Release|Any CPU.Build.0 = Release|Any CPU
		{9DA5BC92-1FDD-45A1-8576-53EF36B144BF}.Debug|Any CPU.ActiveCfg = Debug|Any CPU
		{9DA5BC92-1FDD-45A1-8576-53EF36B144BF}.Debug|Any CPU.Build.0 = Debug|Any CPU
		{9DA5BC92-1FDD-45A1-8576-53EF36B144BF}.Release|Any CPU.ActiveCfg = Release|Any CPU
		{9DA5BC92-1FDD-45A1-8576-53EF36B144BF}.Release|Any CPU.Build.0 = Release|Any CPU
		{E020B631-8F62-4E60-A063-A1FF38CD4E44}.Debug|Any CPU.ActiveCfg = Debug|Any CPU
		{E020B631-8F62-4E60-A063-A1FF38CD4E44}.Debug|Any CPU.Build.0 = Debug|Any CPU
		{E020B631-8F62-4E60-A063-A1FF38CD4E44}.Release|Any CPU.ActiveCfg = Release|Any CPU
		{E020B631-8F62-4E60-A063-A1FF38CD4E44}.Release|Any CPU.Build.0 = Release|Any CPU
		{5AF69684-A3D5-4148-82A5-A7B8FC016129}.Debug|Any CPU.ActiveCfg = Debug|Any CPU
		{5AF69684-A3D5-4148-82A5-A7B8FC016129}.Debug|Any CPU.Build.0 = Debug|Any CPU
		{5AF69684-A3D5-4148-82A5-A7B8FC016129}.Release|Any CPU.ActiveCfg = Release|Any CPU
		{5AF69684-A3D5-4148-82A5-A7B8FC016129}.Release|Any CPU.Build.0 = Release|Any CPU
		{B33F3978-B2F1-45A7-965B-04B1A552AEBD}.Debug|Any CPU.ActiveCfg = Debug|Any CPU
		{B33F3978-B2F1-45A7-965B-04B1A552AEBD}.Debug|Any CPU.Build.0 = Debug|Any CPU
		{B33F3978-B2F1-45A7-965B-04B1A552AEBD}.Release|Any CPU.ActiveCfg = Release|Any CPU
		{B33F3978-B2F1-45A7-965B-04B1A552AEBD}.Release|Any CPU.Build.0 = Release|Any CPU
		{1309EB9D-EA78-4D48-8461-F46F3A1FDBA9}.Debug|Any CPU.ActiveCfg = Debug|Any CPU
		{1309EB9D-EA78-4D48-8461-F46F3A1FDBA9}.Debug|Any CPU.Build.0 = Debug|Any CPU
		{1309EB9D-EA78-4D48-8461-F46F3A1FDBA9}.Release|Any CPU.ActiveCfg = Release|Any CPU
		{1309EB9D-EA78-4D48-8461-F46F3A1FDBA9}.Release|Any CPU.Build.0 = Release|Any CPU
		{F3AA4822-82D7-4AD4-A8F6-94C9251D413D}.Debug|Any CPU.ActiveCfg = Debug|Any CPU
		{F3AA4822-82D7-4AD4-A8F6-94C9251D413D}.Debug|Any CPU.Build.0 = Debug|Any CPU
		{F3AA4822-82D7-4AD4-A8F6-94C9251D413D}.Release|Any CPU.ActiveCfg = Release|Any CPU
		{F3AA4822-82D7-4AD4-A8F6-94C9251D413D}.Release|Any CPU.Build.0 = Release|Any CPU
		{8E20B21F-4148-40B4-9409-9298FD573A4F}.Debug|Any CPU.ActiveCfg = Debug|Any CPU
		{8E20B21F-4148-40B4-9409-9298FD573A4F}.Debug|Any CPU.Build.0 = Debug|Any CPU
		{8E20B21F-4148-40B4-9409-9298FD573A4F}.Release|Any CPU.ActiveCfg = Release|Any CPU
		{8E20B21F-4148-40B4-9409-9298FD573A4F}.Release|Any CPU.Build.0 = Release|Any CPU
		{DDCF0275-33AD-452E-87A6-1E4A01360CDF}.Debug|Any CPU.ActiveCfg = Debug|Any CPU
		{DDCF0275-33AD-452E-87A6-1E4A01360CDF}.Debug|Any CPU.Build.0 = Debug|Any CPU
		{DDCF0275-33AD-452E-87A6-1E4A01360CDF}.Release|Any CPU.ActiveCfg = Release|Any CPU
		{DDCF0275-33AD-452E-87A6-1E4A01360CDF}.Release|Any CPU.Build.0 = Release|Any CPU
		{F68FDB53-0183-48E9-B16E-F1B94BD13240}.Debug|Any CPU.ActiveCfg = Debug|Any CPU
		{F68FDB53-0183-48E9-B16E-F1B94BD13240}.Debug|Any CPU.Build.0 = Debug|Any CPU
		{F68FDB53-0183-48E9-B16E-F1B94BD13240}.Release|Any CPU.ActiveCfg = Release|Any CPU
		{F68FDB53-0183-48E9-B16E-F1B94BD13240}.Release|Any CPU.Build.0 = Release|Any CPU
		{3EB939E7-BF48-4002-B2DA-803083E275F0}.Debug|Any CPU.ActiveCfg = Debug|Any CPU
		{3EB939E7-BF48-4002-B2DA-803083E275F0}.Debug|Any CPU.Build.0 = Debug|Any CPU
		{3EB939E7-BF48-4002-B2DA-803083E275F0}.Release|Any CPU.ActiveCfg = Release|Any CPU
		{3EB939E7-BF48-4002-B2DA-803083E275F0}.Release|Any CPU.Build.0 = Release|Any CPU
		{A90C0532-E29C-4979-8F6C-A4FF4308BF53}.Debug|Any CPU.ActiveCfg = Debug|Any CPU
		{A90C0532-E29C-4979-8F6C-A4FF4308BF53}.Debug|Any CPU.Build.0 = Debug|Any CPU
		{A90C0532-E29C-4979-8F6C-A4FF4308BF53}.Release|Any CPU.ActiveCfg = Release|Any CPU
		{A90C0532-E29C-4979-8F6C-A4FF4308BF53}.Release|Any CPU.Build.0 = Release|Any CPU
		{E79B406F-3FDF-4EF6-9DC4-73E66898EF68}.Debug|Any CPU.ActiveCfg = Debug|Any CPU
		{E79B406F-3FDF-4EF6-9DC4-73E66898EF68}.Debug|Any CPU.Build.0 = Debug|Any CPU
		{E79B406F-3FDF-4EF6-9DC4-73E66898EF68}.Release|Any CPU.ActiveCfg = Release|Any CPU
		{E79B406F-3FDF-4EF6-9DC4-73E66898EF68}.Release|Any CPU.Build.0 = Release|Any CPU
		{01919C59-3FA1-4B69-AC5E-B37BE1D9BA97}.Debug|Any CPU.ActiveCfg = Debug|Any CPU
		{01919C59-3FA1-4B69-AC5E-B37BE1D9BA97}.Debug|Any CPU.Build.0 = Debug|Any CPU
		{01919C59-3FA1-4B69-AC5E-B37BE1D9BA97}.Release|Any CPU.ActiveCfg = Release|Any CPU
		{01919C59-3FA1-4B69-AC5E-B37BE1D9BA97}.Release|Any CPU.Build.0 = Release|Any CPU
		{F29F5697-3FAB-4EB7-8745-F99E0F6C6C30}.Debug|Any CPU.ActiveCfg = Debug|Any CPU
		{F29F5697-3FAB-4EB7-8745-F99E0F6C6C30}.Debug|Any CPU.Build.0 = Debug|Any CPU
		{F29F5697-3FAB-4EB7-8745-F99E0F6C6C30}.Release|Any CPU.ActiveCfg = Release|Any CPU
		{F29F5697-3FAB-4EB7-8745-F99E0F6C6C30}.Release|Any CPU.Build.0 = Release|Any CPU
		{29B5870E-BA20-4F9E-92D9-41EC57DAFBFF}.Debug|Any CPU.ActiveCfg = Debug|Any CPU
		{29B5870E-BA20-4F9E-92D9-41EC57DAFBFF}.Debug|Any CPU.Build.0 = Debug|Any CPU
		{29B5870E-BA20-4F9E-92D9-41EC57DAFBFF}.Release|Any CPU.ActiveCfg = Release|Any CPU
		{29B5870E-BA20-4F9E-92D9-41EC57DAFBFF}.Release|Any CPU.Build.0 = Release|Any CPU
		{F28E3341-ACDD-4747-BB87-81C4E31E83D9}.Debug|Any CPU.ActiveCfg = Debug|Any CPU
		{F28E3341-ACDD-4747-BB87-81C4E31E83D9}.Debug|Any CPU.Build.0 = Debug|Any CPU
		{F28E3341-ACDD-4747-BB87-81C4E31E83D9}.Release|Any CPU.ActiveCfg = Release|Any CPU
		{F28E3341-ACDD-4747-BB87-81C4E31E83D9}.Release|Any CPU.Build.0 = Release|Any CPU
		{C463D1AC-9944-446E-857F-66DFBB63E009}.Debug|Any CPU.ActiveCfg = Debug|Any CPU
		{C463D1AC-9944-446E-857F-66DFBB63E009}.Debug|Any CPU.Build.0 = Debug|Any CPU
		{C463D1AC-9944-446E-857F-66DFBB63E009}.Release|Any CPU.ActiveCfg = Release|Any CPU
		{C463D1AC-9944-446E-857F-66DFBB63E009}.Release|Any CPU.Build.0 = Release|Any CPU
		{2DF1B8A8-4CC5-4340-9AEE-A4721A77CDDF}.Debug|Any CPU.ActiveCfg = Debug|Any CPU
		{2DF1B8A8-4CC5-4340-9AEE-A4721A77CDDF}.Debug|Any CPU.Build.0 = Debug|Any CPU
		{2DF1B8A8-4CC5-4340-9AEE-A4721A77CDDF}.Release|Any CPU.ActiveCfg = Release|Any CPU
		{2DF1B8A8-4CC5-4340-9AEE-A4721A77CDDF}.Release|Any CPU.Build.0 = Release|Any CPU
		{635C1B1C-E9B8-4C65-BB79-464A4F1FFBF7}.Debug|Any CPU.ActiveCfg = Debug|Any CPU
		{635C1B1C-E9B8-4C65-BB79-464A4F1FFBF7}.Debug|Any CPU.Build.0 = Debug|Any CPU
		{635C1B1C-E9B8-4C65-BB79-464A4F1FFBF7}.Release|Any CPU.ActiveCfg = Release|Any CPU
		{635C1B1C-E9B8-4C65-BB79-464A4F1FFBF7}.Release|Any CPU.Build.0 = Release|Any CPU
		{D67F651D-5C11-47C0-A53B-7CF674FD8342}.Debug|Any CPU.ActiveCfg = Debug|Any CPU
		{D67F651D-5C11-47C0-A53B-7CF674FD8342}.Debug|Any CPU.Build.0 = Debug|Any CPU
		{D67F651D-5C11-47C0-A53B-7CF674FD8342}.Release|Any CPU.ActiveCfg = Release|Any CPU
		{D67F651D-5C11-47C0-A53B-7CF674FD8342}.Release|Any CPU.Build.0 = Release|Any CPU
		{A4349659-E14A-4412-A5CA-351A331304B2}.Debug|Any CPU.ActiveCfg = Debug|Any CPU
		{A4349659-E14A-4412-A5CA-351A331304B2}.Debug|Any CPU.Build.0 = Debug|Any CPU
		{A4349659-E14A-4412-A5CA-351A331304B2}.Release|Any CPU.ActiveCfg = Release|Any CPU
		{A4349659-E14A-4412-A5CA-351A331304B2}.Release|Any CPU.Build.0 = Release|Any CPU
		{A25125E3-5D10-4401-A468-5D8F772832C3}.Debug|Any CPU.ActiveCfg = Debug|Any CPU
		{A25125E3-5D10-4401-A468-5D8F772832C3}.Debug|Any CPU.Build.0 = Debug|Any CPU
		{A25125E3-5D10-4401-A468-5D8F772832C3}.Release|Any CPU.ActiveCfg = Release|Any CPU
		{A25125E3-5D10-4401-A468-5D8F772832C3}.Release|Any CPU.Build.0 = Release|Any CPU
		{6F55CDCE-3008-4B92-96FF-F4F4DE47EB2F}.Debug|Any CPU.ActiveCfg = Debug|Any CPU
		{6F55CDCE-3008-4B92-96FF-F4F4DE47EB2F}.Debug|Any CPU.Build.0 = Debug|Any CPU
		{6F55CDCE-3008-4B92-96FF-F4F4DE47EB2F}.Release|Any CPU.ActiveCfg = Release|Any CPU
		{6F55CDCE-3008-4B92-96FF-F4F4DE47EB2F}.Release|Any CPU.Build.0 = Release|Any CPU
		{211D7D06-370C-4AEA-B983-71FC7E0E82F6}.Debug|Any CPU.ActiveCfg = Debug|Any CPU
		{211D7D06-370C-4AEA-B983-71FC7E0E82F6}.Debug|Any CPU.Build.0 = Debug|Any CPU
		{211D7D06-370C-4AEA-B983-71FC7E0E82F6}.Release|Any CPU.ActiveCfg = Release|Any CPU
		{211D7D06-370C-4AEA-B983-71FC7E0E82F6}.Release|Any CPU.Build.0 = Release|Any CPU
		{BB127AB2-5EA0-4012-86AA-B09FCC9B679C}.Debug|Any CPU.ActiveCfg = Debug|Any CPU
		{BB127AB2-5EA0-4012-86AA-B09FCC9B679C}.Debug|Any CPU.Build.0 = Debug|Any CPU
		{BB127AB2-5EA0-4012-86AA-B09FCC9B679C}.Release|Any CPU.ActiveCfg = Release|Any CPU
		{BB127AB2-5EA0-4012-86AA-B09FCC9B679C}.Release|Any CPU.Build.0 = Release|Any CPU
		{79B666F7-A48F-4298-AEF1-D549F6946BEB}.Debug|Any CPU.ActiveCfg = Debug|Any CPU
		{79B666F7-A48F-4298-AEF1-D549F6946BEB}.Debug|Any CPU.Build.0 = Debug|Any CPU
		{79B666F7-A48F-4298-AEF1-D549F6946BEB}.Release|Any CPU.ActiveCfg = Release|Any CPU
		{79B666F7-A48F-4298-AEF1-D549F6946BEB}.Release|Any CPU.Build.0 = Release|Any CPU
		{5D58B85D-910D-47A5-B753-93B2BD78D506}.Debug|Any CPU.ActiveCfg = Debug|Any CPU
		{5D58B85D-910D-47A5-B753-93B2BD78D506}.Debug|Any CPU.Build.0 = Debug|Any CPU
		{5D58B85D-910D-47A5-B753-93B2BD78D506}.Release|Any CPU.ActiveCfg = Release|Any CPU
		{5D58B85D-910D-47A5-B753-93B2BD78D506}.Release|Any CPU.Build.0 = Release|Any CPU
		{5A02D9E8-AFC5-4F09-99EC-D473E9BF5252}.Debug|Any CPU.ActiveCfg = Debug|Any CPU
		{5A02D9E8-AFC5-4F09-99EC-D473E9BF5252}.Debug|Any CPU.Build.0 = Debug|Any CPU
		{5A02D9E8-AFC5-4F09-99EC-D473E9BF5252}.Release|Any CPU.ActiveCfg = Release|Any CPU
		{5A02D9E8-AFC5-4F09-99EC-D473E9BF5252}.Release|Any CPU.Build.0 = Release|Any CPU
		{B1301F84-FF82-4D78-9875-829DFD792E16}.Debug|Any CPU.ActiveCfg = Debug|Any CPU
		{B1301F84-FF82-4D78-9875-829DFD792E16}.Debug|Any CPU.Build.0 = Debug|Any CPU
		{B1301F84-FF82-4D78-9875-829DFD792E16}.Release|Any CPU.ActiveCfg = Release|Any CPU
		{B1301F84-FF82-4D78-9875-829DFD792E16}.Release|Any CPU.Build.0 = Release|Any CPU
		{BA84AB59-0795-4A5B-8440-9711FB8ACD20}.Debug|Any CPU.ActiveCfg = Debug|Any CPU
		{BA84AB59-0795-4A5B-8440-9711FB8ACD20}.Debug|Any CPU.Build.0 = Debug|Any CPU
		{BA84AB59-0795-4A5B-8440-9711FB8ACD20}.Release|Any CPU.ActiveCfg = Release|Any CPU
		{BA84AB59-0795-4A5B-8440-9711FB8ACD20}.Release|Any CPU.Build.0 = Release|Any CPU
	EndGlobalSection
	GlobalSection(SolutionProperties) = preSolution
		HideSolutionNode = FALSE
	EndGlobalSection
	GlobalSection(NestedProjects) = preSolution
		{64DA8D00-A399-4BB5-91EA-A91BFB736EA8} = {7E1536EA-0743-4300-8D48-6FBFFFE59B45}
		{13C0CAF8-3FDD-4A28-930C-3546CD3ECB56} = {7E1536EA-0743-4300-8D48-6FBFFFE59B45}
		{2889754A-A9EF-4DD6-BAD2-949C3AE4C726} = {7E1536EA-0743-4300-8D48-6FBFFFE59B45}
		{7E1536EA-0743-4300-8D48-6FBFFFE59B45} = {BB5E33B1-0CD3-4402-873B-B700E21DF57B}
		{E59F328A-4D71-45B4-B5FA-35C79E117C8B} = {BB5E33B1-0CD3-4402-873B-B700E21DF57B}
		{76990E79-D87A-40A1-BFE9-2D9CB4C30D75} = {E59F328A-4D71-45B4-B5FA-35C79E117C8B}
		{86B15DD7-0CC1-414D-AF9D-BF029E1A424D} = {76990E79-D87A-40A1-BFE9-2D9CB4C30D75}
		{F9C9B4CA-233D-41F5-8362-F89E84F84283} = {76990E79-D87A-40A1-BFE9-2D9CB4C30D75}
		{9CF03205-DEB6-46BE-A598-666051AB2590} = {76990E79-D87A-40A1-BFE9-2D9CB4C30D75}
		{E72E1089-98EC-48A5-B7A9-CC7987C87F6E} = {76990E79-D87A-40A1-BFE9-2D9CB4C30D75}
		{44F2A1CC-AF6C-4755-8967-993B92416419} = {76990E79-D87A-40A1-BFE9-2D9CB4C30D75}
		{1CF5301D-1A87-492A-A033-F675B4A2B951} = {76990E79-D87A-40A1-BFE9-2D9CB4C30D75}
		{9AE08EEE-6CD8-4941-9002-A0D8A033546F} = {76990E79-D87A-40A1-BFE9-2D9CB4C30D75}
		{1988D8C0-EF93-46DC-B035-11FE875C8E88} = {76990E79-D87A-40A1-BFE9-2D9CB4C30D75}
		{E7443B1A-349F-4B33-A338-6B5C4F38A1F4} = {76990E79-D87A-40A1-BFE9-2D9CB4C30D75}
		{EA4E5F1D-E4C5-4651-A700-97F315D40801} = {76990E79-D87A-40A1-BFE9-2D9CB4C30D75}
		{2A3CA5A9-56A6-4DF0-8C79-22EF166978CD} = {76990E79-D87A-40A1-BFE9-2D9CB4C30D75}
		{EAE863C9-63B7-4179-B45A-324E7698916B} = {E59F328A-4D71-45B4-B5FA-35C79E117C8B}
		{ECB03157-9CBD-4CCB-A138-AF1360BB6874} = {EAE863C9-63B7-4179-B45A-324E7698916B}
		{63420497-DB0B-40BE-8AFC-0156C0D892F6} = {EAE863C9-63B7-4179-B45A-324E7698916B}
		{0AC33A06-E6DC-46A4-BE87-80C152A83608} = {EAE863C9-63B7-4179-B45A-324E7698916B}
		{26576F23-2A30-422F-9426-3BDF46511374} = {EAE863C9-63B7-4179-B45A-324E7698916B}
		{72298EA9-C2BA-433B-B043-F8C7DAD73498} = {EAE863C9-63B7-4179-B45A-324E7698916B}
		{9136D982-389A-476B-A0C1-0E456DB980CE} = {E59F328A-4D71-45B4-B5FA-35C79E117C8B}
		{C0B1C148-2B54-4F40-A6DF-12BD24DA2886} = {9136D982-389A-476B-A0C1-0E456DB980CE}
		{580A549E-F09B-432B-853D-8FD75F1DCF43} = {9136D982-389A-476B-A0C1-0E456DB980CE}
		{F333FC8D-0867-4F96-9841-FDA63A95427E} = {9136D982-389A-476B-A0C1-0E456DB980CE}
		{94C66BAC-B283-46D2-9F66-1553BED5A4D0} = {9136D982-389A-476B-A0C1-0E456DB980CE}
		{60A11E3C-7588-44B2-998C-44CC9B93CB4B} = {9136D982-389A-476B-A0C1-0E456DB980CE}
		{6C8FAD75-8B6F-459C-8039-D8064BF6375B} = {9136D982-389A-476B-A0C1-0E456DB980CE}
		{BD5031B8-17A3-46FF-B0AD-91E23D039419} = {9136D982-389A-476B-A0C1-0E456DB980CE}
		{EBB08AB0-A622-4392-84C4-787DA0BF7AFD} = {9136D982-389A-476B-A0C1-0E456DB980CE}
		{A9A70545-3714-4303-B743-0C7139F8DA87} = {9136D982-389A-476B-A0C1-0E456DB980CE}
		{EDA29D83-7B9D-4DAE-8508-E2E269F10A39} = {9136D982-389A-476B-A0C1-0E456DB980CE}
		{7B1D076C-45D4-4099-986E-FFA41AF57838} = {E59F328A-4D71-45B4-B5FA-35C79E117C8B}
		{B36467CF-24D1-457C-8EED-0A463D128FF2} = {7B1D076C-45D4-4099-986E-FFA41AF57838}
		{8276458F-BFA6-41B2-BDBA-37E01AC83BB6} = {7B1D076C-45D4-4099-986E-FFA41AF57838}
		{90F99B55-6C7D-466F-9B9F-DD1FE2EBA345} = {7B1D076C-45D4-4099-986E-FFA41AF57838}
		{F953BABA-A0B8-4DF4-8FF3-A91159FBF259} = {7B1D076C-45D4-4099-986E-FFA41AF57838}
		{E956EC87-92A3-4AB5-9ABB-FCE9C77FF3B4} = {7B1D076C-45D4-4099-986E-FFA41AF57838}
		{6D6BDC89-349E-40F0-B838-6CB60928B119} = {7B1D076C-45D4-4099-986E-FFA41AF57838}
		{CD3575A1-D0AC-43FB-8101-4A7578D257F7} = {7B1D076C-45D4-4099-986E-FFA41AF57838}
		{953CCA43-BF31-4493-A3CF-65C1FCE6D181} = {7B1D076C-45D4-4099-986E-FFA41AF57838}
		{14F8BF17-068F-4D6E-A5A0-62B24B48EDED} = {7B1D076C-45D4-4099-986E-FFA41AF57838}
		{E9BA1AF2-B747-495E-99C2-94D37E901FA3} = {7B1D076C-45D4-4099-986E-FFA41AF57838}
		{FBFBC5DE-393D-4E09-9323-FABE47D8D3F8} = {7B1D076C-45D4-4099-986E-FFA41AF57838}
		{8830095B-6C7D-4EA7-9BD4-9ACDC1CDBB17} = {7B1D076C-45D4-4099-986E-FFA41AF57838}
		{605CB00D-6B3A-4B42-A486-11B732DE2B8D} = {7B1D076C-45D4-4099-986E-FFA41AF57838}
		{07628465-12B8-421A-80C2-20A267DAD495} = {7B1D076C-45D4-4099-986E-FFA41AF57838}
		{B33B9F93-FB9B-42D4-9654-66AC449389D4} = {7B1D076C-45D4-4099-986E-FFA41AF57838}
		{0C161D4A-80F8-466B-A1BC-8E897652ECB2} = {7B1D076C-45D4-4099-986E-FFA41AF57838}
		{B5DD2C0D-FA18-4A6A-BCD5-72907B6DDA56} = {7B1D076C-45D4-4099-986E-FFA41AF57838}
		{627E1C32-FE7F-4E5B-B106-B1DA0F9746DE} = {E59F328A-4D71-45B4-B5FA-35C79E117C8B}
		{039CDB9C-095A-4146-9E80-9C61AA418743} = {627E1C32-FE7F-4E5B-B106-B1DA0F9746DE}
		{7AECA4A9-C51D-4C62-8501-C60094CCD724} = {627E1C32-FE7F-4E5B-B106-B1DA0F9746DE}
		{B86CA8E8-F49F-4E70-A2EA-23073C5ED0BB} = {627E1C32-FE7F-4E5B-B106-B1DA0F9746DE}
		{7D78FACA-2AA1-4B51-8C5D-BF646C0B4663} = {627E1C32-FE7F-4E5B-B106-B1DA0F9746DE}
		{23772B40-BC60-4ABA-B42A-45D42796F4F0} = {627E1C32-FE7F-4E5B-B106-B1DA0F9746DE}
		{91E50B40-0D01-4FBC-B460-B8437D715512} = {627E1C32-FE7F-4E5B-B106-B1DA0F9746DE}
		{F5B92A58-5AFE-48B6-8837-1A6268409BF2} = {627E1C32-FE7F-4E5B-B106-B1DA0F9746DE}
		{2B741D0C-601A-4FF9-9F10-2603A5120FBA} = {E59F328A-4D71-45B4-B5FA-35C79E117C8B}
		{261B05AB-3036-4282-BD8A-62C6125A520C} = {E59F328A-4D71-45B4-B5FA-35C79E117C8B}
		{EFBC9001-C3D6-4D8E-9F47-7A8CC660E46F} = {2B741D0C-601A-4FF9-9F10-2603A5120FBA}
		{C8BB03C8-BFF0-41F1-8F44-E3782CECD357} = {2B741D0C-601A-4FF9-9F10-2603A5120FBA}
		{14D7DE4E-5028-4996-9C3B-3BAFE8DFF297} = {2B741D0C-601A-4FF9-9F10-2603A5120FBA}
		{8AB626F3-C113-4DCF-92FF-E37803556A84} = {2B741D0C-601A-4FF9-9F10-2603A5120FBA}
		{AA7E0FFB-9909-4E25-ACE1-54049DAC352E} = {2B741D0C-601A-4FF9-9F10-2603A5120FBA}
		{A3CF0745-3A9C-4C0C-B3E8-5426A08E81FD} = {2B741D0C-601A-4FF9-9F10-2603A5120FBA}
		{21148F6F-F168-4272-9683-D66BCE1A75FD} = {2B741D0C-601A-4FF9-9F10-2603A5120FBA}
		{8BBC3329-9177-4404-9BDE-3A74F3945C9F} = {2B741D0C-601A-4FF9-9F10-2603A5120FBA}
		{FF80DFEF-2EC7-4E2B-B408-BC40874E5B76} = {261B05AB-3036-4282-BD8A-62C6125A520C}
		{7D4CA551-0042-4613-91BD-9768ABA820DB} = {261B05AB-3036-4282-BD8A-62C6125A520C}
		{722046AD-7778-4049-A122-0B1A21604203} = {261B05AB-3036-4282-BD8A-62C6125A520C}
		{66F4BEBB-F10D-4974-B034-9850CB118ECB} = {261B05AB-3036-4282-BD8A-62C6125A520C}
		{00783C66-CCB6-4B54-84CF-E4D6D24757DC} = {261B05AB-3036-4282-BD8A-62C6125A520C}
		{F6CF0D3A-5D2F-4A0C-819C-2E196516A68C} = {261B05AB-3036-4282-BD8A-62C6125A520C}
		{7612485F-B1C3-4CA7-9743-739EE166D474} = {E59F328A-4D71-45B4-B5FA-35C79E117C8B}
		{6E102FD6-090B-4F86-8391-3E5007956DD5} = {7612485F-B1C3-4CA7-9743-739EE166D474}
		{0C35CFA1-0BFA-46E2-A909-1AF2ED255DB1} = {7612485F-B1C3-4CA7-9743-739EE166D474}
		{3D203BF6-8244-4A38-A249-C76620F17A45} = {7612485F-B1C3-4CA7-9743-739EE166D474}
		{5124CE8A-D279-470C-8CC5-92498C36C44C} = {7612485F-B1C3-4CA7-9743-739EE166D474}
		{F9253162-439E-454C-B681-CF8C7C51D317} = {7612485F-B1C3-4CA7-9743-739EE166D474}
		{6C82323F-D0E6-4217-A1CD-A7E24ECF709C} = {7612485F-B1C3-4CA7-9743-739EE166D474}
		{F2407C42-6BDA-4EFE-9A2E-05D4AC542000} = {7612485F-B1C3-4CA7-9743-739EE166D474}
		{84B94070-0DF3-4B3D-B9EE-6D19ED49FF35} = {E59F328A-4D71-45B4-B5FA-35C79E117C8B}
		{13354381-6A19-40B0-BD28-453218FBF4DD} = {76990E79-D87A-40A1-BFE9-2D9CB4C30D75}
		{2F620112-058E-41BF-A935-95C37F32E2E2} = {76990E79-D87A-40A1-BFE9-2D9CB4C30D75}
		{64FFA5FE-265E-427D-8AC4-4E99EA8CBE71} = {76990E79-D87A-40A1-BFE9-2D9CB4C30D75}
		{9A0F3023-05E0-4CF1-9CF3-1068277AD913} = {76990E79-D87A-40A1-BFE9-2D9CB4C30D75}
		{D7276D5C-141C-4FE7-A216-8984EE4B1D6A} = {76990E79-D87A-40A1-BFE9-2D9CB4C30D75}
		{868BDE15-4631-4A28-95FB-433E72ABD0A7} = {76990E79-D87A-40A1-BFE9-2D9CB4C30D75}
		{FB84BFFF-4AB6-430B-8764-2DAD3F870596} = {76990E79-D87A-40A1-BFE9-2D9CB4C30D75}
		{3F988A3C-65AB-44D6-BA9A-0EAAA5ED5D09} = {76990E79-D87A-40A1-BFE9-2D9CB4C30D75}
		{C7F3FBB3-18A3-4500-A242-F4B3820CE6C8} = {76990E79-D87A-40A1-BFE9-2D9CB4C30D75}
		{6134B1AB-EBCD-4FB4-8731-49724A8C9B0B} = {76990E79-D87A-40A1-BFE9-2D9CB4C30D75}
		{9DA5BC92-1FDD-45A1-8576-53EF36B144BF} = {84B94070-0DF3-4B3D-B9EE-6D19ED49FF35}
		{E020B631-8F62-4E60-A063-A1FF38CD4E44} = {84B94070-0DF3-4B3D-B9EE-6D19ED49FF35}
		{5AF69684-A3D5-4148-82A5-A7B8FC016129} = {84B94070-0DF3-4B3D-B9EE-6D19ED49FF35}
		{B33F3978-B2F1-45A7-965B-04B1A552AEBD} = {84B94070-0DF3-4B3D-B9EE-6D19ED49FF35}
		{1309EB9D-EA78-4D48-8461-F46F3A1FDBA9} = {84B94070-0DF3-4B3D-B9EE-6D19ED49FF35}
		{F3AA4822-82D7-4AD4-A8F6-94C9251D413D} = {84B94070-0DF3-4B3D-B9EE-6D19ED49FF35}
		{8E20B21F-4148-40B4-9409-9298FD573A4F} = {84B94070-0DF3-4B3D-B9EE-6D19ED49FF35}
		{DDCF0275-33AD-452E-87A6-1E4A01360CDF} = {627E1C32-FE7F-4E5B-B106-B1DA0F9746DE}
		{7389F0BB-AA87-408B-9198-1A6F58FAAA96} = {E59F328A-4D71-45B4-B5FA-35C79E117C8B}
		{D2AC8AFC-EA44-4FA5-891F-27E8CC4299AA} = {E59F328A-4D71-45B4-B5FA-35C79E117C8B}
		{D105A3D9-F604-4661-A5C0-2C6B4C14A873} = {E59F328A-4D71-45B4-B5FA-35C79E117C8B}
		{B9D66C43-F772-490F-BE00-4E7C4B3DE63F} = {E59F328A-4D71-45B4-B5FA-35C79E117C8B}
		{18CF1AB0-6049-4D0A-AE4D-650FC00C645F} = {B9D66C43-F772-490F-BE00-4E7C4B3DE63F}
		{7345EA39-7B0F-4EBC-B138-8786A0CF5C89} = {B9D66C43-F772-490F-BE00-4E7C4B3DE63F}
		{27F2FC2B-9F7A-46DF-8A46-C3414EFA7E7C} = {B9D66C43-F772-490F-BE00-4E7C4B3DE63F}
		{5002087A-F3A8-44E4-9CBD-FDEF99F38300} = {B9D66C43-F772-490F-BE00-4E7C4B3DE63F}
		{F68FDB53-0183-48E9-B16E-F1B94BD13240} = {7389F0BB-AA87-408B-9198-1A6F58FAAA96}
		{3EB939E7-BF48-4002-B2DA-803083E275F0} = {7389F0BB-AA87-408B-9198-1A6F58FAAA96}
		{A90C0532-E29C-4979-8F6C-A4FF4308BF53} = {7389F0BB-AA87-408B-9198-1A6F58FAAA96}
		{E79B406F-3FDF-4EF6-9DC4-73E66898EF68} = {7389F0BB-AA87-408B-9198-1A6F58FAAA96}
		{01919C59-3FA1-4B69-AC5E-B37BE1D9BA97} = {7389F0BB-AA87-408B-9198-1A6F58FAAA96}
		{F29F5697-3FAB-4EB7-8745-F99E0F6C6C30} = {7389F0BB-AA87-408B-9198-1A6F58FAAA96}
		{29B5870E-BA20-4F9E-92D9-41EC57DAFBFF} = {D2AC8AFC-EA44-4FA5-891F-27E8CC4299AA}
		{F28E3341-ACDD-4747-BB87-81C4E31E83D9} = {D2AC8AFC-EA44-4FA5-891F-27E8CC4299AA}
		{C463D1AC-9944-446E-857F-66DFBB63E009} = {B9D66C43-F772-490F-BE00-4E7C4B3DE63F}
		{2DF1B8A8-4CC5-4340-9AEE-A4721A77CDDF} = {D105A3D9-F604-4661-A5C0-2C6B4C14A873}
		{635C1B1C-E9B8-4C65-BB79-464A4F1FFBF7} = {D105A3D9-F604-4661-A5C0-2C6B4C14A873}
		{D67F651D-5C11-47C0-A53B-7CF674FD8342} = {D105A3D9-F604-4661-A5C0-2C6B4C14A873}
		{A4349659-E14A-4412-A5CA-351A331304B2} = {D105A3D9-F604-4661-A5C0-2C6B4C14A873}
		{A25125E3-5D10-4401-A468-5D8F772832C3} = {D105A3D9-F604-4661-A5C0-2C6B4C14A873}
		{6F55CDCE-3008-4B92-96FF-F4F4DE47EB2F} = {D105A3D9-F604-4661-A5C0-2C6B4C14A873}
		{211D7D06-370C-4AEA-B983-71FC7E0E82F6} = {D105A3D9-F604-4661-A5C0-2C6B4C14A873}
		{BB127AB2-5EA0-4012-86AA-B09FCC9B679C} = {D105A3D9-F604-4661-A5C0-2C6B4C14A873}
		{79B666F7-A48F-4298-AEF1-D549F6946BEB} = {D105A3D9-F604-4661-A5C0-2C6B4C14A873}
		{5D58B85D-910D-47A5-B753-93B2BD78D506} = {18CF1AB0-6049-4D0A-AE4D-650FC00C645F}
		{5A02D9E8-AFC5-4F09-99EC-D473E9BF5252} = {18CF1AB0-6049-4D0A-AE4D-650FC00C645F}
		{B1301F84-FF82-4D78-9875-829DFD792E16} = {18CF1AB0-6049-4D0A-AE4D-650FC00C645F}
		{BA84AB59-0795-4A5B-8440-9711FB8ACD20} = {18CF1AB0-6049-4D0A-AE4D-650FC00C645F}
	EndGlobalSection
	GlobalSection(ExtensibilityGlobals) = postSolution
		SolutionGuid = {5AAA1E14-2D19-448A-816C-FF72E5709AB6}
	EndGlobalSection
EndGlobal
