
Microsoft Visual Studio Solution File, Format Version 12.00
# Visual Studio Version 17
VisualStudioVersion = 17.2.32516.85
MinimumVisualStudioVersion = 10.0.40219.1
Project("{9A19103F-16F7-4668-BE54-9A1E7A4F7556}") = "Calc", "Calc\Calc.csproj", "{64DA8D00-A399-4BB5-91EA-A91BFB736EA8}"
EndProject
Project("{9A19103F-16F7-4668-BE54-9A1E7A4F7556}") = "Calc_2", "Calc_2\Calc_2.csproj", "{13C0CAF8-3FDD-4A28-930C-3546CD3ECB56}"
EndProject
Project("{2150E333-8FDC-42A3-9474-1A3956D46DE8}") = "솔루션 항목", "솔루션 항목", "{BB5E33B1-0CD3-4402-873B-B700E21DF57B}"
EndProject
Project("{9A19103F-16F7-4668-BE54-9A1E7A4F7556}") = "NumBaseballGame", "NumBaseGame\NumBaseballGame.csproj", "{2889754A-A9EF-4DD6-BAD2-949C3AE4C726}"
EndProject
Project("{9A19103F-16F7-4668-BE54-9A1E7A4F7556}") = "18.1.1_Dir", "18.1.1_Dir\18.1.1_Dir.csproj", "{CB51EB44-6EF2-4BAC-B9E6-255C7662D941}"
EndProject
Project("{2150E333-8FDC-42A3-9474-1A3956D46DE8}") = "Test", "Test", "{7E1536EA-0743-4300-8D48-6FBFFFE59B45}"
EndProject
Project("{2150E333-8FDC-42A3-9474-1A3956D46DE8}") = "Example", "Example", "{E59F328A-4D71-45B4-B5FA-35C79E117C8B}"
EndProject
Project("{2150E333-8FDC-42A3-9474-1A3956D46DE8}") = "07_Class", "07_Class", "{76990E79-D87A-40A1-BFE9-2D9CB4C30D75}"
EndProject
Project("{FAE04EC0-301F-11D3-BF4B-00C04F79EFBC}") = "07.1.BasicClass", "07.BasicClass\07.1.BasicClass.csproj", "{C67BAA63-4FE2-4129-B34D-5FC05502381A}"
EndProject
Project("{FAE04EC0-301F-11D3-BF4B-00C04F79EFBC}") = "07.2.Constructor", "07.Constructor\07.2.Constructor.csproj", "{35FBF4CE-1A49-4E16-BE09-5CB0A84E97CD}"
EndProject
Project("{FAE04EC0-301F-11D3-BF4B-00C04F79EFBC}") = "07.3.StaticField", "07.StaticField\07.3.StaticField.csproj", "{50EAD710-D267-4424-993D-5124C859184F}"
EndProject
Project("{FAE04EC0-301F-11D3-BF4B-00C04F79EFBC}") = "07.4.DeepCopy", "07.DeepCopy\07.4.DeepCopy.csproj", "{E3EA84C1-2AB9-40BE-A5C5-B5DAD0A1CA5B}"
EndProject
Project("{FAE04EC0-301F-11D3-BF4B-00C04F79EFBC}") = "07.5.This", "07.5.This\07.5.This.csproj", "{68E64A25-52AB-4130-B928-69A500DF7F35}"
EndProject
Project("{FAE04EC0-301F-11D3-BF4B-00C04F79EFBC}") = "07.6.ThisConstructor", "07.6.ThisConstructor\07.6.ThisConstructor.csproj", "{E12B8812-54EF-43F8-84B6-00827E5B89D2}"
EndProject
Project("{FAE04EC0-301F-11D3-BF4B-00C04F79EFBC}") = "07.7.AccessModifier", "07.7.AccessModifier\07.7.AccessModifier.csproj", "{90DD104B-5884-4E71-A247-40B464D6229C}"
EndProject
Project("{FAE04EC0-301F-11D3-BF4B-00C04F79EFBC}") = "07.8.Inheritance", "07.8.Inheritance\07.8.Inheritance.csproj", "{0F429704-40A4-4012-8BF4-A7EE29004E6A}"
EndProject
Project("{FAE04EC0-301F-11D3-BF4B-00C04F79EFBC}") = "07.9.TypeCasting", "7.9.TypeCasting\07.9.TypeCasting.csproj", "{9AA83176-7C9D-4804-8D18-00B9FDAF7BE6}"
EndProject
Project("{FAE04EC0-301F-11D3-BF4B-00C04F79EFBC}") = "07.10.Overriding", "07.10.Overriding\07.10.Overriding.csproj", "{86B15DD7-0CC1-414D-AF9D-BF029E1A424D}"
EndProject
Project("{FAE04EC0-301F-11D3-BF4B-00C04F79EFBC}") = "07.11.MethodHiding", "07.11.MethodHiding\07.11.MethodHiding.csproj", "{F9C9B4CA-233D-41F5-8362-F89E84F84283}"
EndProject
Project("{FAE04EC0-301F-11D3-BF4B-00C04F79EFBC}") = "07.12.SealedMethod", "07.12.SealedMethod\07.12.SealedMethod.csproj", "{9CF03205-DEB6-46BE-A598-666051AB2590}"
EndProject
Project("{FAE04EC0-301F-11D3-BF4B-00C04F79EFBC}") = "07.13.ReadonlyFields", "07.13.ReadonlyFields\07.13.ReadonlyFields.csproj", "{E72E1089-98EC-48A5-B7A9-CC7987C87F6E}"
EndProject
Project("{FAE04EC0-301F-11D3-BF4B-00C04F79EFBC}") = "07.14.NestedClass", "07.14.NestedClass\07.14.NestedClass.csproj", "{44F2A1CC-AF6C-4755-8967-993B92416419}"
EndProject
Project("{FAE04EC0-301F-11D3-BF4B-00C04F79EFBC}") = "07.15.PartialClass", "07.15.PartialClass\07.15.PartialClass.csproj", "{1CF5301D-1A87-492A-A033-F675B4A2B951}"
EndProject
Project("{FAE04EC0-301F-11D3-BF4B-00C04F79EFBC}") = "07.16.ExtensionMethod", "07.16.ExtensionMethod\07.16.ExtensionMethod.csproj", "{9AE08EEE-6CD8-4941-9002-A0D8A033546F}"
EndProject
Project("{FAE04EC0-301F-11D3-BF4B-00C04F79EFBC}") = "07.17.Structure", "7.17.Structure\07.17.Structure.csproj", "{5F0BB555-1CEA-466B-9A51-4BA099D9EBBF}"
EndProject
Project("{FAE04EC0-301F-11D3-BF4B-00C04F79EFBC}") = "07.18.ReadonlyStruct", "07.18.ReadonlyStruct\07.18.ReadonlyStruct.csproj", "{1988D8C0-EF93-46DC-B035-11FE875C8E88}"
EndProject
Project("{FAE04EC0-301F-11D3-BF4B-00C04F79EFBC}") = "07.19.ReadonlyMethod", "07.19.ReadonlyMethod\07.19.ReadonlyMethod.csproj", "{E7443B1A-349F-4B33-A338-6B5C4F38A1F4}"
EndProject
Project("{FAE04EC0-301F-11D3-BF4B-00C04F79EFBC}") = "07.20.Tuple", "07.20.Tuple\07.20.Tuple.csproj", "{EA4E5F1D-E4C5-4651-A700-97F315D40801}"
EndProject
Project("{FAE04EC0-301F-11D3-BF4B-00C04F79EFBC}") = "07.21.PoitionalPattern", "07.21.PoitionalPattern\07.21.PoitionalPattern.csproj", "{2A3CA5A9-56A6-4DF0-8C79-22EF166978CD}"
EndProject
Project("{2150E333-8FDC-42A3-9474-1A3956D46DE8}") = "08_Interface", "08_Interface", "{EAE863C9-63B7-4179-B45A-324E7698916B}"
EndProject
Project("{FAE04EC0-301F-11D3-BF4B-00C04F79EFBC}") = "08.01.Interface", "08.01.Interface\08.01.Interface.csproj", "{ECB03157-9CBD-4CCB-A138-AF1360BB6874}"
EndProject
Project("{FAE04EC0-301F-11D3-BF4B-00C04F79EFBC}") = "08.02.DerivedInterface", "08.02.DerivedInterface\08.02.DerivedInterface.csproj", "{63420497-DB0B-40BE-8AFC-0156C0D892F6}"
EndProject
Project("{FAE04EC0-301F-11D3-BF4B-00C04F79EFBC}") = "08.03.MultiInterfaceInheritance", "08.03.MultiInterfaceInheritance\08.03.MultiInterfaceInheritance.csproj", "{0AC33A06-E6DC-46A4-BE87-80C152A83608}"
EndProject
Project("{FAE04EC0-301F-11D3-BF4B-00C04F79EFBC}") = "08.04.DefaultImplementation", "08.04.DefaultImplementation\08.04.DefaultImplementation.csproj", "{26576F23-2A30-422F-9426-3BDF46511374}"
EndProject
Project("{FAE04EC0-301F-11D3-BF4B-00C04F79EFBC}") = "08.05.AbstractClass", "08.05.AbstractClass\08.05.AbstractClass.csproj", "{72298EA9-C2BA-433B-B043-F8C7DAD73498}"
EndProject
Project("{2150E333-8FDC-42A3-9474-1A3956D46DE8}") = "09_Property", "09_Property", "{9136D982-389A-476B-A0C1-0E456DB980CE}"
EndProject
Project("{FAE04EC0-301F-11D3-BF4B-00C04F79EFBC}") = "09.01.Property", "09.01.Property\09.01.Property.csproj", "{C0B1C148-2B54-4F40-A6DF-12BD24DA2886}"
EndProject
Global
	GlobalSection(SolutionConfigurationPlatforms) = preSolution
		Debug|Any CPU = Debug|Any CPU
		Release|Any CPU = Release|Any CPU
	EndGlobalSection
	GlobalSection(ProjectConfigurationPlatforms) = postSolution
		{64DA8D00-A399-4BB5-91EA-A91BFB736EA8}.Debug|Any CPU.ActiveCfg = Debug|Any CPU
		{64DA8D00-A399-4BB5-91EA-A91BFB736EA8}.Debug|Any CPU.Build.0 = Debug|Any CPU
		{64DA8D00-A399-4BB5-91EA-A91BFB736EA8}.Release|Any CPU.ActiveCfg = Release|Any CPU
		{64DA8D00-A399-4BB5-91EA-A91BFB736EA8}.Release|Any CPU.Build.0 = Release|Any CPU
		{13C0CAF8-3FDD-4A28-930C-3546CD3ECB56}.Debug|Any CPU.ActiveCfg = Debug|Any CPU
		{13C0CAF8-3FDD-4A28-930C-3546CD3ECB56}.Debug|Any CPU.Build.0 = Debug|Any CPU
		{13C0CAF8-3FDD-4A28-930C-3546CD3ECB56}.Release|Any CPU.ActiveCfg = Release|Any CPU
		{13C0CAF8-3FDD-4A28-930C-3546CD3ECB56}.Release|Any CPU.Build.0 = Release|Any CPU
		{2889754A-A9EF-4DD6-BAD2-949C3AE4C726}.Debug|Any CPU.ActiveCfg = Debug|Any CPU
		{2889754A-A9EF-4DD6-BAD2-949C3AE4C726}.Debug|Any CPU.Build.0 = Debug|Any CPU
		{2889754A-A9EF-4DD6-BAD2-949C3AE4C726}.Release|Any CPU.ActiveCfg = Release|Any CPU
		{2889754A-A9EF-4DD6-BAD2-949C3AE4C726}.Release|Any CPU.Build.0 = Release|Any CPU
		{CB51EB44-6EF2-4BAC-B9E6-255C7662D941}.Debug|Any CPU.ActiveCfg = Debug|Any CPU
		{CB51EB44-6EF2-4BAC-B9E6-255C7662D941}.Debug|Any CPU.Build.0 = Debug|Any CPU
		{CB51EB44-6EF2-4BAC-B9E6-255C7662D941}.Release|Any CPU.ActiveCfg = Release|Any CPU
		{CB51EB44-6EF2-4BAC-B9E6-255C7662D941}.Release|Any CPU.Build.0 = Release|Any CPU
		{C67BAA63-4FE2-4129-B34D-5FC05502381A}.Debug|Any CPU.ActiveCfg = Debug|Any CPU
		{C67BAA63-4FE2-4129-B34D-5FC05502381A}.Debug|Any CPU.Build.0 = Debug|Any CPU
		{C67BAA63-4FE2-4129-B34D-5FC05502381A}.Release|Any CPU.ActiveCfg = Release|Any CPU
		{C67BAA63-4FE2-4129-B34D-5FC05502381A}.Release|Any CPU.Build.0 = Release|Any CPU
		{35FBF4CE-1A49-4E16-BE09-5CB0A84E97CD}.Debug|Any CPU.ActiveCfg = Debug|Any CPU
		{35FBF4CE-1A49-4E16-BE09-5CB0A84E97CD}.Debug|Any CPU.Build.0 = Debug|Any CPU
		{35FBF4CE-1A49-4E16-BE09-5CB0A84E97CD}.Release|Any CPU.ActiveCfg = Release|Any CPU
		{35FBF4CE-1A49-4E16-BE09-5CB0A84E97CD}.Release|Any CPU.Build.0 = Release|Any CPU
		{50EAD710-D267-4424-993D-5124C859184F}.Debug|Any CPU.ActiveCfg = Debug|Any CPU
		{50EAD710-D267-4424-993D-5124C859184F}.Debug|Any CPU.Build.0 = Debug|Any CPU
		{50EAD710-D267-4424-993D-5124C859184F}.Release|Any CPU.ActiveCfg = Release|Any CPU
		{50EAD710-D267-4424-993D-5124C859184F}.Release|Any CPU.Build.0 = Release|Any CPU
		{E3EA84C1-2AB9-40BE-A5C5-B5DAD0A1CA5B}.Debug|Any CPU.ActiveCfg = Debug|Any CPU
		{E3EA84C1-2AB9-40BE-A5C5-B5DAD0A1CA5B}.Debug|Any CPU.Build.0 = Debug|Any CPU
		{E3EA84C1-2AB9-40BE-A5C5-B5DAD0A1CA5B}.Release|Any CPU.ActiveCfg = Release|Any CPU
		{E3EA84C1-2AB9-40BE-A5C5-B5DAD0A1CA5B}.Release|Any CPU.Build.0 = Release|Any CPU
		{68E64A25-52AB-4130-B928-69A500DF7F35}.Debug|Any CPU.ActiveCfg = Debug|Any CPU
		{68E64A25-52AB-4130-B928-69A500DF7F35}.Debug|Any CPU.Build.0 = Debug|Any CPU
		{68E64A25-52AB-4130-B928-69A500DF7F35}.Release|Any CPU.ActiveCfg = Release|Any CPU
		{68E64A25-52AB-4130-B928-69A500DF7F35}.Release|Any CPU.Build.0 = Release|Any CPU
		{E12B8812-54EF-43F8-84B6-00827E5B89D2}.Debug|Any CPU.ActiveCfg = Debug|Any CPU
		{E12B8812-54EF-43F8-84B6-00827E5B89D2}.Debug|Any CPU.Build.0 = Debug|Any CPU
		{E12B8812-54EF-43F8-84B6-00827E5B89D2}.Release|Any CPU.ActiveCfg = Release|Any CPU
		{E12B8812-54EF-43F8-84B6-00827E5B89D2}.Release|Any CPU.Build.0 = Release|Any CPU
		{90DD104B-5884-4E71-A247-40B464D6229C}.Debug|Any CPU.ActiveCfg = Debug|Any CPU
		{90DD104B-5884-4E71-A247-40B464D6229C}.Debug|Any CPU.Build.0 = Debug|Any CPU
		{90DD104B-5884-4E71-A247-40B464D6229C}.Release|Any CPU.ActiveCfg = Release|Any CPU
		{90DD104B-5884-4E71-A247-40B464D6229C}.Release|Any CPU.Build.0 = Release|Any CPU
		{0F429704-40A4-4012-8BF4-A7EE29004E6A}.Debug|Any CPU.ActiveCfg = Debug|Any CPU
		{0F429704-40A4-4012-8BF4-A7EE29004E6A}.Debug|Any CPU.Build.0 = Debug|Any CPU
		{0F429704-40A4-4012-8BF4-A7EE29004E6A}.Release|Any CPU.ActiveCfg = Release|Any CPU
		{0F429704-40A4-4012-8BF4-A7EE29004E6A}.Release|Any CPU.Build.0 = Release|Any CPU
		{9AA83176-7C9D-4804-8D18-00B9FDAF7BE6}.Debug|Any CPU.ActiveCfg = Debug|Any CPU
		{9AA83176-7C9D-4804-8D18-00B9FDAF7BE6}.Debug|Any CPU.Build.0 = Debug|Any CPU
		{9AA83176-7C9D-4804-8D18-00B9FDAF7BE6}.Release|Any CPU.ActiveCfg = Release|Any CPU
		{9AA83176-7C9D-4804-8D18-00B9FDAF7BE6}.Release|Any CPU.Build.0 = Release|Any CPU
		{86B15DD7-0CC1-414D-AF9D-BF029E1A424D}.Debug|Any CPU.ActiveCfg = Debug|Any CPU
		{86B15DD7-0CC1-414D-AF9D-BF029E1A424D}.Debug|Any CPU.Build.0 = Debug|Any CPU
		{86B15DD7-0CC1-414D-AF9D-BF029E1A424D}.Release|Any CPU.ActiveCfg = Release|Any CPU
		{86B15DD7-0CC1-414D-AF9D-BF029E1A424D}.Release|Any CPU.Build.0 = Release|Any CPU
		{F9C9B4CA-233D-41F5-8362-F89E84F84283}.Debug|Any CPU.ActiveCfg = Debug|Any CPU
		{F9C9B4CA-233D-41F5-8362-F89E84F84283}.Debug|Any CPU.Build.0 = Debug|Any CPU
		{F9C9B4CA-233D-41F5-8362-F89E84F84283}.Release|Any CPU.ActiveCfg = Release|Any CPU
		{F9C9B4CA-233D-41F5-8362-F89E84F84283}.Release|Any CPU.Build.0 = Release|Any CPU
		{9CF03205-DEB6-46BE-A598-666051AB2590}.Debug|Any CPU.ActiveCfg = Debug|Any CPU
		{9CF03205-DEB6-46BE-A598-666051AB2590}.Debug|Any CPU.Build.0 = Debug|Any CPU
		{9CF03205-DEB6-46BE-A598-666051AB2590}.Release|Any CPU.ActiveCfg = Release|Any CPU
		{9CF03205-DEB6-46BE-A598-666051AB2590}.Release|Any CPU.Build.0 = Release|Any CPU
		{E72E1089-98EC-48A5-B7A9-CC7987C87F6E}.Debug|Any CPU.ActiveCfg = Debug|Any CPU
		{E72E1089-98EC-48A5-B7A9-CC7987C87F6E}.Debug|Any CPU.Build.0 = Debug|Any CPU
		{E72E1089-98EC-48A5-B7A9-CC7987C87F6E}.Release|Any CPU.ActiveCfg = Release|Any CPU
		{E72E1089-98EC-48A5-B7A9-CC7987C87F6E}.Release|Any CPU.Build.0 = Release|Any CPU
		{44F2A1CC-AF6C-4755-8967-993B92416419}.Debug|Any CPU.ActiveCfg = Debug|Any CPU
		{44F2A1CC-AF6C-4755-8967-993B92416419}.Debug|Any CPU.Build.0 = Debug|Any CPU
		{44F2A1CC-AF6C-4755-8967-993B92416419}.Release|Any CPU.ActiveCfg = Release|Any CPU
		{44F2A1CC-AF6C-4755-8967-993B92416419}.Release|Any CPU.Build.0 = Release|Any CPU
		{1CF5301D-1A87-492A-A033-F675B4A2B951}.Debug|Any CPU.ActiveCfg = Debug|Any CPU
		{1CF5301D-1A87-492A-A033-F675B4A2B951}.Debug|Any CPU.Build.0 = Debug|Any CPU
		{1CF5301D-1A87-492A-A033-F675B4A2B951}.Release|Any CPU.ActiveCfg = Release|Any CPU
		{1CF5301D-1A87-492A-A033-F675B4A2B951}.Release|Any CPU.Build.0 = Release|Any CPU
		{9AE08EEE-6CD8-4941-9002-A0D8A033546F}.Debug|Any CPU.ActiveCfg = Debug|Any CPU
		{9AE08EEE-6CD8-4941-9002-A0D8A033546F}.Debug|Any CPU.Build.0 = Debug|Any CPU
		{9AE08EEE-6CD8-4941-9002-A0D8A033546F}.Release|Any CPU.ActiveCfg = Release|Any CPU
		{9AE08EEE-6CD8-4941-9002-A0D8A033546F}.Release|Any CPU.Build.0 = Release|Any CPU
		{5F0BB555-1CEA-466B-9A51-4BA099D9EBBF}.Debug|Any CPU.ActiveCfg = Debug|Any CPU
		{5F0BB555-1CEA-466B-9A51-4BA099D9EBBF}.Debug|Any CPU.Build.0 = Debug|Any CPU
		{5F0BB555-1CEA-466B-9A51-4BA099D9EBBF}.Release|Any CPU.ActiveCfg = Release|Any CPU
		{5F0BB555-1CEA-466B-9A51-4BA099D9EBBF}.Release|Any CPU.Build.0 = Release|Any CPU
		{1988D8C0-EF93-46DC-B035-11FE875C8E88}.Debug|Any CPU.ActiveCfg = Debug|Any CPU
		{1988D8C0-EF93-46DC-B035-11FE875C8E88}.Debug|Any CPU.Build.0 = Debug|Any CPU
		{1988D8C0-EF93-46DC-B035-11FE875C8E88}.Release|Any CPU.ActiveCfg = Release|Any CPU
		{1988D8C0-EF93-46DC-B035-11FE875C8E88}.Release|Any CPU.Build.0 = Release|Any CPU
		{E7443B1A-349F-4B33-A338-6B5C4F38A1F4}.Debug|Any CPU.ActiveCfg = Debug|Any CPU
		{E7443B1A-349F-4B33-A338-6B5C4F38A1F4}.Debug|Any CPU.Build.0 = Debug|Any CPU
		{E7443B1A-349F-4B33-A338-6B5C4F38A1F4}.Release|Any CPU.ActiveCfg = Release|Any CPU
		{E7443B1A-349F-4B33-A338-6B5C4F38A1F4}.Release|Any CPU.Build.0 = Release|Any CPU
		{EA4E5F1D-E4C5-4651-A700-97F315D40801}.Debug|Any CPU.ActiveCfg = Debug|Any CPU
		{EA4E5F1D-E4C5-4651-A700-97F315D40801}.Debug|Any CPU.Build.0 = Debug|Any CPU
		{EA4E5F1D-E4C5-4651-A700-97F315D40801}.Release|Any CPU.ActiveCfg = Release|Any CPU
		{EA4E5F1D-E4C5-4651-A700-97F315D40801}.Release|Any CPU.Build.0 = Release|Any CPU
		{2A3CA5A9-56A6-4DF0-8C79-22EF166978CD}.Debug|Any CPU.ActiveCfg = Debug|Any CPU
		{2A3CA5A9-56A6-4DF0-8C79-22EF166978CD}.Debug|Any CPU.Build.0 = Debug|Any CPU
		{2A3CA5A9-56A6-4DF0-8C79-22EF166978CD}.Release|Any CPU.ActiveCfg = Release|Any CPU
		{2A3CA5A9-56A6-4DF0-8C79-22EF166978CD}.Release|Any CPU.Build.0 = Release|Any CPU
		{ECB03157-9CBD-4CCB-A138-AF1360BB6874}.Debug|Any CPU.ActiveCfg = Debug|Any CPU
		{ECB03157-9CBD-4CCB-A138-AF1360BB6874}.Debug|Any CPU.Build.0 = Debug|Any CPU
		{ECB03157-9CBD-4CCB-A138-AF1360BB6874}.Release|Any CPU.ActiveCfg = Release|Any CPU
		{ECB03157-9CBD-4CCB-A138-AF1360BB6874}.Release|Any CPU.Build.0 = Release|Any CPU
		{63420497-DB0B-40BE-8AFC-0156C0D892F6}.Debug|Any CPU.ActiveCfg = Debug|Any CPU
		{63420497-DB0B-40BE-8AFC-0156C0D892F6}.Debug|Any CPU.Build.0 = Debug|Any CPU
		{63420497-DB0B-40BE-8AFC-0156C0D892F6}.Release|Any CPU.ActiveCfg = Release|Any CPU
		{63420497-DB0B-40BE-8AFC-0156C0D892F6}.Release|Any CPU.Build.0 = Release|Any CPU
		{0AC33A06-E6DC-46A4-BE87-80C152A83608}.Debug|Any CPU.ActiveCfg = Debug|Any CPU
		{0AC33A06-E6DC-46A4-BE87-80C152A83608}.Debug|Any CPU.Build.0 = Debug|Any CPU
		{0AC33A06-E6DC-46A4-BE87-80C152A83608}.Release|Any CPU.ActiveCfg = Release|Any CPU
		{0AC33A06-E6DC-46A4-BE87-80C152A83608}.Release|Any CPU.Build.0 = Release|Any CPU
		{26576F23-2A30-422F-9426-3BDF46511374}.Debug|Any CPU.ActiveCfg = Debug|Any CPU
		{26576F23-2A30-422F-9426-3BDF46511374}.Debug|Any CPU.Build.0 = Debug|Any CPU
		{26576F23-2A30-422F-9426-3BDF46511374}.Release|Any CPU.ActiveCfg = Release|Any CPU
		{26576F23-2A30-422F-9426-3BDF46511374}.Release|Any CPU.Build.0 = Release|Any CPU
		{72298EA9-C2BA-433B-B043-F8C7DAD73498}.Debug|Any CPU.ActiveCfg = Debug|Any CPU
		{72298EA9-C2BA-433B-B043-F8C7DAD73498}.Debug|Any CPU.Build.0 = Debug|Any CPU
		{72298EA9-C2BA-433B-B043-F8C7DAD73498}.Release|Any CPU.ActiveCfg = Release|Any CPU
		{72298EA9-C2BA-433B-B043-F8C7DAD73498}.Release|Any CPU.Build.0 = Release|Any CPU
		{C0B1C148-2B54-4F40-A6DF-12BD24DA2886}.Debug|Any CPU.ActiveCfg = Debug|Any CPU
		{C0B1C148-2B54-4F40-A6DF-12BD24DA2886}.Debug|Any CPU.Build.0 = Debug|Any CPU
		{C0B1C148-2B54-4F40-A6DF-12BD24DA2886}.Release|Any CPU.ActiveCfg = Release|Any CPU
		{C0B1C148-2B54-4F40-A6DF-12BD24DA2886}.Release|Any CPU.Build.0 = Release|Any CPU
	EndGlobalSection
	GlobalSection(SolutionProperties) = preSolution
		HideSolutionNode = FALSE
	EndGlobalSection
	GlobalSection(NestedProjects) = preSolution
		{64DA8D00-A399-4BB5-91EA-A91BFB736EA8} = {7E1536EA-0743-4300-8D48-6FBFFFE59B45}
		{13C0CAF8-3FDD-4A28-930C-3546CD3ECB56} = {7E1536EA-0743-4300-8D48-6FBFFFE59B45}
		{2889754A-A9EF-4DD6-BAD2-949C3AE4C726} = {7E1536EA-0743-4300-8D48-6FBFFFE59B45}
		{CB51EB44-6EF2-4BAC-B9E6-255C7662D941} = {E59F328A-4D71-45B4-B5FA-35C79E117C8B}
		{7E1536EA-0743-4300-8D48-6FBFFFE59B45} = {BB5E33B1-0CD3-4402-873B-B700E21DF57B}
		{E59F328A-4D71-45B4-B5FA-35C79E117C8B} = {BB5E33B1-0CD3-4402-873B-B700E21DF57B}
		{76990E79-D87A-40A1-BFE9-2D9CB4C30D75} = {E59F328A-4D71-45B4-B5FA-35C79E117C8B}
		{C67BAA63-4FE2-4129-B34D-5FC05502381A} = {76990E79-D87A-40A1-BFE9-2D9CB4C30D75}
		{35FBF4CE-1A49-4E16-BE09-5CB0A84E97CD} = {76990E79-D87A-40A1-BFE9-2D9CB4C30D75}
		{50EAD710-D267-4424-993D-5124C859184F} = {76990E79-D87A-40A1-BFE9-2D9CB4C30D75}
		{E3EA84C1-2AB9-40BE-A5C5-B5DAD0A1CA5B} = {76990E79-D87A-40A1-BFE9-2D9CB4C30D75}
		{68E64A25-52AB-4130-B928-69A500DF7F35} = {76990E79-D87A-40A1-BFE9-2D9CB4C30D75}
		{E12B8812-54EF-43F8-84B6-00827E5B89D2} = {76990E79-D87A-40A1-BFE9-2D9CB4C30D75}
		{90DD104B-5884-4E71-A247-40B464D6229C} = {76990E79-D87A-40A1-BFE9-2D9CB4C30D75}
		{0F429704-40A4-4012-8BF4-A7EE29004E6A} = {76990E79-D87A-40A1-BFE9-2D9CB4C30D75}
		{9AA83176-7C9D-4804-8D18-00B9FDAF7BE6} = {76990E79-D87A-40A1-BFE9-2D9CB4C30D75}
		{86B15DD7-0CC1-414D-AF9D-BF029E1A424D} = {76990E79-D87A-40A1-BFE9-2D9CB4C30D75}
		{F9C9B4CA-233D-41F5-8362-F89E84F84283} = {76990E79-D87A-40A1-BFE9-2D9CB4C30D75}
		{9CF03205-DEB6-46BE-A598-666051AB2590} = {76990E79-D87A-40A1-BFE9-2D9CB4C30D75}
		{E72E1089-98EC-48A5-B7A9-CC7987C87F6E} = {76990E79-D87A-40A1-BFE9-2D9CB4C30D75}
		{44F2A1CC-AF6C-4755-8967-993B92416419} = {76990E79-D87A-40A1-BFE9-2D9CB4C30D75}
		{1CF5301D-1A87-492A-A033-F675B4A2B951} = {76990E79-D87A-40A1-BFE9-2D9CB4C30D75}
		{9AE08EEE-6CD8-4941-9002-A0D8A033546F} = {76990E79-D87A-40A1-BFE9-2D9CB4C30D75}
		{5F0BB555-1CEA-466B-9A51-4BA099D9EBBF} = {76990E79-D87A-40A1-BFE9-2D9CB4C30D75}
		{1988D8C0-EF93-46DC-B035-11FE875C8E88} = {76990E79-D87A-40A1-BFE9-2D9CB4C30D75}
		{E7443B1A-349F-4B33-A338-6B5C4F38A1F4} = {76990E79-D87A-40A1-BFE9-2D9CB4C30D75}
		{EA4E5F1D-E4C5-4651-A700-97F315D40801} = {76990E79-D87A-40A1-BFE9-2D9CB4C30D75}
		{2A3CA5A9-56A6-4DF0-8C79-22EF166978CD} = {76990E79-D87A-40A1-BFE9-2D9CB4C30D75}
		{EAE863C9-63B7-4179-B45A-324E7698916B} = {E59F328A-4D71-45B4-B5FA-35C79E117C8B}
		{ECB03157-9CBD-4CCB-A138-AF1360BB6874} = {EAE863C9-63B7-4179-B45A-324E7698916B}
		{63420497-DB0B-40BE-8AFC-0156C0D892F6} = {EAE863C9-63B7-4179-B45A-324E7698916B}
		{0AC33A06-E6DC-46A4-BE87-80C152A83608} = {EAE863C9-63B7-4179-B45A-324E7698916B}
		{26576F23-2A30-422F-9426-3BDF46511374} = {EAE863C9-63B7-4179-B45A-324E7698916B}
		{72298EA9-C2BA-433B-B043-F8C7DAD73498} = {EAE863C9-63B7-4179-B45A-324E7698916B}
		{9136D982-389A-476B-A0C1-0E456DB980CE} = {E59F328A-4D71-45B4-B5FA-35C79E117C8B}
		{C0B1C148-2B54-4F40-A6DF-12BD24DA2886} = {9136D982-389A-476B-A0C1-0E456DB980CE}
	EndGlobalSection
	GlobalSection(ExtensibilityGlobals) = postSolution
		SolutionGuid = {5AAA1E14-2D19-448A-816C-FF72E5709AB6}
	EndGlobalSection
EndGlobal
