
Microsoft Visual Studio Solution File, Format Version 12.00
# Visual Studio Version 17
VisualStudioVersion = 17.2.32516.85
MinimumVisualStudioVersion = 10.0.40219.1
Project("{9A19103F-16F7-4668-BE54-9A1E7A4F7556}") = "Calc", "Calc\Calc.csproj", "{64DA8D00-A399-4BB5-91EA-A91BFB736EA8}"
EndProject
Project("{9A19103F-16F7-4668-BE54-9A1E7A4F7556}") = "Calc_2", "Calc_2\Calc_2.csproj", "{13C0CAF8-3FDD-4A28-930C-3546CD3ECB56}"
EndProject
Project("{2150E333-8FDC-42A3-9474-1A3956D46DE8}") = "솔루션 항목", "솔루션 항목", "{BB5E33B1-0CD3-4402-873B-B700E21DF57B}"
EndProject
Project("{9A19103F-16F7-4668-BE54-9A1E7A4F7556}") = "NumBaseballGame", "NumBaseGame\NumBaseballGame.csproj", "{2889754A-A9EF-4DD6-BAD2-949C3AE4C726}"
EndProject
Project("{9A19103F-16F7-4668-BE54-9A1E7A4F7556}") = "18.1.1_Dir", "18.1.1_Dir\18.1.1_Dir.csproj", "{CB51EB44-6EF2-4BAC-B9E6-255C7662D941}"
EndProject
Project("{2150E333-8FDC-42A3-9474-1A3956D46DE8}") = "Test", "Test", "{7E1536EA-0743-4300-8D48-6FBFFFE59B45}"
EndProject
Project("{2150E333-8FDC-42A3-9474-1A3956D46DE8}") = "Example", "Example", "{E59F328A-4D71-45B4-B5FA-35C79E117C8B}"
EndProject
Project("{2150E333-8FDC-42A3-9474-1A3956D46DE8}") = "07_Class", "07_Class", "{76990E79-D87A-40A1-BFE9-2D9CB4C30D75}"
EndProject
Project("{9A19103F-16F7-4668-BE54-9A1E7A4F7556}") = "07.01.BasicClass", "07.BasicClass\07.01.BasicClass.csproj", "{C67BAA63-4FE2-4129-B34D-5FC05502381A}"
EndProject
Project("{9A19103F-16F7-4668-BE54-9A1E7A4F7556}") = "07.02.Constructor", "07.Constructor\07.02.Constructor.csproj", "{35FBF4CE-1A49-4E16-BE09-5CB0A84E97CD}"
EndProject
Project("{9A19103F-16F7-4668-BE54-9A1E7A4F7556}") = "07.03.StaticField", "07.StaticField\07.03.StaticField.csproj", "{50EAD710-D267-4424-993D-5124C859184F}"
EndProject
Project("{9A19103F-16F7-4668-BE54-9A1E7A4F7556}") = "07.04.DeepCopy", "07.DeepCopy\07.04.DeepCopy.csproj", "{E3EA84C1-2AB9-40BE-A5C5-B5DAD0A1CA5B}"
EndProject
Project("{9A19103F-16F7-4668-BE54-9A1E7A4F7556}") = "07.05.This", "07.5.This\07.05.This.csproj", "{68E64A25-52AB-4130-B928-69A500DF7F35}"
EndProject
Project("{9A19103F-16F7-4668-BE54-9A1E7A4F7556}") = "07.06.ThisConstructor", "07.6.ThisConstructor\07.06.ThisConstructor.csproj", "{E12B8812-54EF-43F8-84B6-00827E5B89D2}"
EndProject
Project("{9A19103F-16F7-4668-BE54-9A1E7A4F7556}") = "07.07.AccessModifier", "07.7.AccessModifier\07.07.AccessModifier.csproj", "{90DD104B-5884-4E71-A247-40B464D6229C}"
EndProject
Project("{9A19103F-16F7-4668-BE54-9A1E7A4F7556}") = "07.08.Inheritance", "07.8.Inheritance\07.08.Inheritance.csproj", "{0F429704-40A4-4012-8BF4-A7EE29004E6A}"
EndProject
Project("{9A19103F-16F7-4668-BE54-9A1E7A4F7556}") = "07.09.TypeCasting", "7.9.TypeCasting\07.09.TypeCasting.csproj", "{9AA83176-7C9D-4804-8D18-00B9FDAF7BE6}"
EndProject
Project("{9A19103F-16F7-4668-BE54-9A1E7A4F7556}") = "07.10.Overriding", "07.10.Overriding\07.10.Overriding.csproj", "{86B15DD7-0CC1-414D-AF9D-BF029E1A424D}"
EndProject
Project("{9A19103F-16F7-4668-BE54-9A1E7A4F7556}") = "07.11.MethodHiding", "07.11.MethodHiding\07.11.MethodHiding.csproj", "{F9C9B4CA-233D-41F5-8362-F89E84F84283}"
EndProject
Project("{9A19103F-16F7-4668-BE54-9A1E7A4F7556}") = "07.12.SealedMethod", "07.12.SealedMethod\07.12.SealedMethod.csproj", "{9CF03205-DEB6-46BE-A598-666051AB2590}"
EndProject
Project("{9A19103F-16F7-4668-BE54-9A1E7A4F7556}") = "07.13.ReadonlyFields", "07.13.ReadonlyFields\07.13.ReadonlyFields.csproj", "{E72E1089-98EC-48A5-B7A9-CC7987C87F6E}"
EndProject
Project("{9A19103F-16F7-4668-BE54-9A1E7A4F7556}") = "07.14.NestedClass", "07.14.NestedClass\07.14.NestedClass.csproj", "{44F2A1CC-AF6C-4755-8967-993B92416419}"
EndProject
Project("{9A19103F-16F7-4668-BE54-9A1E7A4F7556}") = "07.15.PartialClass", "07.15.PartialClass\07.15.PartialClass.csproj", "{1CF5301D-1A87-492A-A033-F675B4A2B951}"
EndProject
Project("{9A19103F-16F7-4668-BE54-9A1E7A4F7556}") = "07.16.ExtensionMethod", "07.16.ExtensionMethod\07.16.ExtensionMethod.csproj", "{9AE08EEE-6CD8-4941-9002-A0D8A033546F}"
EndProject
Project("{9A19103F-16F7-4668-BE54-9A1E7A4F7556}") = "07.17.Structure", "7.17.Structure\07.17.Structure.csproj", "{5F0BB555-1CEA-466B-9A51-4BA099D9EBBF}"
EndProject
Project("{9A19103F-16F7-4668-BE54-9A1E7A4F7556}") = "07.18.ReadonlyStruct", "07.18.ReadonlyStruct\07.18.ReadonlyStruct.csproj", "{1988D8C0-EF93-46DC-B035-11FE875C8E88}"
EndProject
Project("{9A19103F-16F7-4668-BE54-9A1E7A4F7556}") = "07.19.ReadonlyMethod", "07.19.ReadonlyMethod\07.19.ReadonlyMethod.csproj", "{E7443B1A-349F-4B33-A338-6B5C4F38A1F4}"
EndProject
Project("{9A19103F-16F7-4668-BE54-9A1E7A4F7556}") = "07.20.Tuple", "07.20.Tuple\07.20.Tuple.csproj", "{EA4E5F1D-E4C5-4651-A700-97F315D40801}"
EndProject
Project("{9A19103F-16F7-4668-BE54-9A1E7A4F7556}") = "07.21.PoitionalPattern", "07.21.PoitionalPattern\07.21.PoitionalPattern.csproj", "{2A3CA5A9-56A6-4DF0-8C79-22EF166978CD}"
EndProject
Project("{2150E333-8FDC-42A3-9474-1A3956D46DE8}") = "08_Interface", "08_Interface", "{EAE863C9-63B7-4179-B45A-324E7698916B}"
EndProject
Project("{9A19103F-16F7-4668-BE54-9A1E7A4F7556}") = "08.01.Interface", "08.01.Interface\08.01.Interface.csproj", "{ECB03157-9CBD-4CCB-A138-AF1360BB6874}"
EndProject
Project("{9A19103F-16F7-4668-BE54-9A1E7A4F7556}") = "08.02.DerivedInterface", "08.02.DerivedInterface\08.02.DerivedInterface.csproj", "{63420497-DB0B-40BE-8AFC-0156C0D892F6}"
EndProject
Project("{9A19103F-16F7-4668-BE54-9A1E7A4F7556}") = "08.03.MultiInterfaceInheritance", "08.03.MultiInterfaceInheritance\08.03.MultiInterfaceInheritance.csproj", "{0AC33A06-E6DC-46A4-BE87-80C152A83608}"
EndProject
Project("{9A19103F-16F7-4668-BE54-9A1E7A4F7556}") = "08.04.DefaultImplementation", "08.04.DefaultImplementation\08.04.DefaultImplementation.csproj", "{26576F23-2A30-422F-9426-3BDF46511374}"
EndProject
Project("{9A19103F-16F7-4668-BE54-9A1E7A4F7556}") = "08.05.AbstractClass", "08.05.AbstractClass\08.05.AbstractClass.csproj", "{72298EA9-C2BA-433B-B043-F8C7DAD73498}"
EndProject
Project("{2150E333-8FDC-42A3-9474-1A3956D46DE8}") = "09_Property", "09_Property", "{9136D982-389A-476B-A0C1-0E456DB980CE}"
EndProject
Project("{9A19103F-16F7-4668-BE54-9A1E7A4F7556}") = "09.01.Property", "09.01.Property\09.01.Property.csproj", "{C0B1C148-2B54-4F40-A6DF-12BD24DA2886}"
EndProject
Project("{9A19103F-16F7-4668-BE54-9A1E7A4F7556}") = "09.02.AutoImplementedProperty", "09.02.AutoImplementedProperty\09.02.AutoImplementedProperty.csproj", "{580A549E-F09B-432B-853D-8FD75F1DCF43}"
EndProject
Project("{9A19103F-16F7-4668-BE54-9A1E7A4F7556}") = "09.03.ConstructorWithProperty", "09.03.ConstructorWithProperty\09.03.ConstructorWithProperty.csproj", "{F333FC8D-0867-4F96-9841-FDA63A95427E}"
EndProject
Project("{9A19103F-16F7-4668-BE54-9A1E7A4F7556}") = "09.04.InitOnly", "09.04.InitOnly\09.04.InitOnly.csproj", "{94C66BAC-B283-46D2-9F66-1553BED5A4D0}"
EndProject
Project("{9A19103F-16F7-4668-BE54-9A1E7A4F7556}") = "09.05.Record", "09.05.Record\09.05.Record.csproj", "{60A11E3C-7588-44B2-998C-44CC9B93CB4B}"
EndProject
Project("{9A19103F-16F7-4668-BE54-9A1E7A4F7556}") = "09.06.WithExp", "09.06.WithExp\09.06.WithExp.csproj", "{6C8FAD75-8B6F-459C-8039-D8064BF6375B}"
EndProject
Project("{9A19103F-16F7-4668-BE54-9A1E7A4F7556}") = "09.07.RecordComp", "09.07.RecordComp\09.07.RecordComp.csproj", "{BD5031B8-17A3-46FF-B0AD-91E23D039419}"
EndProject
Project("{9A19103F-16F7-4668-BE54-9A1E7A4F7556}") = "09.08.AnonymousType", "09.08.AnonymousType\09.08.AnonymousType.csproj", "{EBB08AB0-A622-4392-84C4-787DA0BF7AFD}"
EndProject
Project("{9A19103F-16F7-4668-BE54-9A1E7A4F7556}") = "09.09.PropertiesInInterface", "09.09.PropertiesInInterface\09.09.PropertiesInInterface.csproj", "{A9A70545-3714-4303-B743-0C7139F8DA87}"
EndProject
Project("{9A19103F-16F7-4668-BE54-9A1E7A4F7556}") = "09.10.PropertiesInAbstractClass", "09.10.PropertiesInAbstractClass\09.10.PropertiesInAbstractClass.csproj", "{EDA29D83-7B9D-4DAE-8508-E2E269F10A39}"
EndProject
Project("{2150E333-8FDC-42A3-9474-1A3956D46DE8}") = "10_Array_Collection_Indexer", "10_Array_Collection_Indexer", "{7B1D076C-45D4-4099-986E-FFA41AF57838}"
EndProject
Project("{9A19103F-16F7-4668-BE54-9A1E7A4F7556}") = "10.01.ArraySample", "10.01.ArraySample\10.01.ArraySample.csproj", "{B36467CF-24D1-457C-8EED-0A463D128FF2}"
EndProject
Project("{9A19103F-16F7-4668-BE54-9A1E7A4F7556}") = "10.02.ArraySample2", "10.02.ArraySample2\10.02.ArraySample2.csproj", "{8276458F-BFA6-41B2-BDBA-37E01AC83BB6}"
EndProject
Project("{9A19103F-16F7-4668-BE54-9A1E7A4F7556}") = "10.03.InitializingArray", "10.03.InitializingArray\10.03.InitializingArray.csproj", "{90F99B55-6C7D-466F-9B9F-DD1FE2EBA345}"
EndProject
Project("{9A19103F-16F7-4668-BE54-9A1E7A4F7556}") = "10.04.Array_DerivedFromArray", "10.04.Array_DerivedFromArray\10.04.Array_DerivedFromArray.csproj", "{F953BABA-A0B8-4DF4-8FF3-A91159FBF259}"
EndProject
Project("{9A19103F-16F7-4668-BE54-9A1E7A4F7556}") = "10.05.MoreOnArray", "10.05.MoreOnArray\10.05.MoreOnArray.csproj", "{E956EC87-92A3-4AB5-9ABB-FCE9C77FF3B4}"
EndProject
Project("{9A19103F-16F7-4668-BE54-9A1E7A4F7556}") = "10.06.Slice", "10.06.Slice\10.06.Slice.csproj", "{6D6BDC89-349E-40F0-B838-6CB60928B119}"
EndProject
Project("{9A19103F-16F7-4668-BE54-9A1E7A4F7556}") = "10.07.2DArray", "10.07.2DArray\10.07.2DArray.csproj", "{CD3575A1-D0AC-43FB-8101-4A7578D257F7}"
EndProject
Project("{9A19103F-16F7-4668-BE54-9A1E7A4F7556}") = "10.08.3DArray", "10.08.3DArray\10.08.3DArray.csproj", "{953CCA43-BF31-4493-A3CF-65C1FCE6D181}"
EndProject
Project("{9A19103F-16F7-4668-BE54-9A1E7A4F7556}") = "10.09.JaggedArray", "10.09.JaggedArray\10.09.JaggedArray.csproj", "{14F8BF17-068F-4D6E-A5A0-62B24B48EDED}"
EndProject
Project("{9A19103F-16F7-4668-BE54-9A1E7A4F7556}") = "10.10.UsingList", "10.10.UsingList\10.10.UsingList.csproj", "{E9BA1AF2-B747-495E-99C2-94D37E901FA3}"
EndProject
Project("{9A19103F-16F7-4668-BE54-9A1E7A4F7556}") = "10.11.UsingQueue", "10.11.UsingQueue\10.11.UsingQueue.csproj", "{FBFBC5DE-393D-4E09-9323-FABE47D8D3F8}"
EndProject
Project("{9A19103F-16F7-4668-BE54-9A1E7A4F7556}") = "10.12.UsingStack", "10.12.UsingStack\10.12.UsingStack.csproj", "{8830095B-6C7D-4EA7-9BD4-9ACDC1CDBB17}"
EndProject
Project("{9A19103F-16F7-4668-BE54-9A1E7A4F7556}") = "10.13.UsingHashtable", "10.13.UsingHashtable\10.13.UsingHashtable.csproj", "{605CB00D-6B3A-4B42-A486-11B732DE2B8D}"
EndProject
Project("{9A19103F-16F7-4668-BE54-9A1E7A4F7556}") = "10.14.InitializingCollections", "10.14.InitializingCollections\10.14.InitializingCollections.csproj", "{07628465-12B8-421A-80C2-20A267DAD495}"
EndProject
Project("{9A19103F-16F7-4668-BE54-9A1E7A4F7556}") = "10.15.Indexer", "10.15.Indexer\10.15.Indexer.csproj", "{B33B9F93-FB9B-42D4-9654-66AC449389D4}"
EndProject
Project("{9A19103F-16F7-4668-BE54-9A1E7A4F7556}") = "10.16.Yield", "10.16.Yield\10.16.Yield.csproj", "{0C161D4A-80F8-466B-A1BC-8E897652ECB2}"
EndProject
Project("{9A19103F-16F7-4668-BE54-9A1E7A4F7556}") = "10.17.Enumerable", "10.17.Enumerable\10.17.Enumerable.csproj", "{B5DD2C0D-FA18-4A6A-BCD5-72907B6DDA56}"
EndProject
Project("{2150E333-8FDC-42A3-9474-1A3956D46DE8}") = "11_Generalization", "11_Generalization", "{627E1C32-FE7F-4E5B-B106-B1DA0F9746DE}"
EndProject
Project("{9A19103F-16F7-4668-BE54-9A1E7A4F7556}") = "11.01.CopyingArray", "11.01.CopyingArray\11.01.CopyingArray.csproj", "{039CDB9C-095A-4146-9E80-9C61AA418743}"
EndProject
Project("{9A19103F-16F7-4668-BE54-9A1E7A4F7556}") = "11.02.Generic", "11.01.Generic\11.02.Generic.csproj", "{6384C28C-4EE4-4251-8921-6CEDD96A763F}"
EndProject
Project("{9A19103F-16F7-4668-BE54-9A1E7A4F7556}") = "11.03.ConstraintOnTypeParameters", "11.03.ConstraintOnTypeParameters\11.03.ConstraintOnTypeParameters.csproj", "{7AECA4A9-C51D-4C62-8501-C60094CCD724}"
EndProject
Project("{9A19103F-16F7-4668-BE54-9A1E7A4F7556}") = "11.04.UsingGenericList", "11.04.UsingGenericList\11.04.UsingGenericList.csproj", "{B86CA8E8-F49F-4E70-A2EA-23073C5ED0BB}"
EndProject
Project("{9A19103F-16F7-4668-BE54-9A1E7A4F7556}") = "11.05.UsingGenericQueue", "11.05.UsingGenericQueue\11.05.UsingGenericQueue.csproj", "{7D78FACA-2AA1-4B51-8C5D-BF646C0B4663}"
EndProject
Project("{9A19103F-16F7-4668-BE54-9A1E7A4F7556}") = "11.06.UsingGenericStack", "11.06.UsingStack\11.06.UsingGenericStack.csproj", "{23772B40-BC60-4ABA-B42A-45D42796F4F0}"
EndProject
Project("{9A19103F-16F7-4668-BE54-9A1E7A4F7556}") = "11.07.UsingDictionary", "11.07.UsingDictionary\11.07.UsingDictionary.csproj", "{91E50B40-0D01-4FBC-B460-B8437D715512}"
EndProject
Project("{9A19103F-16F7-4668-BE54-9A1E7A4F7556}") = "11.08.EnumerableGeneric", "11.08.EnumerableGeneric\11.08.EnumerableGeneric.csproj", "{F5B92A58-5AFE-48B6-8837-1A6268409BF2}"
EndProject
Project("{2150E333-8FDC-42A3-9474-1A3956D46DE8}") = "12_Exception", "12_Exception", "{2B741D0C-601A-4FF9-9F10-2603A5120FBA}"
EndProject
Project("{2150E333-8FDC-42A3-9474-1A3956D46DE8}") = "13_Delegate_Event", "13_Delegate_Event", "{261B05AB-3036-4282-BD8A-62C6125A520C}"
EndProject
Project("{FAE04EC0-301F-11D3-BF4B-00C04F79EFBC}") = "12.01_KillingProgram", "12.01_KillingProgram\12.01_KillingProgram.csproj", "{EFBC9001-C3D6-4D8E-9F47-7A8CC660E46F}"
EndProject
Global
	GlobalSection(SolutionConfigurationPlatforms) = preSolution
		Debug|Any CPU = Debug|Any CPU
		Release|Any CPU = Release|Any CPU
	EndGlobalSection
	GlobalSection(ProjectConfigurationPlatforms) = postSolution
		{64DA8D00-A399-4BB5-91EA-A91BFB736EA8}.Debug|Any CPU.ActiveCfg = Debug|Any CPU
		{64DA8D00-A399-4BB5-91EA-A91BFB736EA8}.Debug|Any CPU.Build.0 = Debug|Any CPU
		{64DA8D00-A399-4BB5-91EA-A91BFB736EA8}.Release|Any CPU.ActiveCfg = Release|Any CPU
		{64DA8D00-A399-4BB5-91EA-A91BFB736EA8}.Release|Any CPU.Build.0 = Release|Any CPU
		{13C0CAF8-3FDD-4A28-930C-3546CD3ECB56}.Debug|Any CPU.ActiveCfg = Debug|Any CPU
		{13C0CAF8-3FDD-4A28-930C-3546CD3ECB56}.Debug|Any CPU.Build.0 = Debug|Any CPU
		{13C0CAF8-3FDD-4A28-930C-3546CD3ECB56}.Release|Any CPU.ActiveCfg = Release|Any CPU
		{13C0CAF8-3FDD-4A28-930C-3546CD3ECB56}.Release|Any CPU.Build.0 = Release|Any CPU
		{2889754A-A9EF-4DD6-BAD2-949C3AE4C726}.Debug|Any CPU.ActiveCfg = Debug|Any CPU
		{2889754A-A9EF-4DD6-BAD2-949C3AE4C726}.Debug|Any CPU.Build.0 = Debug|Any CPU
		{2889754A-A9EF-4DD6-BAD2-949C3AE4C726}.Release|Any CPU.ActiveCfg = Release|Any CPU
		{2889754A-A9EF-4DD6-BAD2-949C3AE4C726}.Release|Any CPU.Build.0 = Release|Any CPU
		{CB51EB44-6EF2-4BAC-B9E6-255C7662D941}.Debug|Any CPU.ActiveCfg = Debug|Any CPU
		{CB51EB44-6EF2-4BAC-B9E6-255C7662D941}.Debug|Any CPU.Build.0 = Debug|Any CPU
		{CB51EB44-6EF2-4BAC-B9E6-255C7662D941}.Release|Any CPU.ActiveCfg = Release|Any CPU
		{CB51EB44-6EF2-4BAC-B9E6-255C7662D941}.Release|Any CPU.Build.0 = Release|Any CPU
		{C67BAA63-4FE2-4129-B34D-5FC05502381A}.Debug|Any CPU.ActiveCfg = Debug|Any CPU
		{C67BAA63-4FE2-4129-B34D-5FC05502381A}.Debug|Any CPU.Build.0 = Debug|Any CPU
		{C67BAA63-4FE2-4129-B34D-5FC05502381A}.Release|Any CPU.ActiveCfg = Release|Any CPU
		{C67BAA63-4FE2-4129-B34D-5FC05502381A}.Release|Any CPU.Build.0 = Release|Any CPU
		{35FBF4CE-1A49-4E16-BE09-5CB0A84E97CD}.Debug|Any CPU.ActiveCfg = Debug|Any CPU
		{35FBF4CE-1A49-4E16-BE09-5CB0A84E97CD}.Debug|Any CPU.Build.0 = Debug|Any CPU
		{35FBF4CE-1A49-4E16-BE09-5CB0A84E97CD}.Release|Any CPU.ActiveCfg = Release|Any CPU
		{35FBF4CE-1A49-4E16-BE09-5CB0A84E97CD}.Release|Any CPU.Build.0 = Release|Any CPU
		{50EAD710-D267-4424-993D-5124C859184F}.Debug|Any CPU.ActiveCfg = Debug|Any CPU
		{50EAD710-D267-4424-993D-5124C859184F}.Debug|Any CPU.Build.0 = Debug|Any CPU
		{50EAD710-D267-4424-993D-5124C859184F}.Release|Any CPU.ActiveCfg = Release|Any CPU
		{50EAD710-D267-4424-993D-5124C859184F}.Release|Any CPU.Build.0 = Release|Any CPU
		{E3EA84C1-2AB9-40BE-A5C5-B5DAD0A1CA5B}.Debug|Any CPU.ActiveCfg = Debug|Any CPU
		{E3EA84C1-2AB9-40BE-A5C5-B5DAD0A1CA5B}.Debug|Any CPU.Build.0 = Debug|Any CPU
		{E3EA84C1-2AB9-40BE-A5C5-B5DAD0A1CA5B}.Release|Any CPU.ActiveCfg = Release|Any CPU
		{E3EA84C1-2AB9-40BE-A5C5-B5DAD0A1CA5B}.Release|Any CPU.Build.0 = Release|Any CPU
		{68E64A25-52AB-4130-B928-69A500DF7F35}.Debug|Any CPU.ActiveCfg = Debug|Any CPU
		{68E64A25-52AB-4130-B928-69A500DF7F35}.Debug|Any CPU.Build.0 = Debug|Any CPU
		{68E64A25-52AB-4130-B928-69A500DF7F35}.Release|Any CPU.ActiveCfg = Release|Any CPU
		{68E64A25-52AB-4130-B928-69A500DF7F35}.Release|Any CPU.Build.0 = Release|Any CPU
		{E12B8812-54EF-43F8-84B6-00827E5B89D2}.Debug|Any CPU.ActiveCfg = Debug|Any CPU
		{E12B8812-54EF-43F8-84B6-00827E5B89D2}.Debug|Any CPU.Build.0 = Debug|Any CPU
		{E12B8812-54EF-43F8-84B6-00827E5B89D2}.Release|Any CPU.ActiveCfg = Release|Any CPU
		{E12B8812-54EF-43F8-84B6-00827E5B89D2}.Release|Any CPU.Build.0 = Release|Any CPU
		{90DD104B-5884-4E71-A247-40B464D6229C}.Debug|Any CPU.ActiveCfg = Debug|Any CPU
		{90DD104B-5884-4E71-A247-40B464D6229C}.Debug|Any CPU.Build.0 = Debug|Any CPU
		{90DD104B-5884-4E71-A247-40B464D6229C}.Release|Any CPU.ActiveCfg = Release|Any CPU
		{90DD104B-5884-4E71-A247-40B464D6229C}.Release|Any CPU.Build.0 = Release|Any CPU
		{0F429704-40A4-4012-8BF4-A7EE29004E6A}.Debug|Any CPU.ActiveCfg = Debug|Any CPU
		{0F429704-40A4-4012-8BF4-A7EE29004E6A}.Debug|Any CPU.Build.0 = Debug|Any CPU
		{0F429704-40A4-4012-8BF4-A7EE29004E6A}.Release|Any CPU.ActiveCfg = Release|Any CPU
		{0F429704-40A4-4012-8BF4-A7EE29004E6A}.Release|Any CPU.Build.0 = Release|Any CPU
		{9AA83176-7C9D-4804-8D18-00B9FDAF7BE6}.Debug|Any CPU.ActiveCfg = Debug|Any CPU
		{9AA83176-7C9D-4804-8D18-00B9FDAF7BE6}.Debug|Any CPU.Build.0 = Debug|Any CPU
		{9AA83176-7C9D-4804-8D18-00B9FDAF7BE6}.Release|Any CPU.ActiveCfg = Release|Any CPU
		{9AA83176-7C9D-4804-8D18-00B9FDAF7BE6}.Release|Any CPU.Build.0 = Release|Any CPU
		{86B15DD7-0CC1-414D-AF9D-BF029E1A424D}.Debug|Any CPU.ActiveCfg = Debug|Any CPU
		{86B15DD7-0CC1-414D-AF9D-BF029E1A424D}.Debug|Any CPU.Build.0 = Debug|Any CPU
		{86B15DD7-0CC1-414D-AF9D-BF029E1A424D}.Release|Any CPU.ActiveCfg = Release|Any CPU
		{86B15DD7-0CC1-414D-AF9D-BF029E1A424D}.Release|Any CPU.Build.0 = Release|Any CPU
		{F9C9B4CA-233D-41F5-8362-F89E84F84283}.Debug|Any CPU.ActiveCfg = Debug|Any CPU
		{F9C9B4CA-233D-41F5-8362-F89E84F84283}.Debug|Any CPU.Build.0 = Debug|Any CPU
		{F9C9B4CA-233D-41F5-8362-F89E84F84283}.Release|Any CPU.ActiveCfg = Release|Any CPU
		{F9C9B4CA-233D-41F5-8362-F89E84F84283}.Release|Any CPU.Build.0 = Release|Any CPU
		{9CF03205-DEB6-46BE-A598-666051AB2590}.Debug|Any CPU.ActiveCfg = Debug|Any CPU
		{9CF03205-DEB6-46BE-A598-666051AB2590}.Debug|Any CPU.Build.0 = Debug|Any CPU
		{9CF03205-DEB6-46BE-A598-666051AB2590}.Release|Any CPU.ActiveCfg = Release|Any CPU
		{9CF03205-DEB6-46BE-A598-666051AB2590}.Release|Any CPU.Build.0 = Release|Any CPU
		{E72E1089-98EC-48A5-B7A9-CC7987C87F6E}.Debug|Any CPU.ActiveCfg = Debug|Any CPU
		{E72E1089-98EC-48A5-B7A9-CC7987C87F6E}.Debug|Any CPU.Build.0 = Debug|Any CPU
		{E72E1089-98EC-48A5-B7A9-CC7987C87F6E}.Release|Any CPU.ActiveCfg = Release|Any CPU
		{E72E1089-98EC-48A5-B7A9-CC7987C87F6E}.Release|Any CPU.Build.0 = Release|Any CPU
		{44F2A1CC-AF6C-4755-8967-993B92416419}.Debug|Any CPU.ActiveCfg = Debug|Any CPU
		{44F2A1CC-AF6C-4755-8967-993B92416419}.Debug|Any CPU.Build.0 = Debug|Any CPU
		{44F2A1CC-AF6C-4755-8967-993B92416419}.Release|Any CPU.ActiveCfg = Release|Any CPU
		{44F2A1CC-AF6C-4755-8967-993B92416419}.Release|Any CPU.Build.0 = Release|Any CPU
		{1CF5301D-1A87-492A-A033-F675B4A2B951}.Debug|Any CPU.ActiveCfg = Debug|Any CPU
		{1CF5301D-1A87-492A-A033-F675B4A2B951}.Debug|Any CPU.Build.0 = Debug|Any CPU
		{1CF5301D-1A87-492A-A033-F675B4A2B951}.Release|Any CPU.ActiveCfg = Release|Any CPU
		{1CF5301D-1A87-492A-A033-F675B4A2B951}.Release|Any CPU.Build.0 = Release|Any CPU
		{9AE08EEE-6CD8-4941-9002-A0D8A033546F}.Debug|Any CPU.ActiveCfg = Debug|Any CPU
		{9AE08EEE-6CD8-4941-9002-A0D8A033546F}.Debug|Any CPU.Build.0 = Debug|Any CPU
		{9AE08EEE-6CD8-4941-9002-A0D8A033546F}.Release|Any CPU.ActiveCfg = Release|Any CPU
		{9AE08EEE-6CD8-4941-9002-A0D8A033546F}.Release|Any CPU.Build.0 = Release|Any CPU
		{5F0BB555-1CEA-466B-9A51-4BA099D9EBBF}.Debug|Any CPU.ActiveCfg = Debug|Any CPU
		{5F0BB555-1CEA-466B-9A51-4BA099D9EBBF}.Debug|Any CPU.Build.0 = Debug|Any CPU
		{5F0BB555-1CEA-466B-9A51-4BA099D9EBBF}.Release|Any CPU.ActiveCfg = Release|Any CPU
		{5F0BB555-1CEA-466B-9A51-4BA099D9EBBF}.Release|Any CPU.Build.0 = Release|Any CPU
		{1988D8C0-EF93-46DC-B035-11FE875C8E88}.Debug|Any CPU.ActiveCfg = Debug|Any CPU
		{1988D8C0-EF93-46DC-B035-11FE875C8E88}.Debug|Any CPU.Build.0 = Debug|Any CPU
		{1988D8C0-EF93-46DC-B035-11FE875C8E88}.Release|Any CPU.ActiveCfg = Release|Any CPU
		{1988D8C0-EF93-46DC-B035-11FE875C8E88}.Release|Any CPU.Build.0 = Release|Any CPU
		{E7443B1A-349F-4B33-A338-6B5C4F38A1F4}.Debug|Any CPU.ActiveCfg = Debug|Any CPU
		{E7443B1A-349F-4B33-A338-6B5C4F38A1F4}.Debug|Any CPU.Build.0 = Debug|Any CPU
		{E7443B1A-349F-4B33-A338-6B5C4F38A1F4}.Release|Any CPU.ActiveCfg = Release|Any CPU
		{E7443B1A-349F-4B33-A338-6B5C4F38A1F4}.Release|Any CPU.Build.0 = Release|Any CPU
		{EA4E5F1D-E4C5-4651-A700-97F315D40801}.Debug|Any CPU.ActiveCfg = Debug|Any CPU
		{EA4E5F1D-E4C5-4651-A700-97F315D40801}.Debug|Any CPU.Build.0 = Debug|Any CPU
		{EA4E5F1D-E4C5-4651-A700-97F315D40801}.Release|Any CPU.ActiveCfg = Release|Any CPU
		{EA4E5F1D-E4C5-4651-A700-97F315D40801}.Release|Any CPU.Build.0 = Release|Any CPU
		{2A3CA5A9-56A6-4DF0-8C79-22EF166978CD}.Debug|Any CPU.ActiveCfg = Debug|Any CPU
		{2A3CA5A9-56A6-4DF0-8C79-22EF166978CD}.Debug|Any CPU.Build.0 = Debug|Any CPU
		{2A3CA5A9-56A6-4DF0-8C79-22EF166978CD}.Release|Any CPU.ActiveCfg = Release|Any CPU
		{2A3CA5A9-56A6-4DF0-8C79-22EF166978CD}.Release|Any CPU.Build.0 = Release|Any CPU
		{ECB03157-9CBD-4CCB-A138-AF1360BB6874}.Debug|Any CPU.ActiveCfg = Debug|Any CPU
		{ECB03157-9CBD-4CCB-A138-AF1360BB6874}.Debug|Any CPU.Build.0 = Debug|Any CPU
		{ECB03157-9CBD-4CCB-A138-AF1360BB6874}.Release|Any CPU.ActiveCfg = Release|Any CPU
		{ECB03157-9CBD-4CCB-A138-AF1360BB6874}.Release|Any CPU.Build.0 = Release|Any CPU
		{63420497-DB0B-40BE-8AFC-0156C0D892F6}.Debug|Any CPU.ActiveCfg = Debug|Any CPU
		{63420497-DB0B-40BE-8AFC-0156C0D892F6}.Debug|Any CPU.Build.0 = Debug|Any CPU
		{63420497-DB0B-40BE-8AFC-0156C0D892F6}.Release|Any CPU.ActiveCfg = Release|Any CPU
		{63420497-DB0B-40BE-8AFC-0156C0D892F6}.Release|Any CPU.Build.0 = Release|Any CPU
		{0AC33A06-E6DC-46A4-BE87-80C152A83608}.Debug|Any CPU.ActiveCfg = Debug|Any CPU
		{0AC33A06-E6DC-46A4-BE87-80C152A83608}.Debug|Any CPU.Build.0 = Debug|Any CPU
		{0AC33A06-E6DC-46A4-BE87-80C152A83608}.Release|Any CPU.ActiveCfg = Release|Any CPU
		{0AC33A06-E6DC-46A4-BE87-80C152A83608}.Release|Any CPU.Build.0 = Release|Any CPU
		{26576F23-2A30-422F-9426-3BDF46511374}.Debug|Any CPU.ActiveCfg = Debug|Any CPU
		{26576F23-2A30-422F-9426-3BDF46511374}.Debug|Any CPU.Build.0 = Debug|Any CPU
		{26576F23-2A30-422F-9426-3BDF46511374}.Release|Any CPU.ActiveCfg = Release|Any CPU
		{26576F23-2A30-422F-9426-3BDF46511374}.Release|Any CPU.Build.0 = Release|Any CPU
		{72298EA9-C2BA-433B-B043-F8C7DAD73498}.Debug|Any CPU.ActiveCfg = Debug|Any CPU
		{72298EA9-C2BA-433B-B043-F8C7DAD73498}.Debug|Any CPU.Build.0 = Debug|Any CPU
		{72298EA9-C2BA-433B-B043-F8C7DAD73498}.Release|Any CPU.ActiveCfg = Release|Any CPU
		{72298EA9-C2BA-433B-B043-F8C7DAD73498}.Release|Any CPU.Build.0 = Release|Any CPU
		{C0B1C148-2B54-4F40-A6DF-12BD24DA2886}.Debug|Any CPU.ActiveCfg = Debug|Any CPU
		{C0B1C148-2B54-4F40-A6DF-12BD24DA2886}.Debug|Any CPU.Build.0 = Debug|Any CPU
		{C0B1C148-2B54-4F40-A6DF-12BD24DA2886}.Release|Any CPU.ActiveCfg = Release|Any CPU
		{C0B1C148-2B54-4F40-A6DF-12BD24DA2886}.Release|Any CPU.Build.0 = Release|Any CPU
		{580A549E-F09B-432B-853D-8FD75F1DCF43}.Debug|Any CPU.ActiveCfg = Debug|Any CPU
		{580A549E-F09B-432B-853D-8FD75F1DCF43}.Debug|Any CPU.Build.0 = Debug|Any CPU
		{580A549E-F09B-432B-853D-8FD75F1DCF43}.Release|Any CPU.ActiveCfg = Release|Any CPU
		{580A549E-F09B-432B-853D-8FD75F1DCF43}.Release|Any CPU.Build.0 = Release|Any CPU
		{F333FC8D-0867-4F96-9841-FDA63A95427E}.Debug|Any CPU.ActiveCfg = Debug|Any CPU
		{F333FC8D-0867-4F96-9841-FDA63A95427E}.Debug|Any CPU.Build.0 = Debug|Any CPU
		{F333FC8D-0867-4F96-9841-FDA63A95427E}.Release|Any CPU.ActiveCfg = Release|Any CPU
		{F333FC8D-0867-4F96-9841-FDA63A95427E}.Release|Any CPU.Build.0 = Release|Any CPU
		{94C66BAC-B283-46D2-9F66-1553BED5A4D0}.Debug|Any CPU.ActiveCfg = Debug|Any CPU
		{94C66BAC-B283-46D2-9F66-1553BED5A4D0}.Debug|Any CPU.Build.0 = Debug|Any CPU
		{94C66BAC-B283-46D2-9F66-1553BED5A4D0}.Release|Any CPU.ActiveCfg = Release|Any CPU
		{94C66BAC-B283-46D2-9F66-1553BED5A4D0}.Release|Any CPU.Build.0 = Release|Any CPU
		{60A11E3C-7588-44B2-998C-44CC9B93CB4B}.Debug|Any CPU.ActiveCfg = Debug|Any CPU
		{60A11E3C-7588-44B2-998C-44CC9B93CB4B}.Debug|Any CPU.Build.0 = Debug|Any CPU
		{60A11E3C-7588-44B2-998C-44CC9B93CB4B}.Release|Any CPU.ActiveCfg = Release|Any CPU
		{60A11E3C-7588-44B2-998C-44CC9B93CB4B}.Release|Any CPU.Build.0 = Release|Any CPU
		{6C8FAD75-8B6F-459C-8039-D8064BF6375B}.Debug|Any CPU.ActiveCfg = Debug|Any CPU
		{6C8FAD75-8B6F-459C-8039-D8064BF6375B}.Debug|Any CPU.Build.0 = Debug|Any CPU
		{6C8FAD75-8B6F-459C-8039-D8064BF6375B}.Release|Any CPU.ActiveCfg = Release|Any CPU
		{6C8FAD75-8B6F-459C-8039-D8064BF6375B}.Release|Any CPU.Build.0 = Release|Any CPU
		{BD5031B8-17A3-46FF-B0AD-91E23D039419}.Debug|Any CPU.ActiveCfg = Debug|Any CPU
		{BD5031B8-17A3-46FF-B0AD-91E23D039419}.Debug|Any CPU.Build.0 = Debug|Any CPU
		{BD5031B8-17A3-46FF-B0AD-91E23D039419}.Release|Any CPU.ActiveCfg = Release|Any CPU
		{BD5031B8-17A3-46FF-B0AD-91E23D039419}.Release|Any CPU.Build.0 = Release|Any CPU
		{EBB08AB0-A622-4392-84C4-787DA0BF7AFD}.Debug|Any CPU.ActiveCfg = Debug|Any CPU
		{EBB08AB0-A622-4392-84C4-787DA0BF7AFD}.Debug|Any CPU.Build.0 = Debug|Any CPU
		{EBB08AB0-A622-4392-84C4-787DA0BF7AFD}.Release|Any CPU.ActiveCfg = Release|Any CPU
		{EBB08AB0-A622-4392-84C4-787DA0BF7AFD}.Release|Any CPU.Build.0 = Release|Any CPU
		{A9A70545-3714-4303-B743-0C7139F8DA87}.Debug|Any CPU.ActiveCfg = Debug|Any CPU
		{A9A70545-3714-4303-B743-0C7139F8DA87}.Debug|Any CPU.Build.0 = Debug|Any CPU
		{A9A70545-3714-4303-B743-0C7139F8DA87}.Release|Any CPU.ActiveCfg = Release|Any CPU
		{A9A70545-3714-4303-B743-0C7139F8DA87}.Release|Any CPU.Build.0 = Release|Any CPU
		{EDA29D83-7B9D-4DAE-8508-E2E269F10A39}.Debug|Any CPU.ActiveCfg = Debug|Any CPU
		{EDA29D83-7B9D-4DAE-8508-E2E269F10A39}.Debug|Any CPU.Build.0 = Debug|Any CPU
		{EDA29D83-7B9D-4DAE-8508-E2E269F10A39}.Release|Any CPU.ActiveCfg = Release|Any CPU
		{EDA29D83-7B9D-4DAE-8508-E2E269F10A39}.Release|Any CPU.Build.0 = Release|Any CPU
		{B36467CF-24D1-457C-8EED-0A463D128FF2}.Debug|Any CPU.ActiveCfg = Debug|Any CPU
		{B36467CF-24D1-457C-8EED-0A463D128FF2}.Debug|Any CPU.Build.0 = Debug|Any CPU
		{B36467CF-24D1-457C-8EED-0A463D128FF2}.Release|Any CPU.ActiveCfg = Release|Any CPU
		{B36467CF-24D1-457C-8EED-0A463D128FF2}.Release|Any CPU.Build.0 = Release|Any CPU
		{8276458F-BFA6-41B2-BDBA-37E01AC83BB6}.Debug|Any CPU.ActiveCfg = Debug|Any CPU
		{8276458F-BFA6-41B2-BDBA-37E01AC83BB6}.Debug|Any CPU.Build.0 = Debug|Any CPU
		{8276458F-BFA6-41B2-BDBA-37E01AC83BB6}.Release|Any CPU.ActiveCfg = Release|Any CPU
		{8276458F-BFA6-41B2-BDBA-37E01AC83BB6}.Release|Any CPU.Build.0 = Release|Any CPU
		{90F99B55-6C7D-466F-9B9F-DD1FE2EBA345}.Debug|Any CPU.ActiveCfg = Debug|Any CPU
		{90F99B55-6C7D-466F-9B9F-DD1FE2EBA345}.Debug|Any CPU.Build.0 = Debug|Any CPU
		{90F99B55-6C7D-466F-9B9F-DD1FE2EBA345}.Release|Any CPU.ActiveCfg = Release|Any CPU
		{90F99B55-6C7D-466F-9B9F-DD1FE2EBA345}.Release|Any CPU.Build.0 = Release|Any CPU
		{F953BABA-A0B8-4DF4-8FF3-A91159FBF259}.Debug|Any CPU.ActiveCfg = Debug|Any CPU
		{F953BABA-A0B8-4DF4-8FF3-A91159FBF259}.Debug|Any CPU.Build.0 = Debug|Any CPU
		{F953BABA-A0B8-4DF4-8FF3-A91159FBF259}.Release|Any CPU.ActiveCfg = Release|Any CPU
		{F953BABA-A0B8-4DF4-8FF3-A91159FBF259}.Release|Any CPU.Build.0 = Release|Any CPU
		{E956EC87-92A3-4AB5-9ABB-FCE9C77FF3B4}.Debug|Any CPU.ActiveCfg = Debug|Any CPU
		{E956EC87-92A3-4AB5-9ABB-FCE9C77FF3B4}.Debug|Any CPU.Build.0 = Debug|Any CPU
		{E956EC87-92A3-4AB5-9ABB-FCE9C77FF3B4}.Release|Any CPU.ActiveCfg = Release|Any CPU
		{E956EC87-92A3-4AB5-9ABB-FCE9C77FF3B4}.Release|Any CPU.Build.0 = Release|Any CPU
		{6D6BDC89-349E-40F0-B838-6CB60928B119}.Debug|Any CPU.ActiveCfg = Debug|Any CPU
		{6D6BDC89-349E-40F0-B838-6CB60928B119}.Debug|Any CPU.Build.0 = Debug|Any CPU
		{6D6BDC89-349E-40F0-B838-6CB60928B119}.Release|Any CPU.ActiveCfg = Release|Any CPU
		{6D6BDC89-349E-40F0-B838-6CB60928B119}.Release|Any CPU.Build.0 = Release|Any CPU
		{CD3575A1-D0AC-43FB-8101-4A7578D257F7}.Debug|Any CPU.ActiveCfg = Debug|Any CPU
		{CD3575A1-D0AC-43FB-8101-4A7578D257F7}.Debug|Any CPU.Build.0 = Debug|Any CPU
		{CD3575A1-D0AC-43FB-8101-4A7578D257F7}.Release|Any CPU.ActiveCfg = Release|Any CPU
		{CD3575A1-D0AC-43FB-8101-4A7578D257F7}.Release|Any CPU.Build.0 = Release|Any CPU
		{953CCA43-BF31-4493-A3CF-65C1FCE6D181}.Debug|Any CPU.ActiveCfg = Debug|Any CPU
		{953CCA43-BF31-4493-A3CF-65C1FCE6D181}.Debug|Any CPU.Build.0 = Debug|Any CPU
		{953CCA43-BF31-4493-A3CF-65C1FCE6D181}.Release|Any CPU.ActiveCfg = Release|Any CPU
		{953CCA43-BF31-4493-A3CF-65C1FCE6D181}.Release|Any CPU.Build.0 = Release|Any CPU
		{14F8BF17-068F-4D6E-A5A0-62B24B48EDED}.Debug|Any CPU.ActiveCfg = Debug|Any CPU
		{14F8BF17-068F-4D6E-A5A0-62B24B48EDED}.Debug|Any CPU.Build.0 = Debug|Any CPU
		{14F8BF17-068F-4D6E-A5A0-62B24B48EDED}.Release|Any CPU.ActiveCfg = Release|Any CPU
		{14F8BF17-068F-4D6E-A5A0-62B24B48EDED}.Release|Any CPU.Build.0 = Release|Any CPU
		{E9BA1AF2-B747-495E-99C2-94D37E901FA3}.Debug|Any CPU.ActiveCfg = Debug|Any CPU
		{E9BA1AF2-B747-495E-99C2-94D37E901FA3}.Debug|Any CPU.Build.0 = Debug|Any CPU
		{E9BA1AF2-B747-495E-99C2-94D37E901FA3}.Release|Any CPU.ActiveCfg = Release|Any CPU
		{E9BA1AF2-B747-495E-99C2-94D37E901FA3}.Release|Any CPU.Build.0 = Release|Any CPU
		{FBFBC5DE-393D-4E09-9323-FABE47D8D3F8}.Debug|Any CPU.ActiveCfg = Debug|Any CPU
		{FBFBC5DE-393D-4E09-9323-FABE47D8D3F8}.Debug|Any CPU.Build.0 = Debug|Any CPU
		{FBFBC5DE-393D-4E09-9323-FABE47D8D3F8}.Release|Any CPU.ActiveCfg = Release|Any CPU
		{FBFBC5DE-393D-4E09-9323-FABE47D8D3F8}.Release|Any CPU.Build.0 = Release|Any CPU
		{8830095B-6C7D-4EA7-9BD4-9ACDC1CDBB17}.Debug|Any CPU.ActiveCfg = Debug|Any CPU
		{8830095B-6C7D-4EA7-9BD4-9ACDC1CDBB17}.Debug|Any CPU.Build.0 = Debug|Any CPU
		{8830095B-6C7D-4EA7-9BD4-9ACDC1CDBB17}.Release|Any CPU.ActiveCfg = Release|Any CPU
		{8830095B-6C7D-4EA7-9BD4-9ACDC1CDBB17}.Release|Any CPU.Build.0 = Release|Any CPU
		{605CB00D-6B3A-4B42-A486-11B732DE2B8D}.Debug|Any CPU.ActiveCfg = Debug|Any CPU
		{605CB00D-6B3A-4B42-A486-11B732DE2B8D}.Debug|Any CPU.Build.0 = Debug|Any CPU
		{605CB00D-6B3A-4B42-A486-11B732DE2B8D}.Release|Any CPU.ActiveCfg = Release|Any CPU
		{605CB00D-6B3A-4B42-A486-11B732DE2B8D}.Release|Any CPU.Build.0 = Release|Any CPU
		{07628465-12B8-421A-80C2-20A267DAD495}.Debug|Any CPU.ActiveCfg = Debug|Any CPU
		{07628465-12B8-421A-80C2-20A267DAD495}.Debug|Any CPU.Build.0 = Debug|Any CPU
		{07628465-12B8-421A-80C2-20A267DAD495}.Release|Any CPU.ActiveCfg = Release|Any CPU
		{07628465-12B8-421A-80C2-20A267DAD495}.Release|Any CPU.Build.0 = Release|Any CPU
		{B33B9F93-FB9B-42D4-9654-66AC449389D4}.Debug|Any CPU.ActiveCfg = Debug|Any CPU
		{B33B9F93-FB9B-42D4-9654-66AC449389D4}.Debug|Any CPU.Build.0 = Debug|Any CPU
		{B33B9F93-FB9B-42D4-9654-66AC449389D4}.Release|Any CPU.ActiveCfg = Release|Any CPU
		{B33B9F93-FB9B-42D4-9654-66AC449389D4}.Release|Any CPU.Build.0 = Release|Any CPU
		{0C161D4A-80F8-466B-A1BC-8E897652ECB2}.Debug|Any CPU.ActiveCfg = Debug|Any CPU
		{0C161D4A-80F8-466B-A1BC-8E897652ECB2}.Debug|Any CPU.Build.0 = Debug|Any CPU
		{0C161D4A-80F8-466B-A1BC-8E897652ECB2}.Release|Any CPU.ActiveCfg = Release|Any CPU
		{0C161D4A-80F8-466B-A1BC-8E897652ECB2}.Release|Any CPU.Build.0 = Release|Any CPU
		{B5DD2C0D-FA18-4A6A-BCD5-72907B6DDA56}.Debug|Any CPU.ActiveCfg = Debug|Any CPU
		{B5DD2C0D-FA18-4A6A-BCD5-72907B6DDA56}.Debug|Any CPU.Build.0 = Debug|Any CPU
		{B5DD2C0D-FA18-4A6A-BCD5-72907B6DDA56}.Release|Any CPU.ActiveCfg = Release|Any CPU
		{B5DD2C0D-FA18-4A6A-BCD5-72907B6DDA56}.Release|Any CPU.Build.0 = Release|Any CPU
		{039CDB9C-095A-4146-9E80-9C61AA418743}.Debug|Any CPU.ActiveCfg = Debug|Any CPU
		{039CDB9C-095A-4146-9E80-9C61AA418743}.Debug|Any CPU.Build.0 = Debug|Any CPU
		{039CDB9C-095A-4146-9E80-9C61AA418743}.Release|Any CPU.ActiveCfg = Release|Any CPU
		{039CDB9C-095A-4146-9E80-9C61AA418743}.Release|Any CPU.Build.0 = Release|Any CPU
		{6384C28C-4EE4-4251-8921-6CEDD96A763F}.Debug|Any CPU.ActiveCfg = Debug|Any CPU
		{6384C28C-4EE4-4251-8921-6CEDD96A763F}.Debug|Any CPU.Build.0 = Debug|Any CPU
		{6384C28C-4EE4-4251-8921-6CEDD96A763F}.Release|Any CPU.ActiveCfg = Release|Any CPU
		{6384C28C-4EE4-4251-8921-6CEDD96A763F}.Release|Any CPU.Build.0 = Release|Any CPU
		{7AECA4A9-C51D-4C62-8501-C60094CCD724}.Debug|Any CPU.ActiveCfg = Debug|Any CPU
		{7AECA4A9-C51D-4C62-8501-C60094CCD724}.Debug|Any CPU.Build.0 = Debug|Any CPU
		{7AECA4A9-C51D-4C62-8501-C60094CCD724}.Release|Any CPU.ActiveCfg = Release|Any CPU
		{7AECA4A9-C51D-4C62-8501-C60094CCD724}.Release|Any CPU.Build.0 = Release|Any CPU
		{B86CA8E8-F49F-4E70-A2EA-23073C5ED0BB}.Debug|Any CPU.ActiveCfg = Debug|Any CPU
		{B86CA8E8-F49F-4E70-A2EA-23073C5ED0BB}.Debug|Any CPU.Build.0 = Debug|Any CPU
		{B86CA8E8-F49F-4E70-A2EA-23073C5ED0BB}.Release|Any CPU.ActiveCfg = Release|Any CPU
		{B86CA8E8-F49F-4E70-A2EA-23073C5ED0BB}.Release|Any CPU.Build.0 = Release|Any CPU
		{7D78FACA-2AA1-4B51-8C5D-BF646C0B4663}.Debug|Any CPU.ActiveCfg = Debug|Any CPU
		{7D78FACA-2AA1-4B51-8C5D-BF646C0B4663}.Debug|Any CPU.Build.0 = Debug|Any CPU
		{7D78FACA-2AA1-4B51-8C5D-BF646C0B4663}.Release|Any CPU.ActiveCfg = Release|Any CPU
		{7D78FACA-2AA1-4B51-8C5D-BF646C0B4663}.Release|Any CPU.Build.0 = Release|Any CPU
		{23772B40-BC60-4ABA-B42A-45D42796F4F0}.Debug|Any CPU.ActiveCfg = Debug|Any CPU
		{23772B40-BC60-4ABA-B42A-45D42796F4F0}.Debug|Any CPU.Build.0 = Debug|Any CPU
		{23772B40-BC60-4ABA-B42A-45D42796F4F0}.Release|Any CPU.ActiveCfg = Release|Any CPU
		{23772B40-BC60-4ABA-B42A-45D42796F4F0}.Release|Any CPU.Build.0 = Release|Any CPU
		{91E50B40-0D01-4FBC-B460-B8437D715512}.Debug|Any CPU.ActiveCfg = Debug|Any CPU
		{91E50B40-0D01-4FBC-B460-B8437D715512}.Debug|Any CPU.Build.0 = Debug|Any CPU
		{91E50B40-0D01-4FBC-B460-B8437D715512}.Release|Any CPU.ActiveCfg = Release|Any CPU
		{91E50B40-0D01-4FBC-B460-B8437D715512}.Release|Any CPU.Build.0 = Release|Any CPU
		{F5B92A58-5AFE-48B6-8837-1A6268409BF2}.Debug|Any CPU.ActiveCfg = Debug|Any CPU
		{F5B92A58-5AFE-48B6-8837-1A6268409BF2}.Debug|Any CPU.Build.0 = Debug|Any CPU
		{F5B92A58-5AFE-48B6-8837-1A6268409BF2}.Release|Any CPU.ActiveCfg = Release|Any CPU
		{F5B92A58-5AFE-48B6-8837-1A6268409BF2}.Release|Any CPU.Build.0 = Release|Any CPU
		{EFBC9001-C3D6-4D8E-9F47-7A8CC660E46F}.Debug|Any CPU.ActiveCfg = Debug|Any CPU
		{EFBC9001-C3D6-4D8E-9F47-7A8CC660E46F}.Debug|Any CPU.Build.0 = Debug|Any CPU
		{EFBC9001-C3D6-4D8E-9F47-7A8CC660E46F}.Release|Any CPU.ActiveCfg = Release|Any CPU
		{EFBC9001-C3D6-4D8E-9F47-7A8CC660E46F}.Release|Any CPU.Build.0 = Release|Any CPU
	EndGlobalSection
	GlobalSection(SolutionProperties) = preSolution
		HideSolutionNode = FALSE
	EndGlobalSection
	GlobalSection(NestedProjects) = preSolution
		{64DA8D00-A399-4BB5-91EA-A91BFB736EA8} = {7E1536EA-0743-4300-8D48-6FBFFFE59B45}
		{13C0CAF8-3FDD-4A28-930C-3546CD3ECB56} = {7E1536EA-0743-4300-8D48-6FBFFFE59B45}
		{2889754A-A9EF-4DD6-BAD2-949C3AE4C726} = {7E1536EA-0743-4300-8D48-6FBFFFE59B45}
		{CB51EB44-6EF2-4BAC-B9E6-255C7662D941} = {E59F328A-4D71-45B4-B5FA-35C79E117C8B}
		{7E1536EA-0743-4300-8D48-6FBFFFE59B45} = {BB5E33B1-0CD3-4402-873B-B700E21DF57B}
		{E59F328A-4D71-45B4-B5FA-35C79E117C8B} = {BB5E33B1-0CD3-4402-873B-B700E21DF57B}
		{76990E79-D87A-40A1-BFE9-2D9CB4C30D75} = {E59F328A-4D71-45B4-B5FA-35C79E117C8B}
		{C67BAA63-4FE2-4129-B34D-5FC05502381A} = {76990E79-D87A-40A1-BFE9-2D9CB4C30D75}
		{35FBF4CE-1A49-4E16-BE09-5CB0A84E97CD} = {76990E79-D87A-40A1-BFE9-2D9CB4C30D75}
		{50EAD710-D267-4424-993D-5124C859184F} = {76990E79-D87A-40A1-BFE9-2D9CB4C30D75}
		{E3EA84C1-2AB9-40BE-A5C5-B5DAD0A1CA5B} = {76990E79-D87A-40A1-BFE9-2D9CB4C30D75}
		{68E64A25-52AB-4130-B928-69A500DF7F35} = {76990E79-D87A-40A1-BFE9-2D9CB4C30D75}
		{E12B8812-54EF-43F8-84B6-00827E5B89D2} = {76990E79-D87A-40A1-BFE9-2D9CB4C30D75}
		{90DD104B-5884-4E71-A247-40B464D6229C} = {76990E79-D87A-40A1-BFE9-2D9CB4C30D75}
		{0F429704-40A4-4012-8BF4-A7EE29004E6A} = {76990E79-D87A-40A1-BFE9-2D9CB4C30D75}
		{9AA83176-7C9D-4804-8D18-00B9FDAF7BE6} = {76990E79-D87A-40A1-BFE9-2D9CB4C30D75}
		{86B15DD7-0CC1-414D-AF9D-BF029E1A424D} = {76990E79-D87A-40A1-BFE9-2D9CB4C30D75}
		{F9C9B4CA-233D-41F5-8362-F89E84F84283} = {76990E79-D87A-40A1-BFE9-2D9CB4C30D75}
		{9CF03205-DEB6-46BE-A598-666051AB2590} = {76990E79-D87A-40A1-BFE9-2D9CB4C30D75}
		{E72E1089-98EC-48A5-B7A9-CC7987C87F6E} = {76990E79-D87A-40A1-BFE9-2D9CB4C30D75}
		{44F2A1CC-AF6C-4755-8967-993B92416419} = {76990E79-D87A-40A1-BFE9-2D9CB4C30D75}
		{1CF5301D-1A87-492A-A033-F675B4A2B951} = {76990E79-D87A-40A1-BFE9-2D9CB4C30D75}
		{9AE08EEE-6CD8-4941-9002-A0D8A033546F} = {76990E79-D87A-40A1-BFE9-2D9CB4C30D75}
		{5F0BB555-1CEA-466B-9A51-4BA099D9EBBF} = {76990E79-D87A-40A1-BFE9-2D9CB4C30D75}
		{1988D8C0-EF93-46DC-B035-11FE875C8E88} = {76990E79-D87A-40A1-BFE9-2D9CB4C30D75}
		{E7443B1A-349F-4B33-A338-6B5C4F38A1F4} = {76990E79-D87A-40A1-BFE9-2D9CB4C30D75}
		{EA4E5F1D-E4C5-4651-A700-97F315D40801} = {76990E79-D87A-40A1-BFE9-2D9CB4C30D75}
		{2A3CA5A9-56A6-4DF0-8C79-22EF166978CD} = {76990E79-D87A-40A1-BFE9-2D9CB4C30D75}
		{EAE863C9-63B7-4179-B45A-324E7698916B} = {E59F328A-4D71-45B4-B5FA-35C79E117C8B}
		{ECB03157-9CBD-4CCB-A138-AF1360BB6874} = {EAE863C9-63B7-4179-B45A-324E7698916B}
		{63420497-DB0B-40BE-8AFC-0156C0D892F6} = {EAE863C9-63B7-4179-B45A-324E7698916B}
		{0AC33A06-E6DC-46A4-BE87-80C152A83608} = {EAE863C9-63B7-4179-B45A-324E7698916B}
		{26576F23-2A30-422F-9426-3BDF46511374} = {EAE863C9-63B7-4179-B45A-324E7698916B}
		{72298EA9-C2BA-433B-B043-F8C7DAD73498} = {EAE863C9-63B7-4179-B45A-324E7698916B}
		{9136D982-389A-476B-A0C1-0E456DB980CE} = {E59F328A-4D71-45B4-B5FA-35C79E117C8B}
		{C0B1C148-2B54-4F40-A6DF-12BD24DA2886} = {9136D982-389A-476B-A0C1-0E456DB980CE}
		{580A549E-F09B-432B-853D-8FD75F1DCF43} = {9136D982-389A-476B-A0C1-0E456DB980CE}
		{F333FC8D-0867-4F96-9841-FDA63A95427E} = {9136D982-389A-476B-A0C1-0E456DB980CE}
		{94C66BAC-B283-46D2-9F66-1553BED5A4D0} = {9136D982-389A-476B-A0C1-0E456DB980CE}
		{60A11E3C-7588-44B2-998C-44CC9B93CB4B} = {9136D982-389A-476B-A0C1-0E456DB980CE}
		{6C8FAD75-8B6F-459C-8039-D8064BF6375B} = {9136D982-389A-476B-A0C1-0E456DB980CE}
		{BD5031B8-17A3-46FF-B0AD-91E23D039419} = {9136D982-389A-476B-A0C1-0E456DB980CE}
		{EBB08AB0-A622-4392-84C4-787DA0BF7AFD} = {9136D982-389A-476B-A0C1-0E456DB980CE}
		{A9A70545-3714-4303-B743-0C7139F8DA87} = {9136D982-389A-476B-A0C1-0E456DB980CE}
		{EDA29D83-7B9D-4DAE-8508-E2E269F10A39} = {9136D982-389A-476B-A0C1-0E456DB980CE}
		{7B1D076C-45D4-4099-986E-FFA41AF57838} = {E59F328A-4D71-45B4-B5FA-35C79E117C8B}
		{B36467CF-24D1-457C-8EED-0A463D128FF2} = {7B1D076C-45D4-4099-986E-FFA41AF57838}
		{8276458F-BFA6-41B2-BDBA-37E01AC83BB6} = {7B1D076C-45D4-4099-986E-FFA41AF57838}
		{90F99B55-6C7D-466F-9B9F-DD1FE2EBA345} = {7B1D076C-45D4-4099-986E-FFA41AF57838}
		{F953BABA-A0B8-4DF4-8FF3-A91159FBF259} = {7B1D076C-45D4-4099-986E-FFA41AF57838}
		{E956EC87-92A3-4AB5-9ABB-FCE9C77FF3B4} = {7B1D076C-45D4-4099-986E-FFA41AF57838}
		{6D6BDC89-349E-40F0-B838-6CB60928B119} = {7B1D076C-45D4-4099-986E-FFA41AF57838}
		{CD3575A1-D0AC-43FB-8101-4A7578D257F7} = {7B1D076C-45D4-4099-986E-FFA41AF57838}
		{953CCA43-BF31-4493-A3CF-65C1FCE6D181} = {7B1D076C-45D4-4099-986E-FFA41AF57838}
		{14F8BF17-068F-4D6E-A5A0-62B24B48EDED} = {7B1D076C-45D4-4099-986E-FFA41AF57838}
		{E9BA1AF2-B747-495E-99C2-94D37E901FA3} = {7B1D076C-45D4-4099-986E-FFA41AF57838}
		{FBFBC5DE-393D-4E09-9323-FABE47D8D3F8} = {7B1D076C-45D4-4099-986E-FFA41AF57838}
		{8830095B-6C7D-4EA7-9BD4-9ACDC1CDBB17} = {7B1D076C-45D4-4099-986E-FFA41AF57838}
		{605CB00D-6B3A-4B42-A486-11B732DE2B8D} = {7B1D076C-45D4-4099-986E-FFA41AF57838}
		{07628465-12B8-421A-80C2-20A267DAD495} = {7B1D076C-45D4-4099-986E-FFA41AF57838}
		{B33B9F93-FB9B-42D4-9654-66AC449389D4} = {7B1D076C-45D4-4099-986E-FFA41AF57838}
		{0C161D4A-80F8-466B-A1BC-8E897652ECB2} = {7B1D076C-45D4-4099-986E-FFA41AF57838}
		{B5DD2C0D-FA18-4A6A-BCD5-72907B6DDA56} = {7B1D076C-45D4-4099-986E-FFA41AF57838}
		{627E1C32-FE7F-4E5B-B106-B1DA0F9746DE} = {E59F328A-4D71-45B4-B5FA-35C79E117C8B}
		{039CDB9C-095A-4146-9E80-9C61AA418743} = {627E1C32-FE7F-4E5B-B106-B1DA0F9746DE}
		{6384C28C-4EE4-4251-8921-6CEDD96A763F} = {627E1C32-FE7F-4E5B-B106-B1DA0F9746DE}
		{7AECA4A9-C51D-4C62-8501-C60094CCD724} = {627E1C32-FE7F-4E5B-B106-B1DA0F9746DE}
		{B86CA8E8-F49F-4E70-A2EA-23073C5ED0BB} = {627E1C32-FE7F-4E5B-B106-B1DA0F9746DE}
		{7D78FACA-2AA1-4B51-8C5D-BF646C0B4663} = {627E1C32-FE7F-4E5B-B106-B1DA0F9746DE}
		{23772B40-BC60-4ABA-B42A-45D42796F4F0} = {627E1C32-FE7F-4E5B-B106-B1DA0F9746DE}
		{91E50B40-0D01-4FBC-B460-B8437D715512} = {627E1C32-FE7F-4E5B-B106-B1DA0F9746DE}
		{F5B92A58-5AFE-48B6-8837-1A6268409BF2} = {627E1C32-FE7F-4E5B-B106-B1DA0F9746DE}
		{2B741D0C-601A-4FF9-9F10-2603A5120FBA} = {E59F328A-4D71-45B4-B5FA-35C79E117C8B}
		{261B05AB-3036-4282-BD8A-62C6125A520C} = {E59F328A-4D71-45B4-B5FA-35C79E117C8B}
		{EFBC9001-C3D6-4D8E-9F47-7A8CC660E46F} = {2B741D0C-601A-4FF9-9F10-2603A5120FBA}
	EndGlobalSection
	GlobalSection(ExtensibilityGlobals) = postSolution
		SolutionGuid = {5AAA1E14-2D19-448A-816C-FF72E5709AB6}
	EndGlobalSection
EndGlobal
